// !$*UTF8*$!
{
	archiveVersion = 1;
	classes = {
	};
	objectVersion = 46;
	objects = {

/* Begin PBXBuildFile section */
		6527B7CA13A871DF005A912F /* GHUnitIOS.framework in Frameworks */ = {isa = PBXBuildFile; fileRef = 653D0EF813A784C100A5AB82 /* GHUnitIOS.framework */; };
		652D4E4D13CDD44400633E51 /* SIAppBackpack.h in Headers */ = {isa = PBXBuildFile; fileRef = 652D4E4B13CDD44300633E51 /* SIAppBackpack.h */; };
		652D4E4E13CDD44400633E51 /* SIAppBackpack.m in Sources */ = {isa = PBXBuildFile; fileRef = 652D4E4C13CDD44400633E51 /* SIAppBackpack.m */; };
		653D0E8E13A782AD00A5AB82 /* Foundation.framework in Frameworks */ = {isa = PBXBuildFile; fileRef = 653D0E8D13A782AD00A5AB82 /* Foundation.framework */; };
		653D0E9E13A783A500A5AB82 /* UIKit.framework in Frameworks */ = {isa = PBXBuildFile; fileRef = 653D0E9D13A783A500A5AB82 /* UIKit.framework */; };
		653D0E9F13A783A500A5AB82 /* Foundation.framework in Frameworks */ = {isa = PBXBuildFile; fileRef = 653D0E8D13A782AD00A5AB82 /* Foundation.framework */; };
		653D0EA113A783A500A5AB82 /* CoreGraphics.framework in Frameworks */ = {isa = PBXBuildFile; fileRef = 653D0EA013A783A500A5AB82 /* CoreGraphics.framework */; };
		653D0EC413A783C000A5AB82 /* SIStep.h in Headers */ = {isa = PBXBuildFile; fileRef = 653D0EB513A783C000A5AB82 /* SIStep.h */; };
		653D0EC513A783C000A5AB82 /* SIStep.m in Sources */ = {isa = PBXBuildFile; fileRef = 653D0EB613A783C000A5AB82 /* SIStep.m */; };
		653D0EC713A783C000A5AB82 /* SIStory.h in Headers */ = {isa = PBXBuildFile; fileRef = 653D0EB713A783C000A5AB82 /* SIStory.h */; settings = {ATTRIBUTES = (Public, ); }; };
		653D0EC813A783C000A5AB82 /* SIStory.m in Sources */ = {isa = PBXBuildFile; fileRef = 653D0EB813A783C000A5AB82 /* SIStory.m */; };
		653D0ECE13A783C000A5AB82 /* SIStoryFileReader.h in Headers */ = {isa = PBXBuildFile; fileRef = 653D0EBC13A783C000A5AB82 /* SIStoryFileReader.h */; settings = {ATTRIBUTES = (Public, ); }; };
		653D0ECF13A783C000A5AB82 /* SIStoryFileReader.m in Sources */ = {isa = PBXBuildFile; fileRef = 653D0EBD13A783C000A5AB82 /* SIStoryFileReader.m */; };
		653D0EE413A783DC00A5AB82 /* SIStepTests.m in Sources */ = {isa = PBXBuildFile; fileRef = 653D0ED713A783DC00A5AB82 /* SIStepTests.m */; };
		653D0EE813A783DC00A5AB82 /* SIStoryFileReaderTests.m in Sources */ = {isa = PBXBuildFile; fileRef = 653D0ED913A783DC00A5AB82 /* SIStoryFileReaderTests.m */; };
		653D0EEE13A783DC00A5AB82 /* Non keyword steps.stories in Resources */ = {isa = PBXBuildFile; fileRef = 653D0EDE13A783DC00A5AB82 /* Non keyword steps.stories */; };
		653D0EEF13A783DC00A5AB82 /* Story files.stories in Resources */ = {isa = PBXBuildFile; fileRef = 653D0EDF13A783DC00A5AB82 /* Story files.stories */; };
		653D0EF113A7842500A5AB82 /* Simon-Prefix.pch in Headers */ = {isa = PBXBuildFile; fileRef = 653D0EF013A7842500A5AB82 /* Simon-Prefix.pch */; };
		653D0EFE13A7852200A5AB82 /* OCMock.framework in Frameworks */ = {isa = PBXBuildFile; fileRef = 653D0EF613A784A500A5AB82 /* OCMock.framework */; };
		6551A98113AB904A00679B94 /* SIStoryRunner.h in Headers */ = {isa = PBXBuildFile; fileRef = 6551A97F13AB904900679B94 /* SIStoryRunner.h */; settings = {ATTRIBUTES = (Public, ); }; };
		6551A98213AB904A00679B94 /* SIStoryRunner.m in Sources */ = {isa = PBXBuildFile; fileRef = 6551A98013AB904A00679B94 /* SIStoryRunner.m */; };
		6551A98713AB931F00679B94 /* SIStoryRunnerTests.m in Sources */ = {isa = PBXBuildFile; fileRef = 6551A98613AB931F00679B94 /* SIStoryRunnerTests.m */; };
		6551A98A13AC8A5300679B94 /* NSString+Simon.h in Headers */ = {isa = PBXBuildFile; fileRef = 6551A98813AC8A5200679B94 /* NSString+Simon.h */; };
		6551A98B13AC8A5300679B94 /* NSString+Simon.m in Sources */ = {isa = PBXBuildFile; fileRef = 6551A98913AC8A5200679B94 /* NSString+Simon.m */; };
		6551A99113AC8B8900679B94 /* NSString+UtilsTests.m in Sources */ = {isa = PBXBuildFile; fileRef = 6551A98E13AC8B8900679B94 /* NSString+UtilsTests.m */; };
		6551A99313ACDEBE00679B94 /* SISimon.h in Headers */ = {isa = PBXBuildFile; fileRef = 6551A99213ACDEBE00679B94 /* SISimon.h */; settings = {ATTRIBUTES = (Public, ); }; };
		659E625C13D9BE9600ACD34C /* UIKit.framework in Frameworks */ = {isa = PBXBuildFile; fileRef = 653D0E9D13A783A500A5AB82 /* UIKit.framework */; };
		659E625D13D9BE9600ACD34C /* Foundation.framework in Frameworks */ = {isa = PBXBuildFile; fileRef = 653D0E8D13A782AD00A5AB82 /* Foundation.framework */; };
		659E625E13D9BE9600ACD34C /* CoreGraphics.framework in Frameworks */ = {isa = PBXBuildFile; fileRef = 653D0EA013A783A500A5AB82 /* CoreGraphics.framework */; };
		659E626413D9BE9600ACD34C /* InfoPlist.strings in Resources */ = {isa = PBXBuildFile; fileRef = 659E626213D9BE9600ACD34C /* InfoPlist.strings */; };
		659E626613D9BE9600ACD34C /* main.m in Sources */ = {isa = PBXBuildFile; fileRef = 659E626513D9BE9600ACD34C /* main.m */; };
		659E626A13D9BE9600ACD34C /* TestApp2AppDelegate.m in Sources */ = {isa = PBXBuildFile; fileRef = 659E626913D9BE9600ACD34C /* TestApp2AppDelegate.m */; };
		659E626D13D9BE9600ACD34C /* FirstViewController.m in Sources */ = {isa = PBXBuildFile; fileRef = 659E626C13D9BE9600ACD34C /* FirstViewController.m */; };
		659E626F13D9BE9600ACD34C /* first.png in Resources */ = {isa = PBXBuildFile; fileRef = 659E626E13D9BE9600ACD34C /* first.png */; };
		659E627113D9BE9600ACD34C /* first@2x.png in Resources */ = {isa = PBXBuildFile; fileRef = 659E627013D9BE9600ACD34C /* first@2x.png */; };
		659E627413D9BE9600ACD34C /* SecondViewController.m in Sources */ = {isa = PBXBuildFile; fileRef = 659E627313D9BE9600ACD34C /* SecondViewController.m */; };
		659E627613D9BE9600ACD34C /* second.png in Resources */ = {isa = PBXBuildFile; fileRef = 659E627513D9BE9600ACD34C /* second.png */; };
		659E627813D9BE9600ACD34C /* second@2x.png in Resources */ = {isa = PBXBuildFile; fileRef = 659E627713D9BE9600ACD34C /* second@2x.png */; };
		659E627B13D9BE9600ACD34C /* FirstViewController.xib in Resources */ = {isa = PBXBuildFile; fileRef = 659E627913D9BE9600ACD34C /* FirstViewController.xib */; };
		659E627E13D9BE9600ACD34C /* SecondViewController.xib in Resources */ = {isa = PBXBuildFile; fileRef = 659E627C13D9BE9600ACD34C /* SecondViewController.xib */; };
		659E628513D9BEB000ACD34C /* libSimon.a in Frameworks */ = {isa = PBXBuildFile; fileRef = 653D0E8A13A782AD00A5AB82 /* libSimon.a */; };
		659E628613D9BF0E00ACD34C /* dUsefulStuff.framework in Frameworks */ = {isa = PBXBuildFile; fileRef = 65D09A6313D99C5900D1A74B /* dUsefulStuff.framework */; };
		659E628A13D9C08700ACD34C /* First.stories in Resources */ = {isa = PBXBuildFile; fileRef = 659E628913D9C08700ACD34C /* First.stories */; };
		659E628D13D9C0D000ACD34C /* StoryImplementations.m in Sources */ = {isa = PBXBuildFile; fileRef = 659E628C13D9C0D000ACD34C /* StoryImplementations.m */; };
		659E629113D9C3E200ACD34C /* UIView+Simon.h in Headers */ = {isa = PBXBuildFile; fileRef = 659E628F13D9C3E200ACD34C /* UIView+Simon.h */; };
		659E629213D9C3E200ACD34C /* UIView+Simon.m in Sources */ = {isa = PBXBuildFile; fileRef = 659E629013D9C3E200ACD34C /* UIView+Simon.m */; };
		659E629D13DAFC4000ACD34C /* SIUIUtils.h in Headers */ = {isa = PBXBuildFile; fileRef = 659E629B13DAFC4000ACD34C /* SIUIUtils.h */; settings = {ATTRIBUTES = (Public, ); }; };
		659E629E13DAFC4000ACD34C /* SIUIUtils.m in Sources */ = {isa = PBXBuildFile; fileRef = 659E629C13DAFC4000ACD34C /* SIUIUtils.m */; };
		659E629F13DAFEF500ACD34C /* UIKit.framework in Frameworks */ = {isa = PBXBuildFile; fileRef = 653D0E9D13A783A500A5AB82 /* UIKit.framework */; };
		659E62A513DB028900ACD34C /* SIUIUtilsTests.m in Sources */ = {isa = PBXBuildFile; fileRef = 659E62A213DB027E00ACD34C /* SIUIUtilsTests.m */; };
		65A85A6413A86C6600599E31 /* GHUnitIOSTestMain.m in Sources */ = {isa = PBXBuildFile; fileRef = 65A85A6313A86C6600599E31 /* GHUnitIOSTestMain.m */; };
		65B647CE13B8B11E0083C114 /* SIStoryTests.m in Sources */ = {isa = PBXBuildFile; fileRef = 65B647CA13B8AE5E0083C114 /* SIStoryTests.m */; };
		65D03BD713BA096700A3F0FA /* SIStoryReporter.h in Headers */ = {isa = PBXBuildFile; fileRef = 65D03BD613BA096700A3F0FA /* SIStoryReporter.h */; settings = {ATTRIBUTES = (Public, ); }; };
		65D03BDA13BA099700A3F0FA /* SIStoryLogReporter.h in Headers */ = {isa = PBXBuildFile; fileRef = 65D03BD813BA099700A3F0FA /* SIStoryLogReporter.h */; };
		65D03BDB13BA099700A3F0FA /* SIStoryLogReporter.m in Sources */ = {isa = PBXBuildFile; fileRef = 65D03BD913BA099700A3F0FA /* SIStoryLogReporter.m */; };
		65D03BDE13BB3DE300A3F0FA /* Out of order steps1.stories in Resources */ = {isa = PBXBuildFile; fileRef = 65D03BDD13BB3DE300A3F0FA /* Out of order steps1.stories */; };
		65D03BE013BB3E1200A3F0FA /* Out of order steps2.stories in Resources */ = {isa = PBXBuildFile; fileRef = 65D03BDF13BB3E1200A3F0FA /* Out of order steps2.stories */; };
		65D03BE213BB3EFE00A3F0FA /* Out of order steps3.stories in Resources */ = {isa = PBXBuildFile; fileRef = 65D03BE113BB3EFD00A3F0FA /* Out of order steps3.stories */; };
		65D03BE413BB4BFE00A3F0FA /* Non word steps.stories in Resources */ = {isa = PBXBuildFile; fileRef = 65D03BE313BB4BF700A3F0FA /* Non word steps.stories */; };
		65D03BE613BCB8CE00A3F0FA /* Communication.stories in Resources */ = {isa = PBXBuildFile; fileRef = 65D03BE513BCB8CE00A3F0FA /* Communication.stories */; };
		65D03BE913BCB95000A3F0FA /* CommsASteps.m in Sources */ = {isa = PBXBuildFile; fileRef = 65D03BE813BCB94F00A3F0FA /* CommsASteps.m */; };
		65D03BEC13BCBA3100A3F0FA /* CommsBSteps.m in Sources */ = {isa = PBXBuildFile; fileRef = 65D03BEB13BCBA3100A3F0FA /* CommsBSteps.m */; };
		65D03BEE13BDEBE000A3F0FA /* SIMacros.h in Headers */ = {isa = PBXBuildFile; fileRef = 65D03BED13BDEBE000A3F0FA /* SIMacros.h */; settings = {ATTRIBUTES = (Public, ); }; };
		65D09A6413D99C5900D1A74B /* dUsefulStuff.framework in Frameworks */ = {isa = PBXBuildFile; fileRef = 65D09A6313D99C5900D1A74B /* dUsefulStuff.framework */; };
		65D09A7813D9A99D00D1A74B /* dUsefulStuff.framework in Frameworks */ = {isa = PBXBuildFile; fileRef = 65D09A6313D99C5900D1A74B /* dUsefulStuff.framework */; };
		65D09AAB13D9AE6D00D1A74B /* libSimon.a in Frameworks */ = {isa = PBXBuildFile; fileRef = 653D0E8A13A782AD00A5AB82 /* libSimon.a */; };
		65D35BC313A8BA130007A8AD /* NSObject+UtilsTests.m in Sources */ = {isa = PBXBuildFile; fileRef = 65D35BC213A8BA130007A8AD /* NSObject+UtilsTests.m */; };
		65FCD11913ADE3F700A90FCA /* SIRuntimeTests.m in Sources */ = {isa = PBXBuildFile; fileRef = 65FCD11713ADE3C200A90FCA /* SIRuntimeTests.m */; };
		65FCD11E13AE2D6A00A90FCA /* SIStepMapping.h in Headers */ = {isa = PBXBuildFile; fileRef = 65FCD11C13AE2D6900A90FCA /* SIStepMapping.h */; };
		65FCD11F13AE2D6A00A90FCA /* SIStepMapping.m in Sources */ = {isa = PBXBuildFile; fileRef = 65FCD11D13AE2D6900A90FCA /* SIStepMapping.m */; };
		65FCD12613AF622400A90FCA /* SIRuntime.h in Headers */ = {isa = PBXBuildFile; fileRef = 65FCD12413AF622300A90FCA /* SIRuntime.h */; };
		65FCD12713AF622400A90FCA /* SIRuntime.m in Sources */ = {isa = PBXBuildFile; fileRef = 65FCD12513AF622300A90FCA /* SIRuntime.m */; };
		65FCD12E13B2291400A90FCA /* Unformatted.stories in Resources */ = {isa = PBXBuildFile; fileRef = 65FCD12D13B2245D00A90FCA /* Unformatted.stories */; };
		65FCD13313B23E9100A90FCA /* SIStepMappingTests.m in Sources */ = {isa = PBXBuildFile; fileRef = 65FCD13013B23E8400A90FCA /* SIStepMappingTests.m */; };
		9406BD34140D17C500E76E86 /* SISimonTests.m in Sources */ = {isa = PBXBuildFile; fileRef = 9406BD33140D17C500E76E86 /* SISimonTests.m */; };
		942F7F66141F9197009F3550 /* SIUIViewHandler.h in Headers */ = {isa = PBXBuildFile; fileRef = 942F7F64141F9197009F3550 /* SIUIViewHandler.h */; };
		942F7F67141F9197009F3550 /* SIUIViewHandler.m in Sources */ = {isa = PBXBuildFile; fileRef = 942F7F65141F9197009F3550 /* SIUIViewHandler.m */; };
		94327D7213E44F9A0003646C /* dNodi.framework in Frameworks */ = {isa = PBXBuildFile; fileRef = 94327D7113E44F9A0003646C /* dNodi.framework */; };
		94327D7313E451810003646C /* dNodi.framework in Frameworks */ = {isa = PBXBuildFile; fileRef = 94327D7113E44F9A0003646C /* dNodi.framework */; };
		94327D7413E451820003646C /* dNodi.framework in Frameworks */ = {isa = PBXBuildFile; fileRef = 94327D7113E44F9A0003646C /* dNodi.framework */; };
		94327D9C13EAD1D50003646C /* TouchSynthesis.h in Headers */ = {isa = PBXBuildFile; fileRef = 94327D9A13EAD1D50003646C /* TouchSynthesis.h */; };
		94327D9D13EAD1D50003646C /* TouchSynthesis.m in Sources */ = {isa = PBXBuildFile; fileRef = 94327D9B13EAD1D50003646C /* TouchSynthesis.m */; };
		943A3969143DD2D0000D506C /* SIConstants.h in Headers */ = {isa = PBXBuildFile; fileRef = 943A3967143DD2D0000D506C /* SIConstants.h */; };
		943A396A143DD2D0000D506C /* SIConstants.m in Sources */ = {isa = PBXBuildFile; fileRef = 943A3968143DD2D0000D506C /* SIConstants.m */; };
		9465773F141B97B90026F1FB /* SIUIViewHandlerTests.m in Sources */ = {isa = PBXBuildFile; fileRef = 9465773E141B97B90026F1FB /* SIUIViewHandlerTests.m */; };
		94657743141C95160026F1FB /* AbstractTestWithControlsOnView.m in Sources */ = {isa = PBXBuildFile; fileRef = 94657742141C95160026F1FB /* AbstractTestWithControlsOnView.m */; };
		94657751141CF2C60026F1FB /* GHUnitIOS.framework in Frameworks */ = {isa = PBXBuildFile; fileRef = 653D0EF813A784C100A5AB82 /* GHUnitIOS.framework */; };
		9481C8A71431F3780036121A /* SenTestingKit.framework in Frameworks */ = {isa = PBXBuildFile; fileRef = 9481C8A61431F3780036121A /* SenTestingKit.framework */; };
		9490248C144089A3006132A5 /* SIStoryInAppReporter.h in Headers */ = {isa = PBXBuildFile; fileRef = 9490248A144089A3006132A5 /* SIStoryInAppReporter.h */; };
		9490248D144089A3006132A5 /* SIStoryInAppReporter.m in Sources */ = {isa = PBXBuildFile; fileRef = 9490248B144089A3006132A5 /* SIStoryInAppReporter.m */; };
		9490249414408DC4006132A5 /* SIStoryInAppViewController.h in Headers */ = {isa = PBXBuildFile; fileRef = 9490249214408DC4006132A5 /* SIStoryInAppViewController.h */; };
		9490249514408DC4006132A5 /* SIStoryInAppViewController.m in Sources */ = {isa = PBXBuildFile; fileRef = 9490249314408DC4006132A5 /* SIStoryInAppViewController.m */; };
		9499DB6D13F017190053BEEA /* SIUIHandlerFactory.h in Headers */ = {isa = PBXBuildFile; fileRef = 9499DB6B13F017190053BEEA /* SIUIHandlerFactory.h */; };
		9499DB6E13F017190053BEEA /* SIUIHandlerFactory.m in Sources */ = {isa = PBXBuildFile; fileRef = 9499DB6C13F017190053BEEA /* SIUIHandlerFactory.m */; };
		9499DB7213F017DC0053BEEA /* SIUIAction.h in Headers */ = {isa = PBXBuildFile; fileRef = 9499DB7013F017DC0053BEEA /* SIUIAction.h */; };
		94AED1541420DB660070D3BB /* SIUIHandlerFactoryTests.m in Sources */ = {isa = PBXBuildFile; fileRef = 94AED1511420DB070070D3BB /* SIUIHandlerFactoryTests.m */; };
		94C18E8A1439DBEB00B28D44 /* Macro.stories in Resources */ = {isa = PBXBuildFile; fileRef = 94C18E891439DBEB00B28D44 /* Macro.stories */; };
		94C18E8D1439DC7B00B28D44 /* MacroStoryImplementations.m in Sources */ = {isa = PBXBuildFile; fileRef = 94C18E8C1439DC7B00B28D44 /* MacroStoryImplementations.m */; };
/* End PBXBuildFile section */

/* Begin PBXContainerItemProxy section */
		659E628313D9BEA000ACD34C /* PBXContainerItemProxy */ = {
			isa = PBXContainerItemProxy;
			containerPortal = 653D0E8113A782AC00A5AB82 /* Project object */;
			proxyType = 1;
			remoteGlobalIDString = 653D0E8913A782AD00A5AB82;
			remoteInfo = Simon;
		};
		65D09AAC13D9AEC300D1A74B /* PBXContainerItemProxy */ = {
			isa = PBXContainerItemProxy;
			containerPortal = 653D0E8113A782AC00A5AB82 /* Project object */;
			proxyType = 1;
			remoteGlobalIDString = 653D0E8913A782AD00A5AB82;
			remoteInfo = Simon;
		};
/* End PBXContainerItemProxy section */

/* Begin PBXFileReference section */
		652D4E4B13CDD44300633E51 /* SIAppBackpack.h */ = {isa = PBXFileReference; fileEncoding = 4; lastKnownFileType = sourcecode.c.h; path = SIAppBackpack.h; sourceTree = "<group>"; };
		652D4E4C13CDD44400633E51 /* SIAppBackpack.m */ = {isa = PBXFileReference; fileEncoding = 4; lastKnownFileType = sourcecode.c.objc; path = SIAppBackpack.m; sourceTree = "<group>"; };
		653D0E8A13A782AD00A5AB82 /* libSimon.a */ = {isa = PBXFileReference; explicitFileType = archive.ar; includeInIndex = 0; path = libSimon.a; sourceTree = BUILT_PRODUCTS_DIR; };
		653D0E8D13A782AD00A5AB82 /* Foundation.framework */ = {isa = PBXFileReference; lastKnownFileType = wrapper.framework; name = Foundation.framework; path = System/Library/Frameworks/Foundation.framework; sourceTree = SDKROOT; };
		653D0E9113A782AD00A5AB82 /* Simon-Prefix.pch */ = {isa = PBXFileReference; lastKnownFileType = sourcecode.c.h; path = "Simon-Prefix.pch"; sourceTree = "<group>"; };
		653D0E9B13A783A500A5AB82 /* Unit tests.app */ = {isa = PBXFileReference; explicitFileType = wrapper.application; includeInIndex = 0; path = "Unit tests.app"; sourceTree = BUILT_PRODUCTS_DIR; };
		653D0E9D13A783A500A5AB82 /* UIKit.framework */ = {isa = PBXFileReference; lastKnownFileType = wrapper.framework; name = UIKit.framework; path = System/Library/Frameworks/UIKit.framework; sourceTree = SDKROOT; };
		653D0EA013A783A500A5AB82 /* CoreGraphics.framework */ = {isa = PBXFileReference; lastKnownFileType = wrapper.framework; name = CoreGraphics.framework; path = System/Library/Frameworks/CoreGraphics.framework; sourceTree = SDKROOT; };
		653D0EB513A783C000A5AB82 /* SIStep.h */ = {isa = PBXFileReference; fileEncoding = 4; lastKnownFileType = sourcecode.c.h; path = SIStep.h; sourceTree = "<group>"; };
		653D0EB613A783C000A5AB82 /* SIStep.m */ = {isa = PBXFileReference; fileEncoding = 4; lastKnownFileType = sourcecode.c.objc; path = SIStep.m; sourceTree = "<group>"; };
		653D0EB713A783C000A5AB82 /* SIStory.h */ = {isa = PBXFileReference; fileEncoding = 4; lastKnownFileType = sourcecode.c.h; path = SIStory.h; sourceTree = "<group>"; };
		653D0EB813A783C000A5AB82 /* SIStory.m */ = {isa = PBXFileReference; fileEncoding = 4; lastKnownFileType = sourcecode.c.objc; path = SIStory.m; sourceTree = "<group>"; };
		653D0EBC13A783C000A5AB82 /* SIStoryFileReader.h */ = {isa = PBXFileReference; fileEncoding = 4; lastKnownFileType = sourcecode.c.h; path = SIStoryFileReader.h; sourceTree = "<group>"; };
		653D0EBD13A783C000A5AB82 /* SIStoryFileReader.m */ = {isa = PBXFileReference; fileEncoding = 4; lastKnownFileType = sourcecode.c.objc; path = SIStoryFileReader.m; sourceTree = "<group>"; };
		653D0ED513A783DC00A5AB82 /* GHUnit-Tests-Info.plist */ = {isa = PBXFileReference; fileEncoding = 4; lastKnownFileType = text.plist.xml; path = "GHUnit-Tests-Info.plist"; sourceTree = "<group>"; };
		653D0ED713A783DC00A5AB82 /* SIStepTests.m */ = {isa = PBXFileReference; fileEncoding = 4; lastKnownFileType = sourcecode.c.objc; path = SIStepTests.m; sourceTree = "<group>"; };
		653D0ED913A783DC00A5AB82 /* SIStoryFileReaderTests.m */ = {isa = PBXFileReference; fileEncoding = 4; lastKnownFileType = sourcecode.c.objc; path = SIStoryFileReaderTests.m; sourceTree = "<group>"; };
		653D0EDE13A783DC00A5AB82 /* Non keyword steps.stories */ = {isa = PBXFileReference; fileEncoding = 4; lastKnownFileType = text; path = "Non keyword steps.stories"; sourceTree = "<group>"; };
		653D0EDF13A783DC00A5AB82 /* Story files.stories */ = {isa = PBXFileReference; fileEncoding = 4; lastKnownFileType = text; path = "Story files.stories"; sourceTree = "<group>"; };
		653D0EF013A7842500A5AB82 /* Simon-Prefix.pch */ = {isa = PBXFileReference; fileEncoding = 4; lastKnownFileType = sourcecode.c.h; path = "Simon-Prefix.pch"; sourceTree = "<group>"; };
		653D0EF613A784A500A5AB82 /* OCMock.framework */ = {isa = PBXFileReference; lastKnownFileType = wrapper.framework; name = OCMock.framework; path = ../tools/OCMock.framework; sourceTree = "<group>"; };
		653D0EF813A784C100A5AB82 /* GHUnitIOS.framework */ = {isa = PBXFileReference; lastKnownFileType = wrapper.framework; name = GHUnitIOS.framework; path = "../tools/GHUnit 0.4.28/GHUnitIOS.framework"; sourceTree = "<group>"; };
		6551A97F13AB904900679B94 /* SIStoryRunner.h */ = {isa = PBXFileReference; fileEncoding = 4; lastKnownFileType = sourcecode.c.h; path = SIStoryRunner.h; sourceTree = "<group>"; };
		6551A98013AB904A00679B94 /* SIStoryRunner.m */ = {isa = PBXFileReference; fileEncoding = 4; lastKnownFileType = sourcecode.c.objc; path = SIStoryRunner.m; sourceTree = "<group>"; };
		6551A98613AB931F00679B94 /* SIStoryRunnerTests.m */ = {isa = PBXFileReference; fileEncoding = 4; lastKnownFileType = sourcecode.c.objc; path = SIStoryRunnerTests.m; sourceTree = "<group>"; };
		6551A98813AC8A5200679B94 /* NSString+Simon.h */ = {isa = PBXFileReference; fileEncoding = 4; lastKnownFileType = sourcecode.c.h; path = "NSString+Simon.h"; sourceTree = "<group>"; };
		6551A98913AC8A5200679B94 /* NSString+Simon.m */ = {isa = PBXFileReference; fileEncoding = 4; lastKnownFileType = sourcecode.c.objc; path = "NSString+Simon.m"; sourceTree = "<group>"; };
		6551A98E13AC8B8900679B94 /* NSString+UtilsTests.m */ = {isa = PBXFileReference; fileEncoding = 4; lastKnownFileType = sourcecode.c.objc; path = "NSString+UtilsTests.m"; sourceTree = "<group>"; };
		6551A99213ACDEBE00679B94 /* SISimon.h */ = {isa = PBXFileReference; fileEncoding = 4; lastKnownFileType = sourcecode.c.h; path = SISimon.h; sourceTree = "<group>"; };
		6583B3EA13CF2220005E13F3 /* build.sh */ = {isa = PBXFileReference; fileEncoding = 4; lastKnownFileType = text.script.sh; path = build.sh; sourceTree = "<group>"; };
		6583B3EB13CF2220005E13F3 /* License.textile */ = {isa = PBXFileReference; fileEncoding = 4; lastKnownFileType = text; path = License.textile; sourceTree = "<group>"; };
		6583B3EC13CF2220005E13F3 /* ReadMe.textile */ = {isa = PBXFileReference; fileEncoding = 4; lastKnownFileType = text; path = ReadMe.textile; sourceTree = "<group>"; };
		6583B3EE13CF2242005E13F3 /* ChangeLog.textile */ = {isa = PBXFileReference; fileEncoding = 4; lastKnownFileType = text; path = ChangeLog.textile; sourceTree = "<group>"; };
		659E625A13D9BE9600ACD34C /* App with tests.app */ = {isa = PBXFileReference; explicitFileType = wrapper.application; includeInIndex = 0; path = "App with tests.app"; sourceTree = BUILT_PRODUCTS_DIR; };
		659E626113D9BE9600ACD34C /* TestApp2-Info.plist */ = {isa = PBXFileReference; lastKnownFileType = text.plist.xml; path = "TestApp2-Info.plist"; sourceTree = "<group>"; };
		659E626313D9BE9600ACD34C /* en */ = {isa = PBXFileReference; lastKnownFileType = text.plist.strings; name = en; path = en.lproj/InfoPlist.strings; sourceTree = "<group>"; };
		659E626513D9BE9600ACD34C /* main.m */ = {isa = PBXFileReference; lastKnownFileType = sourcecode.c.objc; path = main.m; sourceTree = "<group>"; };
		659E626713D9BE9600ACD34C /* TestApp2-Prefix.pch */ = {isa = PBXFileReference; lastKnownFileType = sourcecode.c.h; path = "TestApp2-Prefix.pch"; sourceTree = "<group>"; };
		659E626813D9BE9600ACD34C /* TestApp2AppDelegate.h */ = {isa = PBXFileReference; lastKnownFileType = sourcecode.c.h; path = TestApp2AppDelegate.h; sourceTree = "<group>"; };
		659E626913D9BE9600ACD34C /* TestApp2AppDelegate.m */ = {isa = PBXFileReference; lastKnownFileType = sourcecode.c.objc; path = TestApp2AppDelegate.m; sourceTree = "<group>"; };
		659E626B13D9BE9600ACD34C /* FirstViewController.h */ = {isa = PBXFileReference; lastKnownFileType = sourcecode.c.h; path = FirstViewController.h; sourceTree = "<group>"; };
		659E626C13D9BE9600ACD34C /* FirstViewController.m */ = {isa = PBXFileReference; lastKnownFileType = sourcecode.c.objc; path = FirstViewController.m; sourceTree = "<group>"; };
		659E626E13D9BE9600ACD34C /* first.png */ = {isa = PBXFileReference; lastKnownFileType = image.png; path = first.png; sourceTree = "<group>"; };
		659E627013D9BE9600ACD34C /* first@2x.png */ = {isa = PBXFileReference; lastKnownFileType = image.png; path = "first@2x.png"; sourceTree = "<group>"; };
		659E627213D9BE9600ACD34C /* SecondViewController.h */ = {isa = PBXFileReference; lastKnownFileType = sourcecode.c.h; path = SecondViewController.h; sourceTree = "<group>"; };
		659E627313D9BE9600ACD34C /* SecondViewController.m */ = {isa = PBXFileReference; lastKnownFileType = sourcecode.c.objc; path = SecondViewController.m; sourceTree = "<group>"; };
		659E627513D9BE9600ACD34C /* second.png */ = {isa = PBXFileReference; lastKnownFileType = image.png; path = second.png; sourceTree = "<group>"; };
		659E627713D9BE9600ACD34C /* second@2x.png */ = {isa = PBXFileReference; lastKnownFileType = image.png; path = "second@2x.png"; sourceTree = "<group>"; };
		659E627A13D9BE9600ACD34C /* en */ = {isa = PBXFileReference; lastKnownFileType = file.xib; name = en; path = en.lproj/FirstViewController.xib; sourceTree = "<group>"; };
		659E627D13D9BE9600ACD34C /* en */ = {isa = PBXFileReference; lastKnownFileType = file.xib; name = en; path = en.lproj/SecondViewController.xib; sourceTree = "<group>"; };
		659E628913D9C08700ACD34C /* First.stories */ = {isa = PBXFileReference; fileEncoding = 4; lastKnownFileType = text; path = First.stories; sourceTree = "<group>"; };
		659E628C13D9C0D000ACD34C /* StoryImplementations.m */ = {isa = PBXFileReference; fileEncoding = 4; lastKnownFileType = sourcecode.c.objc; path = StoryImplementations.m; sourceTree = "<group>"; };
		659E628F13D9C3E200ACD34C /* UIView+Simon.h */ = {isa = PBXFileReference; fileEncoding = 4; lastKnownFileType = sourcecode.c.h; path = "UIView+Simon.h"; sourceTree = "<group>"; };
		659E629013D9C3E200ACD34C /* UIView+Simon.m */ = {isa = PBXFileReference; fileEncoding = 4; lastKnownFileType = sourcecode.c.objc; path = "UIView+Simon.m"; sourceTree = "<group>"; };
		659E629B13DAFC4000ACD34C /* SIUIUtils.h */ = {isa = PBXFileReference; fileEncoding = 4; lastKnownFileType = sourcecode.c.h; path = SIUIUtils.h; sourceTree = "<group>"; };
		659E629C13DAFC4000ACD34C /* SIUIUtils.m */ = {isa = PBXFileReference; fileEncoding = 4; lastKnownFileType = sourcecode.c.objc; path = SIUIUtils.m; sourceTree = "<group>"; };
		659E62A213DB027E00ACD34C /* SIUIUtilsTests.m */ = {isa = PBXFileReference; fileEncoding = 4; lastKnownFileType = sourcecode.c.objc; path = SIUIUtilsTests.m; sourceTree = "<group>"; };
		65A85A6313A86C6600599E31 /* GHUnitIOSTestMain.m */ = {isa = PBXFileReference; fileEncoding = 4; lastKnownFileType = sourcecode.c.objc; path = GHUnitIOSTestMain.m; sourceTree = "<group>"; };
		65B647CA13B8AE5E0083C114 /* SIStoryTests.m */ = {isa = PBXFileReference; fileEncoding = 4; lastKnownFileType = sourcecode.c.objc; path = SIStoryTests.m; sourceTree = "<group>"; };
		65D03BD613BA096700A3F0FA /* SIStoryReporter.h */ = {isa = PBXFileReference; fileEncoding = 4; lastKnownFileType = sourcecode.c.h; path = SIStoryReporter.h; sourceTree = "<group>"; };
		65D03BD813BA099700A3F0FA /* SIStoryLogReporter.h */ = {isa = PBXFileReference; fileEncoding = 4; lastKnownFileType = sourcecode.c.h; path = SIStoryLogReporter.h; sourceTree = "<group>"; };
		65D03BD913BA099700A3F0FA /* SIStoryLogReporter.m */ = {isa = PBXFileReference; fileEncoding = 4; lastKnownFileType = sourcecode.c.objc; path = SIStoryLogReporter.m; sourceTree = "<group>"; };
		65D03BDD13BB3DE300A3F0FA /* Out of order steps1.stories */ = {isa = PBXFileReference; fileEncoding = 4; lastKnownFileType = text; path = "Out of order steps1.stories"; sourceTree = "<group>"; };
		65D03BDF13BB3E1200A3F0FA /* Out of order steps2.stories */ = {isa = PBXFileReference; fileEncoding = 4; lastKnownFileType = text; path = "Out of order steps2.stories"; sourceTree = "<group>"; };
		65D03BE113BB3EFD00A3F0FA /* Out of order steps3.stories */ = {isa = PBXFileReference; fileEncoding = 4; lastKnownFileType = text; path = "Out of order steps3.stories"; sourceTree = "<group>"; };
		65D03BE313BB4BF700A3F0FA /* Non word steps.stories */ = {isa = PBXFileReference; fileEncoding = 4; lastKnownFileType = text; path = "Non word steps.stories"; sourceTree = "<group>"; };
		65D03BE513BCB8CE00A3F0FA /* Communication.stories */ = {isa = PBXFileReference; fileEncoding = 4; lastKnownFileType = text; path = Communication.stories; sourceTree = "<group>"; };
		65D03BE813BCB94F00A3F0FA /* CommsASteps.m */ = {isa = PBXFileReference; fileEncoding = 4; lastKnownFileType = sourcecode.c.objc; path = CommsASteps.m; sourceTree = "<group>"; };
		65D03BEB13BCBA3100A3F0FA /* CommsBSteps.m */ = {isa = PBXFileReference; fileEncoding = 4; lastKnownFileType = sourcecode.c.objc; path = CommsBSteps.m; sourceTree = "<group>"; };
		65D03BED13BDEBE000A3F0FA /* SIMacros.h */ = {isa = PBXFileReference; fileEncoding = 4; lastKnownFileType = sourcecode.c.h; path = SIMacros.h; sourceTree = "<group>"; };
		65D09A6313D99C5900D1A74B /* dUsefulStuff.framework */ = {isa = PBXFileReference; lastKnownFileType = wrapper.framework; name = dUsefulStuff.framework; path = ../Releases/dUsefulStuff/v0.0.13/dUsefulStuff.framework; sourceTree = "<group>"; };
		65D35BC213A8BA130007A8AD /* NSObject+UtilsTests.m */ = {isa = PBXFileReference; fileEncoding = 4; lastKnownFileType = sourcecode.c.objc; path = "NSObject+UtilsTests.m"; sourceTree = "<group>"; };
		65FCD11713ADE3C200A90FCA /* SIRuntimeTests.m */ = {isa = PBXFileReference; fileEncoding = 4; lastKnownFileType = sourcecode.c.objc; path = SIRuntimeTests.m; sourceTree = "<group>"; };
		65FCD11C13AE2D6900A90FCA /* SIStepMapping.h */ = {isa = PBXFileReference; fileEncoding = 4; lastKnownFileType = sourcecode.c.h; path = SIStepMapping.h; sourceTree = "<group>"; };
		65FCD11D13AE2D6900A90FCA /* SIStepMapping.m */ = {isa = PBXFileReference; fileEncoding = 4; lastKnownFileType = sourcecode.c.objc; path = SIStepMapping.m; sourceTree = "<group>"; };
		65FCD12413AF622300A90FCA /* SIRuntime.h */ = {isa = PBXFileReference; fileEncoding = 4; lastKnownFileType = sourcecode.c.h; path = SIRuntime.h; sourceTree = "<group>"; };
		65FCD12513AF622300A90FCA /* SIRuntime.m */ = {isa = PBXFileReference; fileEncoding = 4; lastKnownFileType = sourcecode.c.objc; path = SIRuntime.m; sourceTree = "<group>"; };
		65FCD12D13B2245D00A90FCA /* Unformatted.stories */ = {isa = PBXFileReference; fileEncoding = 4; lastKnownFileType = text; path = Unformatted.stories; sourceTree = "<group>"; };
		65FCD13013B23E8400A90FCA /* SIStepMappingTests.m */ = {isa = PBXFileReference; fileEncoding = 4; lastKnownFileType = sourcecode.c.objc; path = SIStepMappingTests.m; sourceTree = "<group>"; };
		9406BD33140D17C500E76E86 /* SISimonTests.m */ = {isa = PBXFileReference; fileEncoding = 4; lastKnownFileType = sourcecode.c.objc; path = SISimonTests.m; sourceTree = "<group>"; };
		942F7F64141F9197009F3550 /* SIUIViewHandler.h */ = {isa = PBXFileReference; fileEncoding = 4; lastKnownFileType = sourcecode.c.h; path = SIUIViewHandler.h; sourceTree = "<group>"; };
		942F7F65141F9197009F3550 /* SIUIViewHandler.m */ = {isa = PBXFileReference; fileEncoding = 4; lastKnownFileType = sourcecode.c.objc; path = SIUIViewHandler.m; sourceTree = "<group>"; };
		94327D7113E44F9A0003646C /* dNodi.framework */ = {isa = PBXFileReference; lastKnownFileType = wrapper.framework; name = dNodi.framework; path = ../Releases/dNodi/v0.3.0/dNodi.framework; sourceTree = "<group>"; };
		94327D9A13EAD1D50003646C /* TouchSynthesis.h */ = {isa = PBXFileReference; fileEncoding = 4; lastKnownFileType = sourcecode.c.h; path = TouchSynthesis.h; sourceTree = "<group>"; };
		94327D9B13EAD1D50003646C /* TouchSynthesis.m */ = {isa = PBXFileReference; fileEncoding = 4; lastKnownFileType = sourcecode.c.objc; path = TouchSynthesis.m; sourceTree = "<group>"; };
		943A3967143DD2D0000D506C /* SIConstants.h */ = {isa = PBXFileReference; fileEncoding = 4; lastKnownFileType = sourcecode.c.h; path = SIConstants.h; sourceTree = "<group>"; };
		943A3968143DD2D0000D506C /* SIConstants.m */ = {isa = PBXFileReference; fileEncoding = 4; lastKnownFileType = sourcecode.c.objc; path = SIConstants.m; sourceTree = "<group>"; };
		9465773E141B97B90026F1FB /* SIUIViewHandlerTests.m */ = {isa = PBXFileReference; fileEncoding = 4; lastKnownFileType = sourcecode.c.objc; path = SIUIViewHandlerTests.m; sourceTree = "<group>"; };
		94657741141C95160026F1FB /* AbstractTestWithControlsOnView.h */ = {isa = PBXFileReference; fileEncoding = 4; lastKnownFileType = sourcecode.c.h; path = AbstractTestWithControlsOnView.h; sourceTree = "<group>"; };
		94657742141C95160026F1FB /* AbstractTestWithControlsOnView.m */ = {isa = PBXFileReference; fileEncoding = 4; lastKnownFileType = sourcecode.c.objc; path = AbstractTestWithControlsOnView.m; sourceTree = "<group>"; };
		9481C8A61431F3780036121A /* SenTestingKit.framework */ = {isa = PBXFileReference; lastKnownFileType = wrapper.framework; name = SenTestingKit.framework; path = Library/Frameworks/SenTestingKit.framework; sourceTree = DEVELOPER_DIR; };
		9490248A144089A3006132A5 /* SIStoryInAppReporter.h */ = {isa = PBXFileReference; fileEncoding = 4; lastKnownFileType = sourcecode.c.h; path = SIStoryInAppReporter.h; sourceTree = "<group>"; };
		9490248B144089A3006132A5 /* SIStoryInAppReporter.m */ = {isa = PBXFileReference; fileEncoding = 4; lastKnownFileType = sourcecode.c.objc; path = SIStoryInAppReporter.m; sourceTree = "<group>"; };
		9490249214408DC4006132A5 /* SIStoryInAppViewController.h */ = {isa = PBXFileReference; fileEncoding = 4; lastKnownFileType = sourcecode.c.h; path = SIStoryInAppViewController.h; sourceTree = "<group>"; };
		9490249314408DC4006132A5 /* SIStoryInAppViewController.m */ = {isa = PBXFileReference; fileEncoding = 4; lastKnownFileType = sourcecode.c.objc; path = SIStoryInAppViewController.m; sourceTree = "<group>"; };
		9499DB6B13F017190053BEEA /* SIUIHandlerFactory.h */ = {isa = PBXFileReference; fileEncoding = 4; lastKnownFileType = sourcecode.c.h; path = SIUIHandlerFactory.h; sourceTree = "<group>"; };
		9499DB6C13F017190053BEEA /* SIUIHandlerFactory.m */ = {isa = PBXFileReference; fileEncoding = 4; lastKnownFileType = sourcecode.c.objc; path = SIUIHandlerFactory.m; sourceTree = "<group>"; };
		9499DB7013F017DC0053BEEA /* SIUIAction.h */ = {isa = PBXFileReference; fileEncoding = 4; lastKnownFileType = sourcecode.c.h; path = SIUIAction.h; sourceTree = "<group>"; };
		94AED1511420DB070070D3BB /* SIUIHandlerFactoryTests.m */ = {isa = PBXFileReference; fileEncoding = 4; lastKnownFileType = sourcecode.c.objc; path = SIUIHandlerFactoryTests.m; sourceTree = "<group>"; };
		94C18E891439DBEB00B28D44 /* Macro.stories */ = {isa = PBXFileReference; fileEncoding = 4; lastKnownFileType = text; path = Macro.stories; sourceTree = "<group>"; };
		94C18E8C1439DC7B00B28D44 /* MacroStoryImplementations.m */ = {isa = PBXFileReference; fileEncoding = 4; lastKnownFileType = sourcecode.c.objc; path = MacroStoryImplementations.m; sourceTree = "<group>"; };
/* End PBXFileReference section */

/* Begin PBXFrameworksBuildPhase section */
		653D0E8713A782AD00A5AB82 /* Frameworks */ = {
			isa = PBXFrameworksBuildPhase;
			buildActionMask = 2147483647;
			files = (
				94327D7213E44F9A0003646C /* dNodi.framework in Frameworks */,
				65D09A6413D99C5900D1A74B /* dUsefulStuff.framework in Frameworks */,
				653D0E8E13A782AD00A5AB82 /* Foundation.framework in Frameworks */,
				659E629F13DAFEF500ACD34C /* UIKit.framework in Frameworks */,
			);
			runOnlyForDeploymentPostprocessing = 0;
		};
		653D0E9813A783A500A5AB82 /* Frameworks */ = {
			isa = PBXFrameworksBuildPhase;
			buildActionMask = 2147483647;
			files = (
				653D0E9E13A783A500A5AB82 /* UIKit.framework in Frameworks */,
				653D0E9F13A783A500A5AB82 /* Foundation.framework in Frameworks */,
				653D0EA113A783A500A5AB82 /* CoreGraphics.framework in Frameworks */,
				653D0EFE13A7852200A5AB82 /* OCMock.framework in Frameworks */,
				6527B7CA13A871DF005A912F /* GHUnitIOS.framework in Frameworks */,
				65D09A7813D9A99D00D1A74B /* dUsefulStuff.framework in Frameworks */,
				65D09AAB13D9AE6D00D1A74B /* libSimon.a in Frameworks */,
				94327D7313E451810003646C /* dNodi.framework in Frameworks */,
			);
			runOnlyForDeploymentPostprocessing = 0;
		};
		659E625713D9BE9600ACD34C /* Frameworks */ = {
			isa = PBXFrameworksBuildPhase;
			buildActionMask = 2147483647;
			files = (
				9481C8A71431F3780036121A /* SenTestingKit.framework in Frameworks */,
				659E628513D9BEB000ACD34C /* libSimon.a in Frameworks */,
				659E625C13D9BE9600ACD34C /* UIKit.framework in Frameworks */,
				659E625D13D9BE9600ACD34C /* Foundation.framework in Frameworks */,
				659E625E13D9BE9600ACD34C /* CoreGraphics.framework in Frameworks */,
				659E628613D9BF0E00ACD34C /* dUsefulStuff.framework in Frameworks */,
				94327D7413E451820003646C /* dNodi.framework in Frameworks */,
				94657751141CF2C60026F1FB /* GHUnitIOS.framework in Frameworks */,
			);
			runOnlyForDeploymentPostprocessing = 0;
		};
/* End PBXFrameworksBuildPhase section */

/* Begin PBXGroup section */
		653D0E7F13A782AC00A5AB82 = {
			isa = PBXGroup;
			children = (
				6583B3EE13CF2242005E13F3 /* ChangeLog.textile */,
				6583B3EA13CF2220005E13F3 /* build.sh */,
				6583B3EB13CF2220005E13F3 /* License.textile */,
				6583B3EC13CF2220005E13F3 /* ReadMe.textile */,
				653D0EF013A7842500A5AB82 /* Simon-Prefix.pch */,
				653D0EB113A783C000A5AB82 /* classes */,
				653D0E9013A782AD00A5AB82 /* Supporting Files */,
				653D0ED413A783DC00A5AB82 /* tests */,
				659E625F13D9BE9600ACD34C /* App with tests */,
				653D0E8C13A782AD00A5AB82 /* Frameworks */,
				653D0E8B13A782AD00A5AB82 /* Products */,
			);
			sourceTree = "<group>";
		};
		653D0E8B13A782AD00A5AB82 /* Products */ = {
			isa = PBXGroup;
			children = (
				653D0E8A13A782AD00A5AB82 /* libSimon.a */,
				653D0E9B13A783A500A5AB82 /* Unit tests.app */,
				659E625A13D9BE9600ACD34C /* App with tests.app */,
			);
			name = Products;
			sourceTree = "<group>";
		};
		653D0E8C13A782AD00A5AB82 /* Frameworks */ = {
			isa = PBXGroup;
			children = (
				9481C8A61431F3780036121A /* SenTestingKit.framework */,
				94327D7113E44F9A0003646C /* dNodi.framework */,
				65D09A6313D99C5900D1A74B /* dUsefulStuff.framework */,
				653D0EF813A784C100A5AB82 /* GHUnitIOS.framework */,
				653D0EF613A784A500A5AB82 /* OCMock.framework */,
				653D0E8D13A782AD00A5AB82 /* Foundation.framework */,
				653D0E9D13A783A500A5AB82 /* UIKit.framework */,
				653D0EA013A783A500A5AB82 /* CoreGraphics.framework */,
			);
			name = Frameworks;
			sourceTree = "<group>";
		};
		653D0E9013A782AD00A5AB82 /* Supporting Files */ = {
			isa = PBXGroup;
			children = (
				653D0E9113A782AD00A5AB82 /* Simon-Prefix.pch */,
			);
			name = "Supporting Files";
			path = Simon;
			sourceTree = "<group>";
		};
		653D0EB113A783C000A5AB82 /* classes */ = {
			isa = PBXGroup;
			children = (
				9490249114408D11006132A5 /* Reporting */,
				65D03BEF13BE014700A3F0FA /* Categories */,
				652D4E4B13CDD44300633E51 /* SIAppBackpack.h */,
				652D4E4C13CDD44400633E51 /* SIAppBackpack.m */,
				943A3967143DD2D0000D506C /* SIConstants.h */,
				943A3968143DD2D0000D506C /* SIConstants.m */,
				65D03BED13BDEBE000A3F0FA /* SIMacros.h */,
				65FCD12413AF622300A90FCA /* SIRuntime.h */,
				65FCD12513AF622300A90FCA /* SIRuntime.m */,
				6551A99213ACDEBE00679B94 /* SISimon.h */,
				653D0EBC13A783C000A5AB82 /* SIStoryFileReader.h */,
				653D0EBD13A783C000A5AB82 /* SIStoryFileReader.m */,
				6551A97F13AB904900679B94 /* SIStoryRunner.h */,
				6551A98013AB904A00679B94 /* SIStoryRunner.m */,
				6583B42F13D1C9FF005E13F3 /* Stories */,
				659E628E13D9C37200ACD34C /* UI */,
			);
			path = classes;
			sourceTree = "<group>";
		};
		653D0ED413A783DC00A5AB82 /* tests */ = {
			isa = PBXGroup;
			children = (
				94657741141C95160026F1FB /* AbstractTestWithControlsOnView.h */,
				94657742141C95160026F1FB /* AbstractTestWithControlsOnView.m */,
				9406BD33140D17C500E76E86 /* SISimonTests.m */,
				653D0ED913A783DC00A5AB82 /* SIStoryFileReaderTests.m */,
				6551A98613AB931F00679B94 /* SIStoryRunnerTests.m */,
				65FCD11713ADE3C200A90FCA /* SIRuntimeTests.m */,
				659E62A013DB026400ACD34C /* UI */,
				6583B43113D1CB4F005E13F3 /* GHUnit */,
				6583B43013D1CB2E005E13F3 /* Stories */,
				65D35BC213A8BA130007A8AD /* NSObject+UtilsTests.m */,
				6551A98E13AC8B8900679B94 /* NSString+UtilsTests.m */,
				653D0EDD13A783DC00A5AB82 /* Story files */,
			);
			path = tests;
			sourceTree = "<group>";
		};
		653D0EDD13A783DC00A5AB82 /* Story files */ = {
			isa = PBXGroup;
			children = (
				653D0EDE13A783DC00A5AB82 /* Non keyword steps.stories */,
				653D0EDF13A783DC00A5AB82 /* Story files.stories */,
				65FCD12D13B2245D00A90FCA /* Unformatted.stories */,
				65D03BDD13BB3DE300A3F0FA /* Out of order steps1.stories */,
				65D03BDF13BB3E1200A3F0FA /* Out of order steps2.stories */,
				65D03BE113BB3EFD00A3F0FA /* Out of order steps3.stories */,
				65D03BE313BB4BF700A3F0FA /* Non word steps.stories */,
				65D03BE513BCB8CE00A3F0FA /* Communication.stories */,
			);
			name = "Story files";
			path = stories;
			sourceTree = "<group>";
		};
		6583B42F13D1C9FF005E13F3 /* Stories */ = {
			isa = PBXGroup;
			children = (
				653D0EB513A783C000A5AB82 /* SIStep.h */,
				653D0EB613A783C000A5AB82 /* SIStep.m */,
				65FCD11C13AE2D6900A90FCA /* SIStepMapping.h */,
				65FCD11D13AE2D6900A90FCA /* SIStepMapping.m */,
				653D0EB713A783C000A5AB82 /* SIStory.h */,
				653D0EB813A783C000A5AB82 /* SIStory.m */,
			);
			name = Stories;
			sourceTree = "<group>";
		};
		6583B43013D1CB2E005E13F3 /* Stories */ = {
			isa = PBXGroup;
			children = (
				65B647CA13B8AE5E0083C114 /* SIStoryTests.m */,
				653D0ED713A783DC00A5AB82 /* SIStepTests.m */,
				65FCD13013B23E8400A90FCA /* SIStepMappingTests.m */,
			);
			name = Stories;
			sourceTree = "<group>";
		};
		6583B43113D1CB4F005E13F3 /* GHUnit */ = {
			isa = PBXGroup;
			children = (
				65A85A6313A86C6600599E31 /* GHUnitIOSTestMain.m */,
				653D0ED513A783DC00A5AB82 /* GHUnit-Tests-Info.plist */,
				65D03BE813BCB94F00A3F0FA /* CommsASteps.m */,
				65D03BEB13BCBA3100A3F0FA /* CommsBSteps.m */,
			);
			name = GHUnit;
			sourceTree = "<group>";
		};
		659E625F13D9BE9600ACD34C /* App with tests */ = {
			isa = PBXGroup;
			children = (
				659E626E13D9BE9600ACD34C /* first.png */,
				659E627013D9BE9600ACD34C /* first@2x.png */,
				659E626B13D9BE9600ACD34C /* FirstViewController.h */,
				659E626C13D9BE9600ACD34C /* FirstViewController.m */,
				659E627913D9BE9600ACD34C /* FirstViewController.xib */,
				659E627513D9BE9600ACD34C /* second.png */,
				659E627713D9BE9600ACD34C /* second@2x.png */,
				659E627213D9BE9600ACD34C /* SecondViewController.h */,
				659E627313D9BE9600ACD34C /* SecondViewController.m */,
				659E627C13D9BE9600ACD34C /* SecondViewController.xib */,
				659E628813D9C06300ACD34C /* stories */,
				659E626013D9BE9600ACD34C /* Supporting Files */,
				659E626813D9BE9600ACD34C /* TestApp2AppDelegate.h */,
				659E626913D9BE9600ACD34C /* TestApp2AppDelegate.m */,
			);
			path = "App with tests";
			sourceTree = "<group>";
		};
		659E626013D9BE9600ACD34C /* Supporting Files */ = {
			isa = PBXGroup;
			children = (
				659E626113D9BE9600ACD34C /* TestApp2-Info.plist */,
				659E626213D9BE9600ACD34C /* InfoPlist.strings */,
				659E626513D9BE9600ACD34C /* main.m */,
				659E626713D9BE9600ACD34C /* TestApp2-Prefix.pch */,
			);
			name = "Supporting Files";
			sourceTree = "<group>";
		};
		659E628813D9C06300ACD34C /* stories */ = {
			isa = PBXGroup;
			children = (
				659E628913D9C08700ACD34C /* First.stories */,
				659E628C13D9C0D000ACD34C /* StoryImplementations.m */,
				94C18E891439DBEB00B28D44 /* Macro.stories */,
				94C18E8C1439DC7B00B28D44 /* MacroStoryImplementations.m */,
			);
			name = stories;
			sourceTree = "<group>";
		};
		659E628E13D9C37200ACD34C /* UI */ = {
			isa = PBXGroup;
			children = (
				94327D9913EAC7F80003646C /* External */,
				9499DB7013F017DC0053BEEA /* SIUIAction.h */,
				9499DB6B13F017190053BEEA /* SIUIHandlerFactory.h */,
				9499DB6C13F017190053BEEA /* SIUIHandlerFactory.m */,
				659E629B13DAFC4000ACD34C /* SIUIUtils.h */,
				659E629C13DAFC4000ACD34C /* SIUIUtils.m */,
				942F7F64141F9197009F3550 /* SIUIViewHandler.h */,
				942F7F65141F9197009F3550 /* SIUIViewHandler.m */,
				659E628F13D9C3E200ACD34C /* UIView+Simon.h */,
				659E629013D9C3E200ACD34C /* UIView+Simon.m */,
			);
			name = UI;
			sourceTree = "<group>";
		};
		659E62A013DB026400ACD34C /* UI */ = {
			isa = PBXGroup;
			children = (
				94AED1511420DB070070D3BB /* SIUIHandlerFactoryTests.m */,
				659E62A213DB027E00ACD34C /* SIUIUtilsTests.m */,
				9465773E141B97B90026F1FB /* SIUIViewHandlerTests.m */,
			);
			name = UI;
			sourceTree = "<group>";
		};
		65D03BEF13BE014700A3F0FA /* Categories */ = {
			isa = PBXGroup;
			children = (
				6551A98813AC8A5200679B94 /* NSString+Simon.h */,
				6551A98913AC8A5200679B94 /* NSString+Simon.m */,
			);
			name = Categories;
			sourceTree = "<group>";
		};
		94327D9913EAC7F80003646C /* External */ = {
			isa = PBXGroup;
			children = (
				94327D9A13EAD1D50003646C /* TouchSynthesis.h */,
				94327D9B13EAD1D50003646C /* TouchSynthesis.m */,
			);
			name = External;
			sourceTree = "<group>";
		};
		9490249114408D11006132A5 /* Reporting */ = {
			isa = PBXGroup;
			children = (
				9490248A144089A3006132A5 /* SIStoryInAppReporter.h */,
				9490248B144089A3006132A5 /* SIStoryInAppReporter.m */,
				65D03BD813BA099700A3F0FA /* SIStoryLogReporter.h */,
				65D03BD913BA099700A3F0FA /* SIStoryLogReporter.m */,
				65D03BD613BA096700A3F0FA /* SIStoryReporter.h */,
				9490249214408DC4006132A5 /* SIStoryInAppViewController.h */,
				9490249314408DC4006132A5 /* SIStoryInAppViewController.m */,
			);
			name = Reporting;
			sourceTree = "<group>";
		};
/* End PBXGroup section */

/* Begin PBXHeadersBuildPhase section */
		653D0E8813A782AD00A5AB82 /* Headers */ = {
			isa = PBXHeadersBuildPhase;
			buildActionMask = 2147483647;
			files = (
				653D0EC413A783C000A5AB82 /* SIStep.h in Headers */,
				653D0EC713A783C000A5AB82 /* SIStory.h in Headers */,
				653D0ECE13A783C000A5AB82 /* SIStoryFileReader.h in Headers */,
				653D0EF113A7842500A5AB82 /* Simon-Prefix.pch in Headers */,
				6551A98113AB904A00679B94 /* SIStoryRunner.h in Headers */,
				6551A98A13AC8A5300679B94 /* NSString+Simon.h in Headers */,
				6551A99313ACDEBE00679B94 /* SISimon.h in Headers */,
				65FCD11E13AE2D6A00A90FCA /* SIStepMapping.h in Headers */,
				65FCD12613AF622400A90FCA /* SIRuntime.h in Headers */,
				65D03BD713BA096700A3F0FA /* SIStoryReporter.h in Headers */,
				65D03BDA13BA099700A3F0FA /* SIStoryLogReporter.h in Headers */,
				65D03BEE13BDEBE000A3F0FA /* SIMacros.h in Headers */,
				652D4E4D13CDD44400633E51 /* SIAppBackpack.h in Headers */,
				659E629113D9C3E200ACD34C /* UIView+Simon.h in Headers */,
				659E629D13DAFC4000ACD34C /* SIUIUtils.h in Headers */,
				94327D9C13EAD1D50003646C /* TouchSynthesis.h in Headers */,
				9499DB6D13F017190053BEEA /* SIUIHandlerFactory.h in Headers */,
				9499DB7213F017DC0053BEEA /* SIUIAction.h in Headers */,
				942F7F66141F9197009F3550 /* SIUIViewHandler.h in Headers */,
				943A3969143DD2D0000D506C /* SIConstants.h in Headers */,
				9490248C144089A3006132A5 /* SIStoryInAppReporter.h in Headers */,
				9490249414408DC4006132A5 /* SIStoryInAppViewController.h in Headers */,
			);
			runOnlyForDeploymentPostprocessing = 0;
		};
/* End PBXHeadersBuildPhase section */

/* Begin PBXNativeTarget section */
		653D0E8913A782AD00A5AB82 /* Simon */ = {
			isa = PBXNativeTarget;
			buildConfigurationList = 653D0E9413A782AD00A5AB82 /* Build configuration list for PBXNativeTarget "Simon" */;
			buildPhases = (
				653D0E8613A782AD00A5AB82 /* Sources */,
				653D0E8713A782AD00A5AB82 /* Frameworks */,
				653D0E8813A782AD00A5AB82 /* Headers */,
			);
			buildRules = (
			);
			dependencies = (
			);
			name = Simon;
			productName = Simon;
			productReference = 653D0E8A13A782AD00A5AB82 /* libSimon.a */;
			productType = "com.apple.product-type.library.static";
		};
		653D0E9A13A783A500A5AB82 /* Unit tests */ = {
			isa = PBXNativeTarget;
			buildConfigurationList = 653D0EAE13A783A500A5AB82 /* Build configuration list for PBXNativeTarget "Unit tests" */;
			buildPhases = (
				653D0E9713A783A500A5AB82 /* Sources */,
				653D0E9813A783A500A5AB82 /* Frameworks */,
				653D0E9913A783A500A5AB82 /* Resources */,
			);
			buildRules = (
			);
			dependencies = (
				65D09AAD13D9AEC300D1A74B /* PBXTargetDependency */,
			);
			name = "Unit tests";
			productName = "Unit tests";
			productReference = 653D0E9B13A783A500A5AB82 /* Unit tests.app */;
			productType = "com.apple.product-type.application";
		};
		659E625913D9BE9600ACD34C /* App with tests */ = {
			isa = PBXNativeTarget;
			buildConfigurationList = 659E628113D9BE9600ACD34C /* Build configuration list for PBXNativeTarget "App with tests" */;
			buildPhases = (
				659E625613D9BE9600ACD34C /* Sources */,
				659E625713D9BE9600ACD34C /* Frameworks */,
				659E625813D9BE9600ACD34C /* Resources */,
			);
			buildRules = (
			);
			dependencies = (
				659E628413D9BEA000ACD34C /* PBXTargetDependency */,
			);
			name = "App with tests";
			productName = TestApp2;
			productReference = 659E625A13D9BE9600ACD34C /* App with tests.app */;
			productType = "com.apple.product-type.application";
		};
/* End PBXNativeTarget section */

/* Begin PBXProject section */
		653D0E8113A782AC00A5AB82 /* Project object */ = {
			isa = PBXProject;
			attributes = {
				LastUpgradeCheck = 0420;
				ORGANIZATIONNAME = Sensis;
			};
			buildConfigurationList = 653D0E8413A782AC00A5AB82 /* Build configuration list for PBXProject "Simon" */;
			compatibilityVersion = "Xcode 3.2";
			developmentRegion = English;
			hasScannedForEncodings = 0;
			knownRegions = (
				en,
			);
			mainGroup = 653D0E7F13A782AC00A5AB82;
			productRefGroup = 653D0E8B13A782AD00A5AB82 /* Products */;
			projectDirPath = "";
			projectRoot = "";
			targets = (
				653D0E8913A782AD00A5AB82 /* Simon */,
				653D0E9A13A783A500A5AB82 /* Unit tests */,
				659E625913D9BE9600ACD34C /* App with tests */,
			);
		};
/* End PBXProject section */

/* Begin PBXResourcesBuildPhase section */
		653D0E9913A783A500A5AB82 /* Resources */ = {
			isa = PBXResourcesBuildPhase;
			buildActionMask = 2147483647;
			files = (
				653D0EEE13A783DC00A5AB82 /* Non keyword steps.stories in Resources */,
				653D0EEF13A783DC00A5AB82 /* Story files.stories in Resources */,
				65FCD12E13B2291400A90FCA /* Unformatted.stories in Resources */,
				65D03BDE13BB3DE300A3F0FA /* Out of order steps1.stories in Resources */,
				65D03BE013BB3E1200A3F0FA /* Out of order steps2.stories in Resources */,
				65D03BE213BB3EFE00A3F0FA /* Out of order steps3.stories in Resources */,
				65D03BE413BB4BFE00A3F0FA /* Non word steps.stories in Resources */,
				65D03BE613BCB8CE00A3F0FA /* Communication.stories in Resources */,
			);
			runOnlyForDeploymentPostprocessing = 0;
		};
		659E625813D9BE9600ACD34C /* Resources */ = {
			isa = PBXResourcesBuildPhase;
			buildActionMask = 2147483647;
			files = (
				659E626413D9BE9600ACD34C /* InfoPlist.strings in Resources */,
				659E626F13D9BE9600ACD34C /* first.png in Resources */,
				659E627113D9BE9600ACD34C /* first@2x.png in Resources */,
				659E627613D9BE9600ACD34C /* second.png in Resources */,
				659E627813D9BE9600ACD34C /* second@2x.png in Resources */,
				659E627B13D9BE9600ACD34C /* FirstViewController.xib in Resources */,
				659E627E13D9BE9600ACD34C /* SecondViewController.xib in Resources */,
				659E628A13D9C08700ACD34C /* First.stories in Resources */,
				94C18E8A1439DBEB00B28D44 /* Macro.stories in Resources */,
			);
			runOnlyForDeploymentPostprocessing = 0;
		};
/* End PBXResourcesBuildPhase section */

/* Begin PBXSourcesBuildPhase section */
		653D0E8613A782AD00A5AB82 /* Sources */ = {
			isa = PBXSourcesBuildPhase;
			buildActionMask = 2147483647;
			files = (
				653D0EC513A783C000A5AB82 /* SIStep.m in Sources */,
				653D0EC813A783C000A5AB82 /* SIStory.m in Sources */,
				653D0ECF13A783C000A5AB82 /* SIStoryFileReader.m in Sources */,
				6551A98213AB904A00679B94 /* SIStoryRunner.m in Sources */,
				6551A98B13AC8A5300679B94 /* NSString+Simon.m in Sources */,
				65FCD11F13AE2D6A00A90FCA /* SIStepMapping.m in Sources */,
				65FCD12713AF622400A90FCA /* SIRuntime.m in Sources */,
				65D03BDB13BA099700A3F0FA /* SIStoryLogReporter.m in Sources */,
				652D4E4E13CDD44400633E51 /* SIAppBackpack.m in Sources */,
				659E629213D9C3E200ACD34C /* UIView+Simon.m in Sources */,
				659E629E13DAFC4000ACD34C /* SIUIUtils.m in Sources */,
				94327D9D13EAD1D50003646C /* TouchSynthesis.m in Sources */,
				9499DB6E13F017190053BEEA /* SIUIHandlerFactory.m in Sources */,
				942F7F67141F9197009F3550 /* SIUIViewHandler.m in Sources */,
				943A396A143DD2D0000D506C /* SIConstants.m in Sources */,
				9490248D144089A3006132A5 /* SIStoryInAppReporter.m in Sources */,
				9490249514408DC4006132A5 /* SIStoryInAppViewController.m in Sources */,
			);
			runOnlyForDeploymentPostprocessing = 0;
		};
		653D0E9713A783A500A5AB82 /* Sources */ = {
			isa = PBXSourcesBuildPhase;
			buildActionMask = 2147483647;
			files = (
				653D0EE413A783DC00A5AB82 /* SIStepTests.m in Sources */,
				653D0EE813A783DC00A5AB82 /* SIStoryFileReaderTests.m in Sources */,
				65A85A6413A86C6600599E31 /* GHUnitIOSTestMain.m in Sources */,
				65D35BC313A8BA130007A8AD /* NSObject+UtilsTests.m in Sources */,
				6551A98713AB931F00679B94 /* SIStoryRunnerTests.m in Sources */,
				6551A99113AC8B8900679B94 /* NSString+UtilsTests.m in Sources */,
				65FCD11913ADE3F700A90FCA /* SIRuntimeTests.m in Sources */,
				65FCD13313B23E9100A90FCA /* SIStepMappingTests.m in Sources */,
				65B647CE13B8B11E0083C114 /* SIStoryTests.m in Sources */,
				65D03BE913BCB95000A3F0FA /* CommsASteps.m in Sources */,
				65D03BEC13BCBA3100A3F0FA /* CommsBSteps.m in Sources */,
				659E62A513DB028900ACD34C /* SIUIUtilsTests.m in Sources */,
				9406BD34140D17C500E76E86 /* SISimonTests.m in Sources */,
				9465773F141B97B90026F1FB /* SIUIViewHandlerTests.m in Sources */,
				94657743141C95160026F1FB /* AbstractTestWithControlsOnView.m in Sources */,
				94AED1541420DB660070D3BB /* SIUIHandlerFactoryTests.m in Sources */,
			);
			runOnlyForDeploymentPostprocessing = 0;
		};
		659E625613D9BE9600ACD34C /* Sources */ = {
			isa = PBXSourcesBuildPhase;
			buildActionMask = 2147483647;
			files = (
				659E626613D9BE9600ACD34C /* main.m in Sources */,
				659E626A13D9BE9600ACD34C /* TestApp2AppDelegate.m in Sources */,
				659E626D13D9BE9600ACD34C /* FirstViewController.m in Sources */,
				659E627413D9BE9600ACD34C /* SecondViewController.m in Sources */,
				659E628D13D9C0D000ACD34C /* StoryImplementations.m in Sources */,
				94C18E8D1439DC7B00B28D44 /* MacroStoryImplementations.m in Sources */,
			);
			runOnlyForDeploymentPostprocessing = 0;
		};
/* End PBXSourcesBuildPhase section */

/* Begin PBXTargetDependency section */
		659E628413D9BEA000ACD34C /* PBXTargetDependency */ = {
			isa = PBXTargetDependency;
			target = 653D0E8913A782AD00A5AB82 /* Simon */;
			targetProxy = 659E628313D9BEA000ACD34C /* PBXContainerItemProxy */;
		};
		65D09AAD13D9AEC300D1A74B /* PBXTargetDependency */ = {
			isa = PBXTargetDependency;
			target = 653D0E8913A782AD00A5AB82 /* Simon */;
			targetProxy = 65D09AAC13D9AEC300D1A74B /* PBXContainerItemProxy */;
		};
/* End PBXTargetDependency section */

/* Begin PBXVariantGroup section */
		659E626213D9BE9600ACD34C /* InfoPlist.strings */ = {
			isa = PBXVariantGroup;
			children = (
				659E626313D9BE9600ACD34C /* en */,
			);
			name = InfoPlist.strings;
			sourceTree = "<group>";
		};
		659E627913D9BE9600ACD34C /* FirstViewController.xib */ = {
			isa = PBXVariantGroup;
			children = (
				659E627A13D9BE9600ACD34C /* en */,
			);
			name = FirstViewController.xib;
			sourceTree = "<group>";
		};
		659E627C13D9BE9600ACD34C /* SecondViewController.xib */ = {
			isa = PBXVariantGroup;
			children = (
				659E627D13D9BE9600ACD34C /* en */,
			);
			name = SecondViewController.xib;
			sourceTree = "<group>";
		};
/* End PBXVariantGroup section */

/* Begin XCBuildConfiguration section */
		653D0E9213A782AD00A5AB82 /* Debug */ = {
			isa = XCBuildConfiguration;
			buildSettings = {
				ALWAYS_SEARCH_USER_PATHS = NO;
				ARCHS = "$(ARCHS_STANDARD_32_BIT)";
				CLANG_ENABLE_OBJC_ARC = NO;
				CLANG_WARN_OBJCPP_ARC_ABI = NO;
				COPY_PHASE_STRIP = NO;
				FRAMEWORK_SEARCH_PATHS = "";
				GCC_C_LANGUAGE_STANDARD = gnu99;
				GCC_DYNAMIC_NO_PIC = NO;
				GCC_OPTIMIZATION_LEVEL = 0;
				GCC_PREPROCESSOR_DEFINITIONS = DEBUG;
				GCC_SYMBOLS_PRIVATE_EXTERN = NO;
				GCC_VERSION = com.apple.compilers.llvm.clang.1_0;
				GCC_WARN_ABOUT_MISSING_PROTOTYPES = YES;
				GCC_WARN_ABOUT_RETURN_TYPE = YES;
				GCC_WARN_UNUSED_VARIABLE = YES;
				IPHONEOS_DEPLOYMENT_TARGET = 4.3;
				OTHER_LDFLAGS = (
					"-ObjC",
					"-all_load",
				);
				RUN_CLANG_STATIC_ANALYZER = YES;
				SDKROOT = iphoneos;
				TARGETED_DEVICE_FAMILY = "1,2";
			};
			name = Debug;
		};
		653D0E9313A782AD00A5AB82 /* Release */ = {
			isa = XCBuildConfiguration;
			buildSettings = {
				ALWAYS_SEARCH_USER_PATHS = NO;
				ARCHS = "$(ARCHS_STANDARD_32_BIT)";
				CLANG_ENABLE_OBJC_ARC = NO;
				CLANG_WARN_OBJCPP_ARC_ABI = NO;
				COPY_PHASE_STRIP = YES;
				FRAMEWORK_SEARCH_PATHS = "";
				GCC_C_LANGUAGE_STANDARD = gnu99;
				GCC_PREPROCESSOR_DEFINITIONS = "";
				GCC_VERSION = com.apple.compilers.llvm.clang.1_0;
				GCC_WARN_ABOUT_MISSING_PROTOTYPES = YES;
				GCC_WARN_ABOUT_RETURN_TYPE = YES;
				GCC_WARN_UNUSED_VARIABLE = YES;
				IPHONEOS_DEPLOYMENT_TARGET = 4.3;
				OTHER_LDFLAGS = (
					"-ObjC",
					"-all_load",
				);
				RUN_CLANG_STATIC_ANALYZER = YES;
				SDKROOT = iphoneos;
				TARGETED_DEVICE_FAMILY = "1,2";
				VALIDATE_PRODUCT = YES;
			};
			name = Release;
		};
		653D0E9513A782AD00A5AB82 /* Debug */ = {
			isa = XCBuildConfiguration;
			buildSettings = {
				DSTROOT = /tmp/Simon.dst;
				FRAMEWORK_SEARCH_PATHS = (
					"$(inherited)",
					"\"$(SRCROOT)/../Releases/dUsefulStuff/v0.0.13\"",
					"\"$(SRCROOT)/../Releases/dNodi/v0.3.0\"",
				);
				GCC_PRECOMPILE_PREFIX_HEADER = YES;
				GCC_PREFIX_HEADER = "Simon-Prefix.pch";
				GCC_PREPROCESSOR_DEFINITIONS = (
					DEBUG,
					DC_DEBUG,
				);
				PRODUCT_NAME = "$(TARGET_NAME)";
				SKIP_INSTALL = YES;
			};
			name = Debug;
		};
		653D0E9613A782AD00A5AB82 /* Release */ = {
			isa = XCBuildConfiguration;
			buildSettings = {
				DSTROOT = /tmp/Simon.dst;
				FRAMEWORK_SEARCH_PATHS = (
					"$(inherited)",
					"\"$(SRCROOT)/../Releases/dUsefulStuff/v0.0.13\"",
					"\"$(SRCROOT)/../Releases/dNodi/v0.3.0\"",
				);
				GCC_PRECOMPILE_PREFIX_HEADER = YES;
				GCC_PREFIX_HEADER = "Simon-Prefix.pch";
				PRODUCT_NAME = "$(TARGET_NAME)";
				SKIP_INSTALL = YES;
			};
			name = Release;
		};
		653D0EAF13A783A500A5AB82 /* Debug */ = {
			isa = XCBuildConfiguration;
			buildSettings = {
				FRAMEWORK_SEARCH_PATHS = (
					"$(inherited)",
					"\"$(SRCROOT)/../Releases/OCMock/v0.1.7\"",
					"\"$(SRCROOT)/../tools\"",
					"\"$(SRCROOT)/../tools/GHUnit 0.4.28\"",
					"\"$(SRCROOT)/../Releases/dUsefulStuff/v0.0.13\"",
					"\"$(SRCROOT)/../Releases/dNodi/v0.3.0\"",
				);
				GCC_PRECOMPILE_PREFIX_HEADER = YES;
				GCC_PREFIX_HEADER = "Simon-Prefix.pch";
				GCC_PREPROCESSOR_DEFINITIONS = DC_DEBUG;
				INFOPLIST_FILE = "tests/GHUnit-Tests-Info.plist";
				PRODUCT_NAME = "$(TARGET_NAME)";
				WRAPPER_EXTENSION = app;
			};
			name = Debug;
		};
		653D0EB013A783A500A5AB82 /* Release */ = {
			isa = XCBuildConfiguration;
			buildSettings = {
				FRAMEWORK_SEARCH_PATHS = (
					"$(inherited)",
					"\"$(SRCROOT)/../Releases/OCMock/v0.1.7\"",
					"\"$(SRCROOT)/../tools\"",
					"\"$(SRCROOT)/../tools/GHUnit 0.4.28\"",
					"\"$(SRCROOT)/../Releases/dUsefulStuff/v0.0.13\"",
					"\"$(SRCROOT)/../Releases/dNodi/v0.3.0\"",
				);
				GCC_PRECOMPILE_PREFIX_HEADER = YES;
				GCC_PREFIX_HEADER = "Simon-Prefix.pch";
				INFOPLIST_FILE = "tests/GHUnit-Tests-Info.plist";
				OTHER_CFLAGS = "-DNS_BLOCK_ASSERTIONS=1";
				PRODUCT_NAME = "$(TARGET_NAME)";
				WRAPPER_EXTENSION = app;
			};
			name = Release;
		};
		659E627F13D9BE9600ACD34C /* Debug */ = {
			isa = XCBuildConfiguration;
			buildSettings = {
				CLANG_ENABLE_OBJC_ARC = NO;
				FRAMEWORK_SEARCH_PATHS = (
					"$(inherited)",
					"\"$(SRCROOT)/../Releases/dUsefulStuff/v0.0.13\"",
					"\"$(SRCROOT)/../Releases/dNodi/v0.3.0\"",
					"\"$(SRCROOT)/../tools/GHUnit 0.4.28\"",
					"\"$(DEVELOPER_FRAMEWORKS_DIR)\"",
				);
				GCC_PRECOMPILE_PREFIX_HEADER = YES;
				GCC_PREFIX_HEADER = "App with tests/TestApp2-Prefix.pch";
				GCC_PREPROCESSOR_DEFINITIONS = (
					"$(inherited)",
					DC_DEBUG,
				);
				INFOPLIST_FILE = "App with tests/TestApp2-Info.plist";
				IPHONEOS_DEPLOYMENT_TARGET = 5.0;
				PRODUCT_NAME = "$(TARGET_NAME)";
				WRAPPER_EXTENSION = app;
			};
			name = Debug;
		};
		659E628013D9BE9600ACD34C /* Release */ = {
			isa = XCBuildConfiguration;
			buildSettings = {
				CLANG_ENABLE_OBJC_ARC = NO;
				FRAMEWORK_SEARCH_PATHS = (
					"$(inherited)",
					"\"$(SRCROOT)/../Releases/dUsefulStuff/v0.0.13\"",
					"\"$(SRCROOT)/../Releases/dNodi/v0.3.0\"",
					"\"$(SRCROOT)/../tools/GHUnit 0.4.28\"",
					"\"$(DEVELOPER_FRAMEWORKS_DIR)\"",
				);
				GCC_PRECOMPILE_PREFIX_HEADER = YES;
				GCC_PREFIX_HEADER = "App with tests/TestApp2-Prefix.pch";
				INFOPLIST_FILE = "App with tests/TestApp2-Info.plist";
				IPHONEOS_DEPLOYMENT_TARGET = 5.0;
				OTHER_CFLAGS = "-DNS_BLOCK_ASSERTIONS=1";
				PRODUCT_NAME = "$(TARGET_NAME)";
				WRAPPER_EXTENSION = app;
			};
			name = Release;
		};
/* End XCBuildConfiguration section */

/* Begin XCConfigurationList section */
		653D0E8413A782AC00A5AB82 /* Build configuration list for PBXProject "Simon" */ = {
			isa = XCConfigurationList;
			buildConfigurations = (
				653D0E9213A782AD00A5AB82 /* Debug */,
				653D0E9313A782AD00A5AB82 /* Release */,
			);
			defaultConfigurationIsVisible = 0;
			defaultConfigurationName = Release;
		};
		653D0E9413A782AD00A5AB82 /* Build configuration list for PBXNativeTarget "Simon" */ = {
			isa = XCConfigurationList;
			buildConfigurations = (
				653D0E9513A782AD00A5AB82 /* Debug */,
				653D0E9613A782AD00A5AB82 /* Release */,
			);
			defaultConfigurationIsVisible = 0;
			defaultConfigurationName = Release;
		};
		653D0EAE13A783A500A5AB82 /* Build configuration list for PBXNativeTarget "Unit tests" */ = {
			isa = XCConfigurationList;
			buildConfigurations = (
				653D0EAF13A783A500A5AB82 /* Debug */,
				653D0EB013A783A500A5AB82 /* Release */,
			);
			defaultConfigurationIsVisible = 0;
			defaultConfigurationName = Release;
		};
		659E628113D9BE9600ACD34C /* Build configuration list for PBXNativeTarget "App with tests" */ = {
			isa = XCConfigurationList;
			buildConfigurations = (
				659E627F13D9BE9600ACD34C /* Debug */,
				659E628013D9BE9600ACD34C /* Release */,
			);
			defaultConfigurationIsVisible = 0;
			defaultConfigurationName = Release;
		};
/* End XCConfigurationList section */
	};
	rootObject = 653D0E8113A782AC00A5AB82 /* Project object */;
}
