// !$*UTF8*$!
{
	archiveVersion = 1;
	classes = {
	};
	objectVersion = 46;
	objects = {

/* Begin PBXBuildFile section */
		3221C79E150C9365003CA286 /* SIUIViewInfo.h in Headers */ = {isa = PBXBuildFile; fileRef = 3221C79D150C9365003CA286 /* SIUIViewInfo.h */; settings = {ATTRIBUTES = (Public, ); }; };
		3221C7A1150C956A003CA286 /* SIUIButtonHandler.h in Headers */ = {isa = PBXBuildFile; fileRef = 3221C79F150C956A003CA286 /* SIUIButtonHandler.h */; settings = {ATTRIBUTES = (Public, ); }; };
		3221C7A2150C956A003CA286 /* SIUIButtonHandler.m in Sources */ = {isa = PBXBuildFile; fileRef = 3221C7A0150C956A003CA286 /* SIUIButtonHandler.m */; };
		3221C7A4150CBD75003CA286 /* SIUIButtonHandlerTests.m in Sources */ = {isa = PBXBuildFile; fileRef = 3221C7A3150CBD75003CA286 /* SIUIButtonHandlerTests.m */; };
		3221C7A7150CD1DE003CA286 /* SIUILabelHandler.h in Headers */ = {isa = PBXBuildFile; fileRef = 3221C7A5150CD1DD003CA286 /* SIUILabelHandler.h */; settings = {ATTRIBUTES = (Public, ); }; };
		3221C7A8150CD1DE003CA286 /* SIUILabelHandler.m in Sources */ = {isa = PBXBuildFile; fileRef = 3221C7A6150CD1DD003CA286 /* SIUILabelHandler.m */; };
		3221C7AA150CD24C003CA286 /* SIUILabelHandlerTests.m in Sources */ = {isa = PBXBuildFile; fileRef = 3221C7A9150CD24C003CA286 /* SIUILabelHandlerTests.m */; };
		322DA95315A18A4B005CFC83 /* Foundation.framework in Frameworks */ = {isa = PBXBuildFile; fileRef = 653D0E8D13A782AD00A5AB82 /* Foundation.framework */; };
		322DA95615A18A4B005CFC83 /* main.m in Sources */ = {isa = PBXBuildFile; fileRef = 322DA95515A18A4B005CFC83 /* main.m */; };
		322DA95A15A18A4B005CFC83 /* PieMan.1 in CopyFiles */ = {isa = PBXBuildFile; fileRef = 322DA95915A18A4B005CFC83 /* PieMan.1 */; };
		324108B61509C19400AFBF66 /* SIUIViewDescriptionVisitor.h in Headers */ = {isa = PBXBuildFile; fileRef = 324108B41509C19400AFBF66 /* SIUIViewDescriptionVisitor.h */; settings = {ATTRIBUTES = (Public, ); }; };
		324108B71509C19400AFBF66 /* SIUIViewDescriptionVisitor.m in Sources */ = {isa = PBXBuildFile; fileRef = 324108B51509C19400AFBF66 /* SIUIViewDescriptionVisitor.m */; };
		324108BA1509C23200AFBF66 /* SIUIViewDescriptionVisitorDelegate.h in Headers */ = {isa = PBXBuildFile; fileRef = 324108B91509C23200AFBF66 /* SIUIViewDescriptionVisitorDelegate.h */; settings = {ATTRIBUTES = (Public, ); }; };
		324108BC1509C61E00AFBF66 /* SIUIViewDescriptionVisitorTests.m in Sources */ = {isa = PBXBuildFile; fileRef = 324108BB1509C61E00AFBF66 /* SIUIViewDescriptionVisitorTests.m */; };
		325683D914EF6CEB00F7C189 /* SIUIConstants.h in Headers */ = {isa = PBXBuildFile; fileRef = 325683D814EF6CEB00F7C189 /* SIUIConstants.h */; settings = {ATTRIBUTES = (Public, ); }; };
		3260B810151CB81C005A5AAA /* SIUINotAnInputViewException.h in Headers */ = {isa = PBXBuildFile; fileRef = 3260B80E151CB81C005A5AAA /* SIUINotAnInputViewException.h */; settings = {ATTRIBUTES = (Public, ); }; };
		3260B811151CB81C005A5AAA /* SIUINotAnInputViewException.m in Sources */ = {isa = PBXBuildFile; fileRef = 3260B80F151CB81C005A5AAA /* SIUINotAnInputViewException.m */; };
		3265B0231514487100BE0930 /* Macro.stories in Resources */ = {isa = PBXBuildFile; fileRef = 3265B0211514487100BE0930 /* Macro.stories */; };
		3265B0241514487100BE0930 /* MacroStoryImplementations.m in Sources */ = {isa = PBXBuildFile; fileRef = 3265B0221514487100BE0930 /* MacroStoryImplementations.m */; };
		3265B02715144DB400BE0930 /* SIUIAbstractEventGenerator.h in Headers */ = {isa = PBXBuildFile; fileRef = 3265B02515144DB300BE0930 /* SIUIAbstractEventGenerator.h */; settings = {ATTRIBUTES = (Public, ); }; };
		3265B02815144DB400BE0930 /* SIUIAbstractEventGenerator.m in Sources */ = {isa = PBXBuildFile; fileRef = 3265B02615144DB300BE0930 /* SIUIAbstractEventGenerator.m */; };
		3265B02A1514887600BE0930 /* UIViewSimonTests.m in Sources */ = {isa = PBXBuildFile; fileRef = 3265B0291514887600BE0930 /* UIViewSimonTests.m */; };
		32741D7914EB581E00093E0F /* UITouch+Simon.m in Sources */ = {isa = PBXBuildFile; fileRef = 32741D7714EB581E00093E0F /* UITouch+Simon.m */; };
		32741D7D14EB5BAE00093E0F /* UIEvent+Simon.m in Sources */ = {isa = PBXBuildFile; fileRef = 32741D7B14EB5BAE00093E0F /* UIEvent+Simon.m */; };
		327FBEB215AF13D600F271BA /* CFNetwork.framework in Frameworks */ = {isa = PBXBuildFile; fileRef = 327FBEB115AF13D600F271BA /* CFNetwork.framework */; };
		327FBEB415AF146900F271BA /* Security.framework in Frameworks */ = {isa = PBXBuildFile; fileRef = 327FBEB315AF146900F271BA /* Security.framework */; };
		3296322614F751D300D9310A /* SIUITapGenerator.h in Headers */ = {isa = PBXBuildFile; fileRef = 3296322414F751D300D9310A /* SIUITapGenerator.h */; settings = {ATTRIBUTES = (Public, ); }; };
		3296322714F751D300D9310A /* SIUITapGenerator.m in Sources */ = {isa = PBXBuildFile; fileRef = 3296322514F751D300D9310A /* SIUITapGenerator.m */; };
		3298250F15039FE300631203 /* UIKit.framework in Frameworks */ = {isa = PBXBuildFile; fileRef = 653D0E9D13A783A500A5AB82 /* UIKit.framework */; };
		3298251015039FE300631203 /* Foundation.framework in Frameworks */ = {isa = PBXBuildFile; fileRef = 653D0E8D13A782AD00A5AB82 /* Foundation.framework */; };
		3298251115039FE300631203 /* CoreGraphics.framework in Frameworks */ = {isa = PBXBuildFile; fileRef = 653D0EA013A783A500A5AB82 /* CoreGraphics.framework */; };
		3298251715039FE300631203 /* InfoPlist.strings in Resources */ = {isa = PBXBuildFile; fileRef = 3298251515039FE300631203 /* InfoPlist.strings */; };
		3298251915039FE300631203 /* main.m in Sources */ = {isa = PBXBuildFile; fileRef = 3298251815039FE300631203 /* main.m */; };
		3298251D15039FE300631203 /* AppDelegate.m in Sources */ = {isa = PBXBuildFile; fileRef = 3298251C15039FE300631203 /* AppDelegate.m */; };
		3298252015039FE300631203 /* MainStoryboard.storyboard in Resources */ = {isa = PBXBuildFile; fileRef = 3298251E15039FE300631203 /* MainStoryboard.storyboard */; };
		3298252315039FE300631203 /* FirstViewController.m in Sources */ = {isa = PBXBuildFile; fileRef = 3298252215039FE300631203 /* FirstViewController.m */; };
		3298252515039FE300631203 /* first.png in Resources */ = {isa = PBXBuildFile; fileRef = 3298252415039FE300631203 /* first.png */; };
		3298252715039FE300631203 /* first@2x.png in Resources */ = {isa = PBXBuildFile; fileRef = 3298252615039FE300631203 /* first@2x.png */; };
		3298252A15039FE300631203 /* SecondViewController.m in Sources */ = {isa = PBXBuildFile; fileRef = 3298252915039FE300631203 /* SecondViewController.m */; };
		3298252C15039FE300631203 /* second.png in Resources */ = {isa = PBXBuildFile; fileRef = 3298252B15039FE300631203 /* second.png */; };
		3298252E15039FE300631203 /* second@2x.png in Resources */ = {isa = PBXBuildFile; fileRef = 3298252D15039FE300631203 /* second@2x.png */; };
		329825341503A02A00631203 /* dNodi.framework in Frameworks */ = {isa = PBXBuildFile; fileRef = 94327D7113E44F9A0003646C /* dNodi.framework */; };
		329825351503A02E00631203 /* dUsefulStuff.framework in Frameworks */ = {isa = PBXBuildFile; fileRef = 65D09A6313D99C5900D1A74B /* dUsefulStuff.framework */; };
		329825391503A0FF00631203 /* BDD.stories in Resources */ = {isa = PBXBuildFile; fileRef = 329825381503A0FF00631203 /* BDD.stories */; };
		3298253C1504C87700631203 /* BDDImplementations.m in Sources */ = {isa = PBXBuildFile; fileRef = 3298253B1504C87600631203 /* BDDImplementations.m */; };
		32A7E80E15AEB482004AF2C6 /* libSimon-core.a in Frameworks */ = {isa = PBXBuildFile; fileRef = 3283D4E615AE9DC600E52C8F /* libSimon-core.a */; };
		32A7E8DE15AEC1A1004AF2C6 /* libSimonHttpServer.a in Frameworks */ = {isa = PBXBuildFile; fileRef = 32A7E8DD15AEC19A004AF2C6 /* libSimonHttpServer.a */; };
		32A8F6841574A819006C5A91 /* libSimon.a in Frameworks */ = {isa = PBXBuildFile; fileRef = 653D0E8A13A782AD00A5AB82 /* libSimon.a */; };
		32A9D11014C907BC00B0CFBD /* NSInvocations.m in Sources */ = {isa = PBXBuildFile; fileRef = 32A9D10F14C907BC00B0CFBD /* NSInvocations.m */; };
		32A9D11314C914B500B0CFBD /* SIMacroTests.m in Sources */ = {isa = PBXBuildFile; fileRef = 32A9D11214C914B500B0CFBD /* SIMacroTests.m */; };
		32B0ABF914E8DF780020500E /* SISyntaxException.h in Headers */ = {isa = PBXBuildFile; fileRef = 32B0ABF714E8DF780020500E /* SISyntaxException.h */; settings = {ATTRIBUTES = (Public, ); }; };
		32B0ABFA14E8DF780020500E /* SISyntaxException.m in Sources */ = {isa = PBXBuildFile; fileRef = 32B0ABF814E8DF780020500E /* SISyntaxException.m */; };
		32B0ABFD14E8DFEC0020500E /* SIUINotFoundException.h in Headers */ = {isa = PBXBuildFile; fileRef = 32B0ABFB14E8DFEC0020500E /* SIUINotFoundException.h */; settings = {ATTRIBUTES = (Public, ); }; };
		32B0ABFE14E8DFEC0020500E /* SIUINotFoundException.m in Sources */ = {isa = PBXBuildFile; fileRef = 32B0ABFC14E8DFEC0020500E /* SIUINotFoundException.m */; };
		32B0AC0714E8E2660020500E /* SIUITooManyFoundException.h in Headers */ = {isa = PBXBuildFile; fileRef = 32B0AC0514E8E2660020500E /* SIUITooManyFoundException.h */; settings = {ATTRIBUTES = (Public, ); }; };
		32B0AC0814E8E2660020500E /* SIUITooManyFoundException.m in Sources */ = {isa = PBXBuildFile; fileRef = 32B0AC0614E8E2660020500E /* SIUITooManyFoundException.m */; };
		32B0AC0B14E8E8210020500E /* SIAbstractException.h in Headers */ = {isa = PBXBuildFile; fileRef = 32B0AC0914E8E8210020500E /* SIAbstractException.h */; settings = {ATTRIBUTES = (Public, ); }; };
		32B0AC0C14E8E8210020500E /* SIAbstractException.m in Sources */ = {isa = PBXBuildFile; fileRef = 32B0AC0A14E8E8210020500E /* SIAbstractException.m */; };
		32B0AC0F14E8EB170020500E /* SIUIException.h in Headers */ = {isa = PBXBuildFile; fileRef = 32B0AC0D14E8EB170020500E /* SIUIException.h */; settings = {ATTRIBUTES = (Public, ); }; };
		32B0AC1014E8EB170020500E /* SIUIException.m in Sources */ = {isa = PBXBuildFile; fileRef = 32B0AC0E14E8EB170020500E /* SIUIException.m */; };
		32BF7CFE14F9152D00A0B197 /* SIUITapGeneratorTests.m in Sources */ = {isa = PBXBuildFile; fileRef = 32BF7CFD14F9152D00A0B197 /* SIUITapGeneratorTests.m */; };
		32BF7D0014F9CB2900A0B197 /* SIUISwipeGeneratorTests.m in Sources */ = {isa = PBXBuildFile; fileRef = 32BF7CFF14F9CB2900A0B197 /* SIUISwipeGeneratorTests.m */; };
		32D5D98A14E1357900D29DD5 /* TestView.xib in Resources */ = {isa = PBXBuildFile; fileRef = 32D5D98914E1357900D29DD5 /* TestView.xib */; };
		32D5D98D14E135A300D29DD5 /* TestViewController.m in Sources */ = {isa = PBXBuildFile; fileRef = 32D5D98C14E135A300D29DD5 /* TestViewController.m */; };
		32D9353815AB08CA00E51C8C /* libSimon.a in Frameworks */ = {isa = PBXBuildFile; fileRef = 653D0E8A13A782AD00A5AB82 /* libSimon.a */; };
		32D9353A15AB0A0700E51C8C /* dUsefulStuff.framework in Frameworks */ = {isa = PBXBuildFile; fileRef = 65D09A6313D99C5900D1A74B /* dUsefulStuff.framework */; };
		32EA6E76150E11E2000A64A1 /* QuartzCore.framework in Frameworks */ = {isa = PBXBuildFile; fileRef = 32EA6E75150E11E2000A64A1 /* QuartzCore.framework */; };
		32F742D814F75F58005E5E97 /* SIUISwipeGenerator.h in Headers */ = {isa = PBXBuildFile; fileRef = 32F742D614F75F58005E5E97 /* SIUISwipeGenerator.h */; settings = {ATTRIBUTES = (Public, ); }; };
		32F742D914F75F58005E5E97 /* SIUISwipeGenerator.m in Sources */ = {isa = PBXBuildFile; fileRef = 32F742D714F75F58005E5E97 /* SIUISwipeGenerator.m */; };
		32F7F3E614EE1E5800F94F65 /* GSEventProxy.h in Headers */ = {isa = PBXBuildFile; fileRef = 32F7F3E414EE1E5800F94F65 /* GSEventProxy.h */; settings = {ATTRIBUTES = (Public, ); }; };
		32F7F3E714EE1E5800F94F65 /* GSEventProxy.m in Sources */ = {isa = PBXBuildFile; fileRef = 32F7F3E514EE1E5800F94F65 /* GSEventProxy.m */; };
		6527B7CA13A871DF005A912F /* GHUnitIOS.framework in Frameworks */ = {isa = PBXBuildFile; fileRef = 653D0EF813A784C100A5AB82 /* GHUnitIOS.framework */; };
		652D4E4D13CDD44400633E51 /* SIAppBackpack.h in Headers */ = {isa = PBXBuildFile; fileRef = 652D4E4B13CDD44300633E51 /* SIAppBackpack.h */; settings = {ATTRIBUTES = (Public, ); }; };
		652D4E4E13CDD44400633E51 /* SIAppBackpack.m in Sources */ = {isa = PBXBuildFile; fileRef = 652D4E4C13CDD44400633E51 /* SIAppBackpack.m */; };
		653D0E8E13A782AD00A5AB82 /* Foundation.framework in Frameworks */ = {isa = PBXBuildFile; fileRef = 653D0E8D13A782AD00A5AB82 /* Foundation.framework */; };
		653D0E9E13A783A500A5AB82 /* UIKit.framework in Frameworks */ = {isa = PBXBuildFile; fileRef = 653D0E9D13A783A500A5AB82 /* UIKit.framework */; };
		653D0E9F13A783A500A5AB82 /* Foundation.framework in Frameworks */ = {isa = PBXBuildFile; fileRef = 653D0E8D13A782AD00A5AB82 /* Foundation.framework */; };
		653D0EA113A783A500A5AB82 /* CoreGraphics.framework in Frameworks */ = {isa = PBXBuildFile; fileRef = 653D0EA013A783A500A5AB82 /* CoreGraphics.framework */; };
		653D0ECE13A783C000A5AB82 /* SIStoryFileReader.h in Headers */ = {isa = PBXBuildFile; fileRef = 653D0EBC13A783C000A5AB82 /* SIStoryFileReader.h */; settings = {ATTRIBUTES = (Public, ); }; };
		653D0ECF13A783C000A5AB82 /* SIStoryFileReader.m in Sources */ = {isa = PBXBuildFile; fileRef = 653D0EBD13A783C000A5AB82 /* SIStoryFileReader.m */; };
		653D0EE813A783DC00A5AB82 /* SIStoryFileReaderTests.m in Sources */ = {isa = PBXBuildFile; fileRef = 653D0ED913A783DC00A5AB82 /* SIStoryFileReaderTests.m */; };
		653D0EEE13A783DC00A5AB82 /* Non keyword steps.stories in Resources */ = {isa = PBXBuildFile; fileRef = 653D0EDE13A783DC00A5AB82 /* Non keyword steps.stories */; };
		653D0EEF13A783DC00A5AB82 /* Story files.stories in Resources */ = {isa = PBXBuildFile; fileRef = 653D0EDF13A783DC00A5AB82 /* Story files.stories */; };
		653D0EF113A7842500A5AB82 /* Simon-Prefix.pch in Headers */ = {isa = PBXBuildFile; fileRef = 653D0EF013A7842500A5AB82 /* Simon-Prefix.pch */; };
		653D0EFE13A7852200A5AB82 /* OCMock.framework in Frameworks */ = {isa = PBXBuildFile; fileRef = 653D0EF613A784A500A5AB82 /* OCMock.framework */; };
		6551A98113AB904A00679B94 /* SIStoryRunner.h in Headers */ = {isa = PBXBuildFile; fileRef = 6551A97F13AB904900679B94 /* SIStoryRunner.h */; settings = {ATTRIBUTES = (Public, ); }; };
		6551A98213AB904A00679B94 /* SIStoryRunner.m in Sources */ = {isa = PBXBuildFile; fileRef = 6551A98013AB904A00679B94 /* SIStoryRunner.m */; };
		6551A98713AB931F00679B94 /* SIStoryRunnerTests.m in Sources */ = {isa = PBXBuildFile; fileRef = 6551A98613AB931F00679B94 /* SIStoryRunnerTests.m */; };
		6551A99313ACDEBE00679B94 /* SISimon.h in Headers */ = {isa = PBXBuildFile; fileRef = 6551A99213ACDEBE00679B94 /* SISimon.h */; settings = {ATTRIBUTES = (Public, ); }; };
		659E629113D9C3E200ACD34C /* UIView+Simon.h in Headers */ = {isa = PBXBuildFile; fileRef = 659E628F13D9C3E200ACD34C /* UIView+Simon.h */; settings = {ATTRIBUTES = (Public, ); }; };
		659E629213D9C3E200ACD34C /* UIView+Simon.m in Sources */ = {isa = PBXBuildFile; fileRef = 659E629013D9C3E200ACD34C /* UIView+Simon.m */; };
		659E629D13DAFC4000ACD34C /* SIUIApplication.h in Headers */ = {isa = PBXBuildFile; fileRef = 659E629B13DAFC4000ACD34C /* SIUIApplication.h */; settings = {ATTRIBUTES = (Public, ); }; };
		659E629E13DAFC4000ACD34C /* SIUIApplication.m in Sources */ = {isa = PBXBuildFile; fileRef = 659E629C13DAFC4000ACD34C /* SIUIApplication.m */; };
		659E629F13DAFEF500ACD34C /* UIKit.framework in Frameworks */ = {isa = PBXBuildFile; fileRef = 653D0E9D13A783A500A5AB82 /* UIKit.framework */; };
		659E62A513DB028900ACD34C /* SIUIApplicationTests.m in Sources */ = {isa = PBXBuildFile; fileRef = 659E62A213DB027E00ACD34C /* SIUIApplicationTests.m */; };
		65A85A6413A86C6600599E31 /* GHUnitIOSTestMain.m in Sources */ = {isa = PBXBuildFile; fileRef = 65A85A6313A86C6600599E31 /* GHUnitIOSTestMain.m */; };
		65D03BD713BA096700A3F0FA /* SIStoryReporter.h in Headers */ = {isa = PBXBuildFile; fileRef = 65D03BD613BA096700A3F0FA /* SIStoryReporter.h */; settings = {ATTRIBUTES = (Public, ); }; };
		65D03BDA13BA099700A3F0FA /* SIStoryLogReporter.h in Headers */ = {isa = PBXBuildFile; fileRef = 65D03BD813BA099700A3F0FA /* SIStoryLogReporter.h */; settings = {ATTRIBUTES = (Public, ); }; };
		65D03BDB13BA099700A3F0FA /* SIStoryLogReporter.m in Sources */ = {isa = PBXBuildFile; fileRef = 65D03BD913BA099700A3F0FA /* SIStoryLogReporter.m */; };
		65D03BDE13BB3DE300A3F0FA /* Out of order steps1.stories in Resources */ = {isa = PBXBuildFile; fileRef = 65D03BDD13BB3DE300A3F0FA /* Out of order steps1.stories */; };
		65D03BE013BB3E1200A3F0FA /* Out of order steps2.stories in Resources */ = {isa = PBXBuildFile; fileRef = 65D03BDF13BB3E1200A3F0FA /* Out of order steps2.stories */; };
		65D03BE213BB3EFE00A3F0FA /* Out of order steps3.stories in Resources */ = {isa = PBXBuildFile; fileRef = 65D03BE113BB3EFD00A3F0FA /* Out of order steps3.stories */; };
		65D03BE413BB4BFE00A3F0FA /* Non word steps.stories in Resources */ = {isa = PBXBuildFile; fileRef = 65D03BE313BB4BF700A3F0FA /* Non word steps.stories */; };
		65D03BE613BCB8CE00A3F0FA /* Communication.stories in Resources */ = {isa = PBXBuildFile; fileRef = 65D03BE513BCB8CE00A3F0FA /* Communication.stories */; };
		65D03BE913BCB95000A3F0FA /* CommsASteps.m in Sources */ = {isa = PBXBuildFile; fileRef = 65D03BE813BCB94F00A3F0FA /* CommsASteps.m */; };
		65D03BEC13BCBA3100A3F0FA /* CommsBSteps.m in Sources */ = {isa = PBXBuildFile; fileRef = 65D03BEB13BCBA3100A3F0FA /* CommsBSteps.m */; };
		65D03BEE13BDEBE000A3F0FA /* SIMacros.h in Headers */ = {isa = PBXBuildFile; fileRef = 65D03BED13BDEBE000A3F0FA /* SIMacros.h */; settings = {ATTRIBUTES = (Public, ); }; };
		65D09A6413D99C5900D1A74B /* dUsefulStuff.framework in Frameworks */ = {isa = PBXBuildFile; fileRef = 65D09A6313D99C5900D1A74B /* dUsefulStuff.framework */; };
		65D09A7813D9A99D00D1A74B /* dUsefulStuff.framework in Frameworks */ = {isa = PBXBuildFile; fileRef = 65D09A6313D99C5900D1A74B /* dUsefulStuff.framework */; };
		65D09AAB13D9AE6D00D1A74B /* libSimon.a in Frameworks */ = {isa = PBXBuildFile; fileRef = 653D0E8A13A782AD00A5AB82 /* libSimon.a */; };
		65FCD11913ADE3F700A90FCA /* SIRuntimeTests.m in Sources */ = {isa = PBXBuildFile; fileRef = 65FCD11713ADE3C200A90FCA /* SIRuntimeTests.m */; };
		65FCD12613AF622400A90FCA /* SIRuntime.h in Headers */ = {isa = PBXBuildFile; fileRef = 65FCD12413AF622300A90FCA /* SIRuntime.h */; settings = {ATTRIBUTES = (Public, ); }; };
		65FCD12713AF622400A90FCA /* SIRuntime.m in Sources */ = {isa = PBXBuildFile; fileRef = 65FCD12513AF622300A90FCA /* SIRuntime.m */; };
		65FCD12E13B2291400A90FCA /* Unformatted.stories in Resources */ = {isa = PBXBuildFile; fileRef = 65FCD12D13B2245D00A90FCA /* Unformatted.stories */; };
		942F7F66141F9197009F3550 /* SIUIViewHandler.h in Headers */ = {isa = PBXBuildFile; fileRef = 942F7F64141F9197009F3550 /* SIUIViewHandler.h */; settings = {ATTRIBUTES = (Public, ); }; };
		942F7F67141F9197009F3550 /* SIUIViewHandler.m in Sources */ = {isa = PBXBuildFile; fileRef = 942F7F65141F9197009F3550 /* SIUIViewHandler.m */; };
		94327D7213E44F9A0003646C /* dNodi.framework in Frameworks */ = {isa = PBXBuildFile; fileRef = 94327D7113E44F9A0003646C /* dNodi.framework */; };
		94327D7313E451810003646C /* dNodi.framework in Frameworks */ = {isa = PBXBuildFile; fileRef = 94327D7113E44F9A0003646C /* dNodi.framework */; };
		9465773F141B97B90026F1FB /* SIUIViewHandlerTests.m in Sources */ = {isa = PBXBuildFile; fileRef = 9465773E141B97B90026F1FB /* SIUIViewHandlerTests.m */; };
		94657743141C95160026F1FB /* AbstractTestWithControlsOnView.m in Sources */ = {isa = PBXBuildFile; fileRef = 94657742141C95160026F1FB /* AbstractTestWithControlsOnView.m */; };
		9490248C144089A3006132A5 /* SIUIReportManager.h in Headers */ = {isa = PBXBuildFile; fileRef = 9490248A144089A3006132A5 /* SIUIReportManager.h */; settings = {ATTRIBUTES = (Public, ); }; };
		9490248D144089A3006132A5 /* SIUIReportManager.m in Sources */ = {isa = PBXBuildFile; fileRef = 9490248B144089A3006132A5 /* SIUIReportManager.m */; };
		9490249414408DC4006132A5 /* SIStoryReportTableViewController.h in Headers */ = {isa = PBXBuildFile; fileRef = 9490249214408DC4006132A5 /* SIStoryReportTableViewController.h */; settings = {ATTRIBUTES = (Public, ); }; };
		9490249514408DC4006132A5 /* SIStoryReportTableViewController.m in Sources */ = {isa = PBXBuildFile; fileRef = 9490249314408DC4006132A5 /* SIStoryReportTableViewController.m */; };
		9499DB6D13F017190053BEEA /* SIUIViewHandlerFactory.h in Headers */ = {isa = PBXBuildFile; fileRef = 9499DB6B13F017190053BEEA /* SIUIViewHandlerFactory.h */; settings = {ATTRIBUTES = (Public, ); }; };
		9499DB6E13F017190053BEEA /* SIUIViewHandlerFactory.m in Sources */ = {isa = PBXBuildFile; fileRef = 9499DB6C13F017190053BEEA /* SIUIViewHandlerFactory.m */; };
		9499DB7213F017DC0053BEEA /* SIUIAction.h in Headers */ = {isa = PBXBuildFile; fileRef = 9499DB7013F017DC0053BEEA /* SIUIAction.h */; settings = {ATTRIBUTES = (Public, ); }; };
		94AED1541420DB660070D3BB /* SIUIHandlerFactoryTests.m in Sources */ = {isa = PBXBuildFile; fileRef = 94AED1511420DB070070D3BB /* SIUIHandlerFactoryTests.m */; };
		94E3753914544A5100FB86AA /* SIStoryDetailsTableViewController.h in Headers */ = {isa = PBXBuildFile; fileRef = 94E3753714544A5000FB86AA /* SIStoryDetailsTableViewController.h */; settings = {ATTRIBUTES = (Public, ); }; };
		94E3753A14544A5100FB86AA /* SIStoryDetailsTableViewController.m in Sources */ = {isa = PBXBuildFile; fileRef = 94E3753814544A5000FB86AA /* SIStoryDetailsTableViewController.m */; };
/* End PBXBuildFile section */

/* Begin PBXContainerItemProxy section */
		327FBE7015AECEC500F271BA /* PBXContainerItemProxy */ = {
			isa = PBXContainerItemProxy;
			containerPortal = 3283D4DE15AE9DC500E52C8F /* Simon-core.xcodeproj */;
			proxyType = 2;
			remoteGlobalIDString = 327FBE4815AECCF400F271BA;
			remoteInfo = "Core Unit Tests";
		};
		3283D4E515AE9DC600E52C8F /* PBXContainerItemProxy */ = {
			isa = PBXContainerItemProxy;
			containerPortal = 3283D4DE15AE9DC500E52C8F /* Simon-core.xcodeproj */;
			proxyType = 2;
			remoteGlobalIDString = 3283D4B715AE920900E52C8F;
			remoteInfo = "Simon-core";
		};
		32A7E8A715AEC069004AF2C6 /* PBXContainerItemProxy */ = {
			isa = PBXContainerItemProxy;
			containerPortal = 32A7E86E15AEC068004AF2C6 /* CocoaHTTPServer.xcodeproj */;
			proxyType = 2;
			remoteGlobalIDString = 322DA73F159B4A5C005CFC83;
			remoteInfo = CocoaHTTPServer;
		};
		32A7E8D915AEC199004AF2C6 /* PBXContainerItemProxy */ = {
			isa = PBXContainerItemProxy;
			containerPortal = 32A7E86E15AEC068004AF2C6 /* CocoaHTTPServer.xcodeproj */;
			proxyType = 1;
			remoteGlobalIDString = 32A7E8B715AEC091004AF2C6;
			remoteInfo = SimonHttpServer;
		};
		32A7E8DC15AEC19A004AF2C6 /* PBXContainerItemProxy */ = {
			isa = PBXContainerItemProxy;
			containerPortal = 32A7E86E15AEC068004AF2C6 /* CocoaHTTPServer.xcodeproj */;
			proxyType = 2;
			remoteGlobalIDString = 32A7E8B815AEC091004AF2C6;
			remoteInfo = SimonHttpServer;
		};
		32A8F6821574A80D006C5A91 /* PBXContainerItemProxy */ = {
			isa = PBXContainerItemProxy;
			containerPortal = 653D0E8113A782AC00A5AB82 /* Project object */;
			proxyType = 1;
			remoteGlobalIDString = 653D0E8913A782AD00A5AB82;
			remoteInfo = Simon;
		};
		32B13BD615AEB34900A0E445 /* PBXContainerItemProxy */ = {
			isa = PBXContainerItemProxy;
			containerPortal = 3283D4DE15AE9DC500E52C8F /* Simon-core.xcodeproj */;
			proxyType = 1;
			remoteGlobalIDString = 3283D4B615AE920900E52C8F;
			remoteInfo = "Simon-core";
		};
		32D9353615AB08C000E51C8C /* PBXContainerItemProxy */ = {
			isa = PBXContainerItemProxy;
			containerPortal = 653D0E8113A782AC00A5AB82 /* Project object */;
			proxyType = 1;
			remoteGlobalIDString = 653D0E8913A782AD00A5AB82;
			remoteInfo = Simon;
		};
		65D09AAC13D9AEC300D1A74B /* PBXContainerItemProxy */ = {
			isa = PBXContainerItemProxy;
			containerPortal = 653D0E8113A782AC00A5AB82 /* Project object */;
			proxyType = 1;
			remoteGlobalIDString = 653D0E8913A782AD00A5AB82;
			remoteInfo = Simon;
		};
/* End PBXContainerItemProxy section */

/* Begin PBXCopyFilesBuildPhase section */
		322DA94F15A18A4B005CFC83 /* CopyFiles */ = {
			isa = PBXCopyFilesBuildPhase;
			buildActionMask = 2147483647;
			dstPath = /usr/share/man/man1/;
			dstSubfolderSpec = 0;
			files = (
				322DA95A15A18A4B005CFC83 /* PieMan.1 in CopyFiles */,
			);
			runOnlyForDeploymentPostprocessing = 1;
		};
		3265B0361514C93A00BE0930 /* CopyFiles */ = {
			isa = PBXCopyFilesBuildPhase;
			buildActionMask = 2147483647;
			dstPath = "";
			dstSubfolderSpec = 7;
			files = (
			);
			runOnlyForDeploymentPostprocessing = 0;
		};
/* End PBXCopyFilesBuildPhase section */

/* Begin PBXFileReference section */
		3221C79D150C9365003CA286 /* SIUIViewInfo.h */ = {isa = PBXFileReference; fileEncoding = 4; lastKnownFileType = sourcecode.c.h; path = SIUIViewInfo.h; sourceTree = "<group>"; };
		3221C79F150C956A003CA286 /* SIUIButtonHandler.h */ = {isa = PBXFileReference; fileEncoding = 4; lastKnownFileType = sourcecode.c.h; path = SIUIButtonHandler.h; sourceTree = "<group>"; };
		3221C7A0150C956A003CA286 /* SIUIButtonHandler.m */ = {isa = PBXFileReference; fileEncoding = 4; lastKnownFileType = sourcecode.c.objc; path = SIUIButtonHandler.m; sourceTree = "<group>"; };
		3221C7A3150CBD75003CA286 /* SIUIButtonHandlerTests.m */ = {isa = PBXFileReference; fileEncoding = 4; lastKnownFileType = sourcecode.c.objc; path = SIUIButtonHandlerTests.m; sourceTree = "<group>"; };
		3221C7A5150CD1DD003CA286 /* SIUILabelHandler.h */ = {isa = PBXFileReference; fileEncoding = 4; lastKnownFileType = sourcecode.c.h; path = SIUILabelHandler.h; sourceTree = "<group>"; };
		3221C7A6150CD1DD003CA286 /* SIUILabelHandler.m */ = {isa = PBXFileReference; fileEncoding = 4; lastKnownFileType = sourcecode.c.objc; path = SIUILabelHandler.m; sourceTree = "<group>"; };
		3221C7A9150CD24C003CA286 /* SIUILabelHandlerTests.m */ = {isa = PBXFileReference; fileEncoding = 4; lastKnownFileType = sourcecode.c.objc; path = SIUILabelHandlerTests.m; sourceTree = "<group>"; };
		322DA95115A18A4B005CFC83 /* PieMan */ = {isa = PBXFileReference; explicitFileType = "compiled.mach-o.executable"; includeInIndex = 0; path = PieMan; sourceTree = BUILT_PRODUCTS_DIR; };
		322DA95515A18A4B005CFC83 /* main.m */ = {isa = PBXFileReference; lastKnownFileType = sourcecode.c.objc; path = main.m; sourceTree = "<group>"; };
		322DA95815A18A4B005CFC83 /* PieMan-Prefix.pch */ = {isa = PBXFileReference; lastKnownFileType = sourcecode.c.h; path = "PieMan-Prefix.pch"; sourceTree = "<group>"; };
		322DA95915A18A4B005CFC83 /* PieMan.1 */ = {isa = PBXFileReference; lastKnownFileType = text.man; path = PieMan.1; sourceTree = "<group>"; };
		324108B41509C19400AFBF66 /* SIUIViewDescriptionVisitor.h */ = {isa = PBXFileReference; fileEncoding = 4; lastKnownFileType = sourcecode.c.h; path = SIUIViewDescriptionVisitor.h; sourceTree = "<group>"; };
		324108B51509C19400AFBF66 /* SIUIViewDescriptionVisitor.m */ = {isa = PBXFileReference; fileEncoding = 4; lastKnownFileType = sourcecode.c.objc; path = SIUIViewDescriptionVisitor.m; sourceTree = "<group>"; };
		324108B91509C23200AFBF66 /* SIUIViewDescriptionVisitorDelegate.h */ = {isa = PBXFileReference; fileEncoding = 4; lastKnownFileType = sourcecode.c.h; path = SIUIViewDescriptionVisitorDelegate.h; sourceTree = "<group>"; };
		324108BB1509C61E00AFBF66 /* SIUIViewDescriptionVisitorTests.m */ = {isa = PBXFileReference; fileEncoding = 4; lastKnownFileType = sourcecode.c.objc; path = SIUIViewDescriptionVisitorTests.m; sourceTree = "<group>"; };
		325683D814EF6CEB00F7C189 /* SIUIConstants.h */ = {isa = PBXFileReference; fileEncoding = 4; lastKnownFileType = sourcecode.c.h; path = SIUIConstants.h; sourceTree = "<group>"; };
		3260B80E151CB81C005A5AAA /* SIUINotAnInputViewException.h */ = {isa = PBXFileReference; fileEncoding = 4; lastKnownFileType = sourcecode.c.h; path = SIUINotAnInputViewException.h; sourceTree = "<group>"; };
		3260B80F151CB81C005A5AAA /* SIUINotAnInputViewException.m */ = {isa = PBXFileReference; fileEncoding = 4; lastKnownFileType = sourcecode.c.objc; path = SIUINotAnInputViewException.m; sourceTree = "<group>"; };
		3265B0211514487100BE0930 /* Macro.stories */ = {isa = PBXFileReference; fileEncoding = 4; lastKnownFileType = text; path = Macro.stories; sourceTree = "<group>"; };
		3265B0221514487100BE0930 /* MacroStoryImplementations.m */ = {isa = PBXFileReference; fileEncoding = 4; lastKnownFileType = sourcecode.c.objc; path = MacroStoryImplementations.m; sourceTree = "<group>"; };
		3265B02515144DB300BE0930 /* SIUIAbstractEventGenerator.h */ = {isa = PBXFileReference; fileEncoding = 4; lastKnownFileType = sourcecode.c.h; path = SIUIAbstractEventGenerator.h; sourceTree = "<group>"; };
		3265B02615144DB300BE0930 /* SIUIAbstractEventGenerator.m */ = {isa = PBXFileReference; fileEncoding = 4; lastKnownFileType = sourcecode.c.objc; path = SIUIAbstractEventGenerator.m; sourceTree = "<group>"; };
		3265B0291514887600BE0930 /* UIViewSimonTests.m */ = {isa = PBXFileReference; fileEncoding = 4; lastKnownFileType = sourcecode.c.objc; path = UIViewSimonTests.m; sourceTree = "<group>"; };
		32741D7614EB581E00093E0F /* UITouch+Simon.h */ = {isa = PBXFileReference; fileEncoding = 4; lastKnownFileType = sourcecode.c.h; path = "UITouch+Simon.h"; sourceTree = "<group>"; };
		32741D7714EB581E00093E0F /* UITouch+Simon.m */ = {isa = PBXFileReference; fileEncoding = 4; lastKnownFileType = sourcecode.c.objc; path = "UITouch+Simon.m"; sourceTree = "<group>"; };
		32741D7A14EB5BAE00093E0F /* UIEvent+Simon.h */ = {isa = PBXFileReference; fileEncoding = 4; lastKnownFileType = sourcecode.c.h; path = "UIEvent+Simon.h"; sourceTree = "<group>"; };
		32741D7B14EB5BAE00093E0F /* UIEvent+Simon.m */ = {isa = PBXFileReference; fileEncoding = 4; lastKnownFileType = sourcecode.c.objc; path = "UIEvent+Simon.m"; sourceTree = "<group>"; };
		327FBEB115AF13D600F271BA /* CFNetwork.framework */ = {isa = PBXFileReference; lastKnownFileType = wrapper.framework; name = CFNetwork.framework; path = System/Library/Frameworks/CFNetwork.framework; sourceTree = SDKROOT; };
		327FBEB315AF146900F271BA /* Security.framework */ = {isa = PBXFileReference; lastKnownFileType = wrapper.framework; name = Security.framework; path = System/Library/Frameworks/Security.framework; sourceTree = SDKROOT; };
		3283D4DE15AE9DC500E52C8F /* Simon-core.xcodeproj */ = {isa = PBXFileReference; lastKnownFileType = "wrapper.pb-project"; name = "Simon-core.xcodeproj"; path = "core/Simon-core.xcodeproj"; sourceTree = "<group>"; };
		3296322414F751D300D9310A /* SIUITapGenerator.h */ = {isa = PBXFileReference; fileEncoding = 4; lastKnownFileType = sourcecode.c.h; path = SIUITapGenerator.h; sourceTree = "<group>"; };
		3296322514F751D300D9310A /* SIUITapGenerator.m */ = {isa = PBXFileReference; fileEncoding = 4; lastKnownFileType = sourcecode.c.objc; path = SIUITapGenerator.m; sourceTree = "<group>"; };
		3298250D15039FE300631203 /* ARC App with tests.app */ = {isa = PBXFileReference; explicitFileType = wrapper.application; includeInIndex = 0; path = "ARC App with tests.app"; sourceTree = BUILT_PRODUCTS_DIR; };
		3298251415039FE300631203 /* ARC App with tests-Info.plist */ = {isa = PBXFileReference; lastKnownFileType = text.plist.xml; path = "ARC App with tests-Info.plist"; sourceTree = "<group>"; };
		3298251615039FE300631203 /* en */ = {isa = PBXFileReference; lastKnownFileType = text.plist.strings; name = en; path = en.lproj/InfoPlist.strings; sourceTree = "<group>"; };
		3298251815039FE300631203 /* main.m */ = {isa = PBXFileReference; lastKnownFileType = sourcecode.c.objc; path = main.m; sourceTree = "<group>"; };
		3298251A15039FE300631203 /* ARC App with tests-Prefix.pch */ = {isa = PBXFileReference; lastKnownFileType = sourcecode.c.h; path = "ARC App with tests-Prefix.pch"; sourceTree = "<group>"; };
		3298251B15039FE300631203 /* AppDelegate.h */ = {isa = PBXFileReference; lastKnownFileType = sourcecode.c.h; path = AppDelegate.h; sourceTree = "<group>"; };
		3298251C15039FE300631203 /* AppDelegate.m */ = {isa = PBXFileReference; lastKnownFileType = sourcecode.c.objc; path = AppDelegate.m; sourceTree = "<group>"; };
		3298251F15039FE300631203 /* en */ = {isa = PBXFileReference; lastKnownFileType = file.storyboard; name = en; path = en.lproj/MainStoryboard.storyboard; sourceTree = "<group>"; };
		3298252115039FE300631203 /* FirstViewController.h */ = {isa = PBXFileReference; lastKnownFileType = sourcecode.c.h; path = FirstViewController.h; sourceTree = "<group>"; };
		3298252215039FE300631203 /* FirstViewController.m */ = {isa = PBXFileReference; lastKnownFileType = sourcecode.c.objc; path = FirstViewController.m; sourceTree = "<group>"; };
		3298252415039FE300631203 /* first.png */ = {isa = PBXFileReference; lastKnownFileType = image.png; path = first.png; sourceTree = "<group>"; };
		3298252615039FE300631203 /* first@2x.png */ = {isa = PBXFileReference; lastKnownFileType = image.png; path = "first@2x.png"; sourceTree = "<group>"; };
		3298252815039FE300631203 /* SecondViewController.h */ = {isa = PBXFileReference; lastKnownFileType = sourcecode.c.h; path = SecondViewController.h; sourceTree = "<group>"; };
		3298252915039FE300631203 /* SecondViewController.m */ = {isa = PBXFileReference; lastKnownFileType = sourcecode.c.objc; path = SecondViewController.m; sourceTree = "<group>"; };
		3298252B15039FE300631203 /* second.png */ = {isa = PBXFileReference; lastKnownFileType = image.png; path = second.png; sourceTree = "<group>"; };
		3298252D15039FE300631203 /* second@2x.png */ = {isa = PBXFileReference; lastKnownFileType = image.png; path = "second@2x.png"; sourceTree = "<group>"; };
		329825381503A0FF00631203 /* BDD.stories */ = {isa = PBXFileReference; fileEncoding = 4; lastKnownFileType = text; path = BDD.stories; sourceTree = "<group>"; };
		3298253B1504C87600631203 /* BDDImplementations.m */ = {isa = PBXFileReference; fileEncoding = 4; lastKnownFileType = sourcecode.c.objc; path = BDDImplementations.m; sourceTree = "<group>"; };
		32A7E86E15AEC068004AF2C6 /* CocoaHTTPServer.xcodeproj */ = {isa = PBXFileReference; lastKnownFileType = "wrapper.pb-project"; name = CocoaHTTPServer.xcodeproj; path = frameworks/CocoaHTTPServer/CocoaHTTPServer/CocoaHTTPServer.xcodeproj; sourceTree = "<group>"; };
		32A9D10F14C907BC00B0CFBD /* NSInvocations.m */ = {isa = PBXFileReference; fileEncoding = 4; lastKnownFileType = sourcecode.c.objc; lineEnding = 0; path = NSInvocations.m; sourceTree = "<group>"; xcLanguageSpecificationIdentifier = xcode.lang.objc; };
		32A9D11214C914B500B0CFBD /* SIMacroTests.m */ = {isa = PBXFileReference; fileEncoding = 4; lastKnownFileType = sourcecode.c.objc; path = SIMacroTests.m; sourceTree = "<group>"; };
		32B0ABF714E8DF780020500E /* SISyntaxException.h */ = {isa = PBXFileReference; fileEncoding = 4; lastKnownFileType = sourcecode.c.h; path = SISyntaxException.h; sourceTree = "<group>"; };
		32B0ABF814E8DF780020500E /* SISyntaxException.m */ = {isa = PBXFileReference; fileEncoding = 4; lastKnownFileType = sourcecode.c.objc; path = SISyntaxException.m; sourceTree = "<group>"; };
		32B0ABFB14E8DFEC0020500E /* SIUINotFoundException.h */ = {isa = PBXFileReference; fileEncoding = 4; lastKnownFileType = sourcecode.c.h; path = SIUINotFoundException.h; sourceTree = "<group>"; };
		32B0ABFC14E8DFEC0020500E /* SIUINotFoundException.m */ = {isa = PBXFileReference; fileEncoding = 4; lastKnownFileType = sourcecode.c.objc; path = SIUINotFoundException.m; sourceTree = "<group>"; };
		32B0AC0514E8E2660020500E /* SIUITooManyFoundException.h */ = {isa = PBXFileReference; fileEncoding = 4; lastKnownFileType = sourcecode.c.h; path = SIUITooManyFoundException.h; sourceTree = "<group>"; };
		32B0AC0614E8E2660020500E /* SIUITooManyFoundException.m */ = {isa = PBXFileReference; fileEncoding = 4; lastKnownFileType = sourcecode.c.objc; path = SIUITooManyFoundException.m; sourceTree = "<group>"; };
		32B0AC0914E8E8210020500E /* SIAbstractException.h */ = {isa = PBXFileReference; fileEncoding = 4; lastKnownFileType = sourcecode.c.h; path = SIAbstractException.h; sourceTree = "<group>"; };
		32B0AC0A14E8E8210020500E /* SIAbstractException.m */ = {isa = PBXFileReference; fileEncoding = 4; lastKnownFileType = sourcecode.c.objc; path = SIAbstractException.m; sourceTree = "<group>"; };
		32B0AC0D14E8EB170020500E /* SIUIException.h */ = {isa = PBXFileReference; fileEncoding = 4; lastKnownFileType = sourcecode.c.h; path = SIUIException.h; sourceTree = "<group>"; };
		32B0AC0E14E8EB170020500E /* SIUIException.m */ = {isa = PBXFileReference; fileEncoding = 4; lastKnownFileType = sourcecode.c.objc; path = SIUIException.m; sourceTree = "<group>"; };
		32BF7CFD14F9152D00A0B197 /* SIUITapGeneratorTests.m */ = {isa = PBXFileReference; fileEncoding = 4; lastKnownFileType = sourcecode.c.objc; path = SIUITapGeneratorTests.m; sourceTree = "<group>"; };
		32BF7CFF14F9CB2900A0B197 /* SIUISwipeGeneratorTests.m */ = {isa = PBXFileReference; fileEncoding = 4; lastKnownFileType = sourcecode.c.objc; path = SIUISwipeGeneratorTests.m; sourceTree = "<group>"; };
		32D5D98914E1357900D29DD5 /* TestView.xib */ = {isa = PBXFileReference; fileEncoding = 4; lastKnownFileType = file.xib; path = TestView.xib; sourceTree = "<group>"; };
		32D5D98B14E135A300D29DD5 /* TestViewController.h */ = {isa = PBXFileReference; fileEncoding = 4; lastKnownFileType = sourcecode.c.h; path = TestViewController.h; sourceTree = "<group>"; };
		32D5D98C14E135A300D29DD5 /* TestViewController.m */ = {isa = PBXFileReference; fileEncoding = 4; lastKnownFileType = sourcecode.c.objc; path = TestViewController.m; sourceTree = "<group>"; };
		32EA6E75150E11E2000A64A1 /* QuartzCore.framework */ = {isa = PBXFileReference; lastKnownFileType = wrapper.framework; name = QuartzCore.framework; path = System/Library/Frameworks/QuartzCore.framework; sourceTree = SDKROOT; };
		32F742D614F75F58005E5E97 /* SIUISwipeGenerator.h */ = {isa = PBXFileReference; fileEncoding = 4; lastKnownFileType = sourcecode.c.h; path = SIUISwipeGenerator.h; sourceTree = "<group>"; };
		32F742D714F75F58005E5E97 /* SIUISwipeGenerator.m */ = {isa = PBXFileReference; fileEncoding = 4; lastKnownFileType = sourcecode.c.objc; path = SIUISwipeGenerator.m; sourceTree = "<group>"; };
		32F7F3E414EE1E5800F94F65 /* GSEventProxy.h */ = {isa = PBXFileReference; fileEncoding = 4; lastKnownFileType = sourcecode.c.h; path = GSEventProxy.h; sourceTree = "<group>"; };
		32F7F3E514EE1E5800F94F65 /* GSEventProxy.m */ = {isa = PBXFileReference; fileEncoding = 4; lastKnownFileType = sourcecode.c.objc; path = GSEventProxy.m; sourceTree = "<group>"; };
		652D4E4B13CDD44300633E51 /* SIAppBackpack.h */ = {isa = PBXFileReference; fileEncoding = 4; lastKnownFileType = sourcecode.c.h; path = SIAppBackpack.h; sourceTree = "<group>"; };
		652D4E4C13CDD44400633E51 /* SIAppBackpack.m */ = {isa = PBXFileReference; fileEncoding = 4; lastKnownFileType = sourcecode.c.objc; path = SIAppBackpack.m; sourceTree = "<group>"; };
		653D0E8A13A782AD00A5AB82 /* libSimon.a */ = {isa = PBXFileReference; explicitFileType = archive.ar; includeInIndex = 0; path = libSimon.a; sourceTree = BUILT_PRODUCTS_DIR; };
		653D0E8D13A782AD00A5AB82 /* Foundation.framework */ = {isa = PBXFileReference; lastKnownFileType = wrapper.framework; name = Foundation.framework; path = System/Library/Frameworks/Foundation.framework; sourceTree = SDKROOT; };
		653D0E9B13A783A500A5AB82 /* Unit tests.app */ = {isa = PBXFileReference; explicitFileType = wrapper.application; includeInIndex = 0; path = "Unit tests.app"; sourceTree = BUILT_PRODUCTS_DIR; };
		653D0E9D13A783A500A5AB82 /* UIKit.framework */ = {isa = PBXFileReference; lastKnownFileType = wrapper.framework; name = UIKit.framework; path = System/Library/Frameworks/UIKit.framework; sourceTree = SDKROOT; };
		653D0EA013A783A500A5AB82 /* CoreGraphics.framework */ = {isa = PBXFileReference; lastKnownFileType = wrapper.framework; name = CoreGraphics.framework; path = System/Library/Frameworks/CoreGraphics.framework; sourceTree = SDKROOT; };
		653D0EBC13A783C000A5AB82 /* SIStoryFileReader.h */ = {isa = PBXFileReference; fileEncoding = 4; lastKnownFileType = sourcecode.c.h; path = SIStoryFileReader.h; sourceTree = "<group>"; };
		653D0EBD13A783C000A5AB82 /* SIStoryFileReader.m */ = {isa = PBXFileReference; fileEncoding = 4; lastKnownFileType = sourcecode.c.objc; path = SIStoryFileReader.m; sourceTree = "<group>"; };
		653D0ED513A783DC00A5AB82 /* GHUnit-Tests-Info.plist */ = {isa = PBXFileReference; fileEncoding = 4; lastKnownFileType = text.plist.xml; path = "GHUnit-Tests-Info.plist"; sourceTree = "<group>"; };
		653D0ED913A783DC00A5AB82 /* SIStoryFileReaderTests.m */ = {isa = PBXFileReference; fileEncoding = 4; lastKnownFileType = sourcecode.c.objc; path = SIStoryFileReaderTests.m; sourceTree = "<group>"; };
		653D0EDE13A783DC00A5AB82 /* Non keyword steps.stories */ = {isa = PBXFileReference; fileEncoding = 4; lastKnownFileType = text; path = "Non keyword steps.stories"; sourceTree = "<group>"; };
		653D0EDF13A783DC00A5AB82 /* Story files.stories */ = {isa = PBXFileReference; fileEncoding = 4; lastKnownFileType = text; path = "Story files.stories"; sourceTree = "<group>"; };
		653D0EF013A7842500A5AB82 /* Simon-Prefix.pch */ = {isa = PBXFileReference; fileEncoding = 4; lastKnownFileType = sourcecode.c.h; path = "Simon-Prefix.pch"; sourceTree = "<group>"; };
		653D0EF613A784A500A5AB82 /* OCMock.framework */ = {isa = PBXFileReference; lastKnownFileType = wrapper.framework; name = OCMock.framework; path = ../Releases/OCMock/v0.2.0/OCMock.framework; sourceTree = "<group>"; };
		653D0EF813A784C100A5AB82 /* GHUnitIOS.framework */ = {isa = PBXFileReference; lastKnownFileType = wrapper.framework; name = GHUnitIOS.framework; path = "../tools/GHUnit 0.5.1/GHUnitIOS.framework"; sourceTree = "<group>"; };
		6551A97F13AB904900679B94 /* SIStoryRunner.h */ = {isa = PBXFileReference; fileEncoding = 4; lastKnownFileType = sourcecode.c.h; path = SIStoryRunner.h; sourceTree = "<group>"; };
		6551A98013AB904A00679B94 /* SIStoryRunner.m */ = {isa = PBXFileReference; fileEncoding = 4; lastKnownFileType = sourcecode.c.objc; path = SIStoryRunner.m; sourceTree = "<group>"; };
		6551A98613AB931F00679B94 /* SIStoryRunnerTests.m */ = {isa = PBXFileReference; fileEncoding = 4; lastKnownFileType = sourcecode.c.objc; path = SIStoryRunnerTests.m; sourceTree = "<group>"; };
		6551A99213ACDEBE00679B94 /* SISimon.h */ = {isa = PBXFileReference; fileEncoding = 4; lastKnownFileType = sourcecode.c.h; path = SISimon.h; sourceTree = "<group>"; };
		6583B3EA13CF2220005E13F3 /* build.sh */ = {isa = PBXFileReference; fileEncoding = 4; lastKnownFileType = text.script.sh; path = build.sh; sourceTree = "<group>"; };
		6583B3EB13CF2220005E13F3 /* License.textile */ = {isa = PBXFileReference; fileEncoding = 4; lastKnownFileType = text; path = License.textile; sourceTree = "<group>"; };
		6583B3EC13CF2220005E13F3 /* ReadMe.textile */ = {isa = PBXFileReference; fileEncoding = 4; lastKnownFileType = text; path = ReadMe.textile; sourceTree = "<group>"; };
		6583B3EE13CF2242005E13F3 /* ChangeLog.textile */ = {isa = PBXFileReference; fileEncoding = 4; lastKnownFileType = text; path = ChangeLog.textile; sourceTree = "<group>"; };
		659E628F13D9C3E200ACD34C /* UIView+Simon.h */ = {isa = PBXFileReference; fileEncoding = 4; lastKnownFileType = sourcecode.c.h; path = "UIView+Simon.h"; sourceTree = "<group>"; };
		659E629013D9C3E200ACD34C /* UIView+Simon.m */ = {isa = PBXFileReference; fileEncoding = 4; lastKnownFileType = sourcecode.c.objc; path = "UIView+Simon.m"; sourceTree = "<group>"; };
		659E629B13DAFC4000ACD34C /* SIUIApplication.h */ = {isa = PBXFileReference; fileEncoding = 4; lastKnownFileType = sourcecode.c.h; path = SIUIApplication.h; sourceTree = "<group>"; };
		659E629C13DAFC4000ACD34C /* SIUIApplication.m */ = {isa = PBXFileReference; fileEncoding = 4; lastKnownFileType = sourcecode.c.objc; path = SIUIApplication.m; sourceTree = "<group>"; };
		659E62A213DB027E00ACD34C /* SIUIApplicationTests.m */ = {isa = PBXFileReference; fileEncoding = 4; lastKnownFileType = sourcecode.c.objc; path = SIUIApplicationTests.m; sourceTree = "<group>"; };
		65A85A6313A86C6600599E31 /* GHUnitIOSTestMain.m */ = {isa = PBXFileReference; fileEncoding = 4; lastKnownFileType = sourcecode.c.objc; path = GHUnitIOSTestMain.m; sourceTree = "<group>"; };
		65D03BD613BA096700A3F0FA /* SIStoryReporter.h */ = {isa = PBXFileReference; fileEncoding = 4; lastKnownFileType = sourcecode.c.h; path = SIStoryReporter.h; sourceTree = "<group>"; };
		65D03BD813BA099700A3F0FA /* SIStoryLogReporter.h */ = {isa = PBXFileReference; fileEncoding = 4; lastKnownFileType = sourcecode.c.h; path = SIStoryLogReporter.h; sourceTree = "<group>"; };
		65D03BD913BA099700A3F0FA /* SIStoryLogReporter.m */ = {isa = PBXFileReference; fileEncoding = 4; lastKnownFileType = sourcecode.c.objc; path = SIStoryLogReporter.m; sourceTree = "<group>"; };
		65D03BDD13BB3DE300A3F0FA /* Out of order steps1.stories */ = {isa = PBXFileReference; fileEncoding = 4; lastKnownFileType = text; path = "Out of order steps1.stories"; sourceTree = "<group>"; };
		65D03BDF13BB3E1200A3F0FA /* Out of order steps2.stories */ = {isa = PBXFileReference; fileEncoding = 4; lastKnownFileType = text; path = "Out of order steps2.stories"; sourceTree = "<group>"; };
		65D03BE113BB3EFD00A3F0FA /* Out of order steps3.stories */ = {isa = PBXFileReference; fileEncoding = 4; lastKnownFileType = text; path = "Out of order steps3.stories"; sourceTree = "<group>"; };
		65D03BE313BB4BF700A3F0FA /* Non word steps.stories */ = {isa = PBXFileReference; fileEncoding = 4; lastKnownFileType = text; path = "Non word steps.stories"; sourceTree = "<group>"; };
		65D03BE513BCB8CE00A3F0FA /* Communication.stories */ = {isa = PBXFileReference; fileEncoding = 4; lastKnownFileType = text; path = Communication.stories; sourceTree = "<group>"; };
		65D03BE813BCB94F00A3F0FA /* CommsASteps.m */ = {isa = PBXFileReference; fileEncoding = 4; lastKnownFileType = sourcecode.c.objc; path = CommsASteps.m; sourceTree = "<group>"; };
		65D03BEB13BCBA3100A3F0FA /* CommsBSteps.m */ = {isa = PBXFileReference; fileEncoding = 4; lastKnownFileType = sourcecode.c.objc; path = CommsBSteps.m; sourceTree = "<group>"; };
		65D03BED13BDEBE000A3F0FA /* SIMacros.h */ = {isa = PBXFileReference; fileEncoding = 4; lastKnownFileType = sourcecode.c.h; lineEnding = 0; path = SIMacros.h; sourceTree = "<group>"; xcLanguageSpecificationIdentifier = xcode.lang.objcpp; };
		65D09A6313D99C5900D1A74B /* dUsefulStuff.framework */ = {isa = PBXFileReference; lastKnownFileType = wrapper.framework; name = dUsefulStuff.framework; path = ../Releases/dUsefulStuff/v0.0.15/dUsefulStuff.framework; sourceTree = "<group>"; };
		65FCD11713ADE3C200A90FCA /* SIRuntimeTests.m */ = {isa = PBXFileReference; fileEncoding = 4; lastKnownFileType = sourcecode.c.objc; path = SIRuntimeTests.m; sourceTree = "<group>"; };
		65FCD12413AF622300A90FCA /* SIRuntime.h */ = {isa = PBXFileReference; fileEncoding = 4; lastKnownFileType = sourcecode.c.h; path = SIRuntime.h; sourceTree = "<group>"; };
		65FCD12513AF622300A90FCA /* SIRuntime.m */ = {isa = PBXFileReference; fileEncoding = 4; lastKnownFileType = sourcecode.c.objc; path = SIRuntime.m; sourceTree = "<group>"; };
		65FCD12D13B2245D00A90FCA /* Unformatted.stories */ = {isa = PBXFileReference; fileEncoding = 4; lastKnownFileType = text; path = Unformatted.stories; sourceTree = "<group>"; };
		942F7F64141F9197009F3550 /* SIUIViewHandler.h */ = {isa = PBXFileReference; fileEncoding = 4; lastKnownFileType = sourcecode.c.h; path = SIUIViewHandler.h; sourceTree = "<group>"; };
		942F7F65141F9197009F3550 /* SIUIViewHandler.m */ = {isa = PBXFileReference; fileEncoding = 4; lastKnownFileType = sourcecode.c.objc; path = SIUIViewHandler.m; sourceTree = "<group>"; };
		94327D7113E44F9A0003646C /* dNodi.framework */ = {isa = PBXFileReference; lastKnownFileType = wrapper.framework; name = dNodi.framework; path = ../Releases/dNodi/v0.3.4/dNodi.framework; sourceTree = "<group>"; };
		9465773E141B97B90026F1FB /* SIUIViewHandlerTests.m */ = {isa = PBXFileReference; fileEncoding = 4; lastKnownFileType = sourcecode.c.objc; path = SIUIViewHandlerTests.m; sourceTree = "<group>"; };
		94657741141C95160026F1FB /* AbstractTestWithControlsOnView.h */ = {isa = PBXFileReference; fileEncoding = 4; lastKnownFileType = sourcecode.c.h; path = AbstractTestWithControlsOnView.h; sourceTree = "<group>"; };
		94657742141C95160026F1FB /* AbstractTestWithControlsOnView.m */ = {isa = PBXFileReference; fileEncoding = 4; lastKnownFileType = sourcecode.c.objc; path = AbstractTestWithControlsOnView.m; sourceTree = "<group>"; };
		9490248A144089A3006132A5 /* SIUIReportManager.h */ = {isa = PBXFileReference; fileEncoding = 4; lastKnownFileType = sourcecode.c.h; path = SIUIReportManager.h; sourceTree = "<group>"; };
		9490248B144089A3006132A5 /* SIUIReportManager.m */ = {isa = PBXFileReference; fileEncoding = 4; lastKnownFileType = sourcecode.c.objc; lineEnding = 0; path = SIUIReportManager.m; sourceTree = "<group>"; xcLanguageSpecificationIdentifier = xcode.lang.objc; };
		9490249214408DC4006132A5 /* SIStoryReportTableViewController.h */ = {isa = PBXFileReference; fileEncoding = 4; lastKnownFileType = sourcecode.c.h; path = SIStoryReportTableViewController.h; sourceTree = "<group>"; };
		9490249314408DC4006132A5 /* SIStoryReportTableViewController.m */ = {isa = PBXFileReference; fileEncoding = 4; lastKnownFileType = sourcecode.c.objc; lineEnding = 0; path = SIStoryReportTableViewController.m; sourceTree = "<group>"; xcLanguageSpecificationIdentifier = xcode.lang.objc; };
		9499DB6B13F017190053BEEA /* SIUIViewHandlerFactory.h */ = {isa = PBXFileReference; fileEncoding = 4; lastKnownFileType = sourcecode.c.h; path = SIUIViewHandlerFactory.h; sourceTree = "<group>"; };
		9499DB6C13F017190053BEEA /* SIUIViewHandlerFactory.m */ = {isa = PBXFileReference; fileEncoding = 4; lastKnownFileType = sourcecode.c.objc; path = SIUIViewHandlerFactory.m; sourceTree = "<group>"; };
		9499DB7013F017DC0053BEEA /* SIUIAction.h */ = {isa = PBXFileReference; fileEncoding = 4; lastKnownFileType = sourcecode.c.h; path = SIUIAction.h; sourceTree = "<group>"; };
		94AED1511420DB070070D3BB /* SIUIHandlerFactoryTests.m */ = {isa = PBXFileReference; fileEncoding = 4; lastKnownFileType = sourcecode.c.objc; path = SIUIHandlerFactoryTests.m; sourceTree = "<group>"; };
		94E3753714544A5000FB86AA /* SIStoryDetailsTableViewController.h */ = {isa = PBXFileReference; fileEncoding = 4; lastKnownFileType = sourcecode.c.h; path = SIStoryDetailsTableViewController.h; sourceTree = "<group>"; };
		94E3753814544A5000FB86AA /* SIStoryDetailsTableViewController.m */ = {isa = PBXFileReference; fileEncoding = 4; lastKnownFileType = sourcecode.c.objc; lineEnding = 0; path = SIStoryDetailsTableViewController.m; sourceTree = "<group>"; xcLanguageSpecificationIdentifier = xcode.lang.objc; };
/* End PBXFileReference section */

/* Begin PBXFrameworksBuildPhase section */
		322DA94E15A18A4B005CFC83 /* Frameworks */ = {
			isa = PBXFrameworksBuildPhase;
			buildActionMask = 2147483647;
			files = (
				32D9353815AB08CA00E51C8C /* libSimon.a in Frameworks */,
				322DA95315A18A4B005CFC83 /* Foundation.framework in Frameworks */,
				32D9353A15AB0A0700E51C8C /* dUsefulStuff.framework in Frameworks */,
			);
			runOnlyForDeploymentPostprocessing = 0;
		};
		3298250A15039FE300631203 /* Frameworks */ = {
			isa = PBXFrameworksBuildPhase;
			buildActionMask = 2147483647;
			files = (
				3298250F15039FE300631203 /* UIKit.framework in Frameworks */,
				3298251015039FE300631203 /* Foundation.framework in Frameworks */,
				3298251115039FE300631203 /* CoreGraphics.framework in Frameworks */,
				329825341503A02A00631203 /* dNodi.framework in Frameworks */,
				329825351503A02E00631203 /* dUsefulStuff.framework in Frameworks */,
				32A8F6841574A819006C5A91 /* libSimon.a in Frameworks */,
			);
			runOnlyForDeploymentPostprocessing = 0;
		};
		653D0E8713A782AD00A5AB82 /* Frameworks */ = {
			isa = PBXFrameworksBuildPhase;
			buildActionMask = 2147483647;
			files = (
				32A7E8DE15AEC1A1004AF2C6 /* libSimonHttpServer.a in Frameworks */,
				32A7E80E15AEB482004AF2C6 /* libSimon-core.a in Frameworks */,
				32EA6E76150E11E2000A64A1 /* QuartzCore.framework in Frameworks */,
				94327D7213E44F9A0003646C /* dNodi.framework in Frameworks */,
				65D09A6413D99C5900D1A74B /* dUsefulStuff.framework in Frameworks */,
				653D0E8E13A782AD00A5AB82 /* Foundation.framework in Frameworks */,
				659E629F13DAFEF500ACD34C /* UIKit.framework in Frameworks */,
			);
			runOnlyForDeploymentPostprocessing = 0;
		};
		653D0E9813A783A500A5AB82 /* Frameworks */ = {
			isa = PBXFrameworksBuildPhase;
			buildActionMask = 2147483647;
			files = (
				327FBEB415AF146900F271BA /* Security.framework in Frameworks */,
				327FBEB215AF13D600F271BA /* CFNetwork.framework in Frameworks */,
				653D0E9E13A783A500A5AB82 /* UIKit.framework in Frameworks */,
				653D0E9F13A783A500A5AB82 /* Foundation.framework in Frameworks */,
				653D0EA113A783A500A5AB82 /* CoreGraphics.framework in Frameworks */,
				653D0EFE13A7852200A5AB82 /* OCMock.framework in Frameworks */,
				6527B7CA13A871DF005A912F /* GHUnitIOS.framework in Frameworks */,
				65D09A7813D9A99D00D1A74B /* dUsefulStuff.framework in Frameworks */,
				65D09AAB13D9AE6D00D1A74B /* libSimon.a in Frameworks */,
				94327D7313E451810003646C /* dNodi.framework in Frameworks */,
			);
			runOnlyForDeploymentPostprocessing = 0;
		};
/* End PBXFrameworksBuildPhase section */

/* Begin PBXGroup section */
		322DA95415A18A4B005CFC83 /* PieMan */ = {
			isa = PBXGroup;
			children = (
				322DA95515A18A4B005CFC83 /* main.m */,
				322DA95915A18A4B005CFC83 /* PieMan.1 */,
				322DA95715A18A4B005CFC83 /* Supporting Files */,
			);
			path = PieMan;
			sourceTree = "<group>";
		};
		322DA95715A18A4B005CFC83 /* Supporting Files */ = {
			isa = PBXGroup;
			children = (
				322DA95815A18A4B005CFC83 /* PieMan-Prefix.pch */,
			);
			name = "Supporting Files";
			sourceTree = "<group>";
		};
		3232A9F414EDFCAC002010FF /* View Handlers */ = {
			isa = PBXGroup;
			children = (
				9499DB7013F017DC0053BEEA /* SIUIAction.h */,
				3221C79F150C956A003CA286 /* SIUIButtonHandler.h */,
				3221C7A0150C956A003CA286 /* SIUIButtonHandler.m */,
				3221C7A5150CD1DD003CA286 /* SIUILabelHandler.h */,
				3221C7A6150CD1DD003CA286 /* SIUILabelHandler.m */,
				942F7F64141F9197009F3550 /* SIUIViewHandler.h */,
				942F7F65141F9197009F3550 /* SIUIViewHandler.m */,
				9499DB6B13F017190053BEEA /* SIUIViewHandlerFactory.h */,
				9499DB6C13F017190053BEEA /* SIUIViewHandlerFactory.m */,
				3221C79D150C9365003CA286 /* SIUIViewInfo.h */,
			);
			name = "View Handlers";
			sourceTree = "<group>";
		};
		3232A9F514EDFD25002010FF /* Events */ = {
			isa = PBXGroup;
			children = (
				32E532851518B26E0027566E /* Generator */,
				32F7F3E414EE1E5800F94F65 /* GSEventProxy.h */,
				32F7F3E514EE1E5800F94F65 /* GSEventProxy.m */,
				32741D7A14EB5BAE00093E0F /* UIEvent+Simon.h */,
				32741D7B14EB5BAE00093E0F /* UIEvent+Simon.m */,
				32741D7614EB581E00093E0F /* UITouch+Simon.h */,
				32741D7714EB581E00093E0F /* UITouch+Simon.m */,
			);
			name = Events;
			sourceTree = "<group>";
		};
		32793BAA14F4F95600B93621 /* View Handlers */ = {
			isa = PBXGroup;
			children = (
				9465773E141B97B90026F1FB /* SIUIViewHandlerTests.m */,
				3221C7A3150CBD75003CA286 /* SIUIButtonHandlerTests.m */,
				3221C7A9150CD24C003CA286 /* SIUILabelHandlerTests.m */,
			);
			name = "View Handlers";
			sourceTree = "<group>";
		};
		32793BAC14F4F97700B93621 /* Events */ = {
			isa = PBXGroup;
			children = (
				32BF7CFD14F9152D00A0B197 /* SIUITapGeneratorTests.m */,
				32BF7CFF14F9CB2900A0B197 /* SIUISwipeGeneratorTests.m */,
				3265B0291514887600BE0930 /* UIViewSimonTests.m */,
			);
			name = Events;
			sourceTree = "<group>";
		};
		3283D4DF15AE9DC500E52C8F /* Products */ = {
			isa = PBXGroup;
			children = (
				3283D4E615AE9DC600E52C8F /* libSimon-core.a */,
				327FBE7115AECEC500F271BA /* Core Unit Tests.app */,
			);
			name = Products;
			sourceTree = "<group>";
		};
		3298251215039FE300631203 /* ARC App with tests */ = {
			isa = PBXGroup;
			children = (
				329825371503A0E500631203 /* Stories */,
				3298251B15039FE300631203 /* AppDelegate.h */,
				3298251C15039FE300631203 /* AppDelegate.m */,
				3298251E15039FE300631203 /* MainStoryboard.storyboard */,
				3298252115039FE300631203 /* FirstViewController.h */,
				3298252215039FE300631203 /* FirstViewController.m */,
				3298252415039FE300631203 /* first.png */,
				3298252615039FE300631203 /* first@2x.png */,
				3298252815039FE300631203 /* SecondViewController.h */,
				3298252915039FE300631203 /* SecondViewController.m */,
				3298252B15039FE300631203 /* second.png */,
				3298252D15039FE300631203 /* second@2x.png */,
				3298251315039FE300631203 /* Supporting Files */,
			);
			path = "ARC App with tests";
			sourceTree = "<group>";
		};
		3298251315039FE300631203 /* Supporting Files */ = {
			isa = PBXGroup;
			children = (
				3298251415039FE300631203 /* ARC App with tests-Info.plist */,
				3298251515039FE300631203 /* InfoPlist.strings */,
				3298251815039FE300631203 /* main.m */,
				3298251A15039FE300631203 /* ARC App with tests-Prefix.pch */,
			);
			name = "Supporting Files";
			sourceTree = "<group>";
		};
		329825371503A0E500631203 /* Stories */ = {
			isa = PBXGroup;
			children = (
				3265B0211514487100BE0930 /* Macro.stories */,
				3265B0221514487100BE0930 /* MacroStoryImplementations.m */,
				329825381503A0FF00631203 /* BDD.stories */,
				3298253B1504C87600631203 /* BDDImplementations.m */,
			);
			name = Stories;
			sourceTree = "<group>";
		};
		32A7E86F15AEC068004AF2C6 /* Products */ = {
			isa = PBXGroup;
			children = (
				32A7E8A815AEC069004AF2C6 /* libCocoaHTTPServer.a */,
				32A7E8DD15AEC19A004AF2C6 /* libSimonHttpServer.a */,
			);
			name = Products;
			sourceTree = "<group>";
		};
		32B0ABF514E8DEE20020500E /* Exceptions */ = {
			isa = PBXGroup;
			children = (
				32B0AC0914E8E8210020500E /* SIAbstractException.h */,
				32B0AC0A14E8E8210020500E /* SIAbstractException.m */,
				32B0ABF714E8DF780020500E /* SISyntaxException.h */,
				32B0ABF814E8DF780020500E /* SISyntaxException.m */,
				32B0AC0D14E8EB170020500E /* SIUIException.h */,
				32B0AC0E14E8EB170020500E /* SIUIException.m */,
				3260B80E151CB81C005A5AAA /* SIUINotAnInputViewException.h */,
				3260B80F151CB81C005A5AAA /* SIUINotAnInputViewException.m */,
				32B0ABFB14E8DFEC0020500E /* SIUINotFoundException.h */,
				32B0ABFC14E8DFEC0020500E /* SIUINotFoundException.m */,
				32B0AC0514E8E2660020500E /* SIUITooManyFoundException.h */,
				32B0AC0614E8E2660020500E /* SIUITooManyFoundException.m */,
			);
			name = Exceptions;
			sourceTree = "<group>";
		};
		32E532851518B26E0027566E /* Generator */ = {
			isa = PBXGroup;
			children = (
				3265B02515144DB300BE0930 /* SIUIAbstractEventGenerator.h */,
				3265B02615144DB300BE0930 /* SIUIAbstractEventGenerator.m */,
				32F742D614F75F58005E5E97 /* SIUISwipeGenerator.h */,
				32F742D714F75F58005E5E97 /* SIUISwipeGenerator.m */,
				3296322414F751D300D9310A /* SIUITapGenerator.h */,
				3296322514F751D300D9310A /* SIUITapGenerator.m */,
			);
			name = Generator;
			sourceTree = "<group>";
		};
		653D0E7F13A782AC00A5AB82 = {
			isa = PBXGroup;
			children = (
				327FBEB315AF146900F271BA /* Security.framework */,
				32A7E86E15AEC068004AF2C6 /* CocoaHTTPServer.xcodeproj */,
				3283D4DE15AE9DC500E52C8F /* Simon-core.xcodeproj */,
				653D0EF013A7842500A5AB82 /* Simon-Prefix.pch */,
				6583B3EA13CF2220005E13F3 /* build.sh */,
				6583B3EE13CF2242005E13F3 /* ChangeLog.textile */,
				6583B3EB13CF2220005E13F3 /* License.textile */,
				6583B3EC13CF2220005E13F3 /* ReadMe.textile */,
				3298251215039FE300631203 /* ARC App with tests */,
				653D0EB113A783C000A5AB82 /* classes */,
				322DA95415A18A4B005CFC83 /* PieMan */,
				653D0E8C13A782AD00A5AB82 /* Frameworks */,
				653D0E8B13A782AD00A5AB82 /* Products */,
				653D0ED413A783DC00A5AB82 /* tests */,
			);
			sourceTree = "<group>";
		};
		653D0E8B13A782AD00A5AB82 /* Products */ = {
			isa = PBXGroup;
			children = (
				653D0E8A13A782AD00A5AB82 /* libSimon.a */,
				653D0E9B13A783A500A5AB82 /* Unit tests.app */,
				3298250D15039FE300631203 /* ARC App with tests.app */,
				322DA95115A18A4B005CFC83 /* PieMan */,
			);
			name = Products;
			sourceTree = "<group>";
		};
		653D0E8C13A782AD00A5AB82 /* Frameworks */ = {
			isa = PBXGroup;
			children = (
				327FBEB115AF13D600F271BA /* CFNetwork.framework */,
				32EA6E75150E11E2000A64A1 /* QuartzCore.framework */,
				94327D7113E44F9A0003646C /* dNodi.framework */,
				65D09A6313D99C5900D1A74B /* dUsefulStuff.framework */,
				653D0EF813A784C100A5AB82 /* GHUnitIOS.framework */,
				653D0EF613A784A500A5AB82 /* OCMock.framework */,
				653D0E8D13A782AD00A5AB82 /* Foundation.framework */,
				653D0E9D13A783A500A5AB82 /* UIKit.framework */,
				653D0EA013A783A500A5AB82 /* CoreGraphics.framework */,
			);
			name = Frameworks;
			sourceTree = "<group>";
		};
		653D0EB113A783C000A5AB82 /* classes */ = {
			isa = PBXGroup;
			children = (
				32B0ABF514E8DEE20020500E /* Exceptions */,
				9490249114408D11006132A5 /* Reporting */,
				652D4E4B13CDD44300633E51 /* SIAppBackpack.h */,
				652D4E4C13CDD44400633E51 /* SIAppBackpack.m */,
				65D03BED13BDEBE000A3F0FA /* SIMacros.h */,
				65FCD12413AF622300A90FCA /* SIRuntime.h */,
				65FCD12513AF622300A90FCA /* SIRuntime.m */,
				6551A99213ACDEBE00679B94 /* SISimon.h */,
				653D0EBC13A783C000A5AB82 /* SIStoryFileReader.h */,
				653D0EBD13A783C000A5AB82 /* SIStoryFileReader.m */,
				6551A97F13AB904900679B94 /* SIStoryRunner.h */,
				6551A98013AB904A00679B94 /* SIStoryRunner.m */,
				659E629B13DAFC4000ACD34C /* SIUIApplication.h */,
				659E629C13DAFC4000ACD34C /* SIUIApplication.m */,
				659E628E13D9C37200ACD34C /* UI */,
			);
			path = classes;
			sourceTree = "<group>";
		};
		653D0ED413A783DC00A5AB82 /* tests */ = {
			isa = PBXGroup;
			children = (
				94657741141C95160026F1FB /* AbstractTestWithControlsOnView.h */,
				94657742141C95160026F1FB /* AbstractTestWithControlsOnView.m */,
				6583B43113D1CB4F005E13F3 /* GHUnit */,
				32A9D10F14C907BC00B0CFBD /* NSInvocations.m */,
				32A9D11214C914B500B0CFBD /* SIMacroTests.m */,
				65FCD11713ADE3C200A90FCA /* SIRuntimeTests.m */,
				653D0ED913A783DC00A5AB82 /* SIStoryFileReaderTests.m */,
				6551A98613AB931F00679B94 /* SIStoryRunnerTests.m */,
				659E62A213DB027E00ACD34C /* SIUIApplicationTests.m */,
				653D0EDD13A783DC00A5AB82 /* Story files */,
				32D5D98914E1357900D29DD5 /* TestView.xib */,
				32D5D98B14E135A300D29DD5 /* TestViewController.h */,
				32D5D98C14E135A300D29DD5 /* TestViewController.m */,
				659E62A013DB026400ACD34C /* UI */,
			);
			path = tests;
			sourceTree = "<group>";
		};
		653D0EDD13A783DC00A5AB82 /* Story files */ = {
			isa = PBXGroup;
			children = (
				653D0EDE13A783DC00A5AB82 /* Non keyword steps.stories */,
				653D0EDF13A783DC00A5AB82 /* Story files.stories */,
				65FCD12D13B2245D00A90FCA /* Unformatted.stories */,
				65D03BDD13BB3DE300A3F0FA /* Out of order steps1.stories */,
				65D03BDF13BB3E1200A3F0FA /* Out of order steps2.stories */,
				65D03BE113BB3EFD00A3F0FA /* Out of order steps3.stories */,
				65D03BE313BB4BF700A3F0FA /* Non word steps.stories */,
				65D03BE513BCB8CE00A3F0FA /* Communication.stories */,
			);
			name = "Story files";
			path = stories;
			sourceTree = "<group>";
		};
		6583B43113D1CB4F005E13F3 /* GHUnit */ = {
			isa = PBXGroup;
			children = (
				65A85A6313A86C6600599E31 /* GHUnitIOSTestMain.m */,
				653D0ED513A783DC00A5AB82 /* GHUnit-Tests-Info.plist */,
				65D03BE813BCB94F00A3F0FA /* CommsASteps.m */,
				65D03BEB13BCBA3100A3F0FA /* CommsBSteps.m */,
			);
			name = GHUnit;
			sourceTree = "<group>";
		};
		659E628E13D9C37200ACD34C /* UI */ = {
			isa = PBXGroup;
			children = (
				3232A9F514EDFD25002010FF /* Events */,
				325683D814EF6CEB00F7C189 /* SIUIConstants.h */,
				324108B41509C19400AFBF66 /* SIUIViewDescriptionVisitor.h */,
				324108B51509C19400AFBF66 /* SIUIViewDescriptionVisitor.m */,
				324108B91509C23200AFBF66 /* SIUIViewDescriptionVisitorDelegate.h */,
				659E628F13D9C3E200ACD34C /* UIView+Simon.h */,
				659E629013D9C3E200ACD34C /* UIView+Simon.m */,
				3232A9F414EDFCAC002010FF /* View Handlers */,
			);
			name = UI;
			sourceTree = "<group>";
		};
		659E62A013DB026400ACD34C /* UI */ = {
			isa = PBXGroup;
			children = (
				32793BAC14F4F97700B93621 /* Events */,
				32793BAA14F4F95600B93621 /* View Handlers */,
				94AED1511420DB070070D3BB /* SIUIHandlerFactoryTests.m */,
				324108BB1509C61E00AFBF66 /* SIUIViewDescriptionVisitorTests.m */,
			);
			name = UI;
			sourceTree = "<group>";
		};
		9490249114408D11006132A5 /* Reporting */ = {
			isa = PBXGroup;
			children = (
				94E3753714544A5000FB86AA /* SIStoryDetailsTableViewController.h */,
				94E3753814544A5000FB86AA /* SIStoryDetailsTableViewController.m */,
				65D03BD813BA099700A3F0FA /* SIStoryLogReporter.h */,
				65D03BD913BA099700A3F0FA /* SIStoryLogReporter.m */,
				65D03BD613BA096700A3F0FA /* SIStoryReporter.h */,
				9490249214408DC4006132A5 /* SIStoryReportTableViewController.h */,
				9490249314408DC4006132A5 /* SIStoryReportTableViewController.m */,
				9490248A144089A3006132A5 /* SIUIReportManager.h */,
				9490248B144089A3006132A5 /* SIUIReportManager.m */,
			);
			name = Reporting;
			sourceTree = "<group>";
		};
/* End PBXGroup section */

/* Begin PBXHeadersBuildPhase section */
		653D0E8813A782AD00A5AB82 /* Headers */ = {
			isa = PBXHeadersBuildPhase;
			buildActionMask = 2147483647;
			files = (
				653D0ECE13A783C000A5AB82 /* SIStoryFileReader.h in Headers */,
				653D0EF113A7842500A5AB82 /* Simon-Prefix.pch in Headers */,
				6551A98113AB904A00679B94 /* SIStoryRunner.h in Headers */,
				6551A99313ACDEBE00679B94 /* SISimon.h in Headers */,
				65FCD12613AF622400A90FCA /* SIRuntime.h in Headers */,
				65D03BD713BA096700A3F0FA /* SIStoryReporter.h in Headers */,
				65D03BDA13BA099700A3F0FA /* SIStoryLogReporter.h in Headers */,
				65D03BEE13BDEBE000A3F0FA /* SIMacros.h in Headers */,
				652D4E4D13CDD44400633E51 /* SIAppBackpack.h in Headers */,
				659E629113D9C3E200ACD34C /* UIView+Simon.h in Headers */,
				659E629D13DAFC4000ACD34C /* SIUIApplication.h in Headers */,
				9499DB6D13F017190053BEEA /* SIUIViewHandlerFactory.h in Headers */,
				9499DB7213F017DC0053BEEA /* SIUIAction.h in Headers */,
				942F7F66141F9197009F3550 /* SIUIViewHandler.h in Headers */,
				9490248C144089A3006132A5 /* SIUIReportManager.h in Headers */,
				9490249414408DC4006132A5 /* SIStoryReportTableViewController.h in Headers */,
				94E3753914544A5100FB86AA /* SIStoryDetailsTableViewController.h in Headers */,
				32B0ABF914E8DF780020500E /* SISyntaxException.h in Headers */,
				32B0ABFD14E8DFEC0020500E /* SIUINotFoundException.h in Headers */,
				32B0AC0714E8E2660020500E /* SIUITooManyFoundException.h in Headers */,
				32B0AC0B14E8E8210020500E /* SIAbstractException.h in Headers */,
				32B0AC0F14E8EB170020500E /* SIUIException.h in Headers */,
				32F7F3E614EE1E5800F94F65 /* GSEventProxy.h in Headers */,
				325683D914EF6CEB00F7C189 /* SIUIConstants.h in Headers */,
				3296322614F751D300D9310A /* SIUITapGenerator.h in Headers */,
				32F742D814F75F58005E5E97 /* SIUISwipeGenerator.h in Headers */,
				324108B61509C19400AFBF66 /* SIUIViewDescriptionVisitor.h in Headers */,
				324108BA1509C23200AFBF66 /* SIUIViewDescriptionVisitorDelegate.h in Headers */,
				3221C79E150C9365003CA286 /* SIUIViewInfo.h in Headers */,
				3221C7A1150C956A003CA286 /* SIUIButtonHandler.h in Headers */,
				3221C7A7150CD1DE003CA286 /* SIUILabelHandler.h in Headers */,
				3265B02715144DB400BE0930 /* SIUIAbstractEventGenerator.h in Headers */,
				3260B810151CB81C005A5AAA /* SIUINotAnInputViewException.h in Headers */,
			);
			runOnlyForDeploymentPostprocessing = 0;
		};
/* End PBXHeadersBuildPhase section */

/* Begin PBXNativeTarget section */
		322DA95015A18A4B005CFC83 /* PieMan */ = {
			isa = PBXNativeTarget;
			buildConfigurationList = 322DA95D15A18A4B005CFC83 /* Build configuration list for PBXNativeTarget "PieMan" */;
			buildPhases = (
				322DA94D15A18A4B005CFC83 /* Sources */,
				322DA94E15A18A4B005CFC83 /* Frameworks */,
				322DA94F15A18A4B005CFC83 /* CopyFiles */,
			);
			buildRules = (
			);
			dependencies = (
				32D9353715AB08C000E51C8C /* PBXTargetDependency */,
			);
			name = PieMan;
			productName = PieMan;
			productReference = 322DA95115A18A4B005CFC83 /* PieMan */;
			productType = "com.apple.product-type.tool";
		};
		3298250C15039FE300631203 /* ARC App with tests */ = {
			isa = PBXNativeTarget;
			buildConfigurationList = 3298252F15039FE300631203 /* Build configuration list for PBXNativeTarget "ARC App with tests" */;
			buildPhases = (
				3298250915039FE300631203 /* Sources */,
				3298250A15039FE300631203 /* Frameworks */,
				3298250B15039FE300631203 /* Resources */,
			);
			buildRules = (
			);
			dependencies = (
				32A8F6831574A80D006C5A91 /* PBXTargetDependency */,
			);
			name = "ARC App with tests";
			productName = "ARC App with tests";
			productReference = 3298250D15039FE300631203 /* ARC App with tests.app */;
			productType = "com.apple.product-type.application";
		};
		653D0E8913A782AD00A5AB82 /* Simon */ = {
			isa = PBXNativeTarget;
			buildConfigurationList = 653D0E9413A782AD00A5AB82 /* Build configuration list for PBXNativeTarget "Simon" */;
			buildPhases = (
				653D0E8613A782AD00A5AB82 /* Sources */,
				653D0E8713A782AD00A5AB82 /* Frameworks */,
				653D0E8813A782AD00A5AB82 /* Headers */,
				3265B0361514C93A00BE0930 /* CopyFiles */,
			);
			buildRules = (
			);
			dependencies = (
				32A7E8DA15AEC199004AF2C6 /* PBXTargetDependency */,
				32B13BD715AEB34900A0E445 /* PBXTargetDependency */,
			);
			name = Simon;
			productName = Simon;
			productReference = 653D0E8A13A782AD00A5AB82 /* libSimon.a */;
			productType = "com.apple.product-type.library.static";
		};
		653D0E9A13A783A500A5AB82 /* Unit tests */ = {
			isa = PBXNativeTarget;
			buildConfigurationList = 653D0EAE13A783A500A5AB82 /* Build configuration list for PBXNativeTarget "Unit tests" */;
			buildPhases = (
				653D0E9713A783A500A5AB82 /* Sources */,
				653D0E9813A783A500A5AB82 /* Frameworks */,
				653D0E9913A783A500A5AB82 /* Resources */,
			);
			buildRules = (
			);
			dependencies = (
				65D09AAD13D9AEC300D1A74B /* PBXTargetDependency */,
			);
			name = "Unit tests";
			productName = "Unit tests";
			productReference = 653D0E9B13A783A500A5AB82 /* Unit tests.app */;
			productType = "com.apple.product-type.application";
		};
/* End PBXNativeTarget section */

/* Begin PBXProject section */
		653D0E8113A782AC00A5AB82 /* Project object */ = {
			isa = PBXProject;
			attributes = {
				LastUpgradeCheck = 0450;
				ORGANIZATIONNAME = Sensis;
			};
			buildConfigurationList = 653D0E8413A782AC00A5AB82 /* Build configuration list for PBXProject "Simon" */;
			compatibilityVersion = "Xcode 3.2";
			developmentRegion = English;
			hasScannedForEncodings = 0;
			knownRegions = (
				en,
			);
			mainGroup = 653D0E7F13A782AC00A5AB82;
			productRefGroup = 653D0E8B13A782AD00A5AB82 /* Products */;
			projectDirPath = "";
			projectReferences = (
				{
					ProductGroup = 32A7E86F15AEC068004AF2C6 /* Products */;
					ProjectRef = 32A7E86E15AEC068004AF2C6 /* CocoaHTTPServer.xcodeproj */;
				},
				{
					ProductGroup = 3283D4DF15AE9DC500E52C8F /* Products */;
					ProjectRef = 3283D4DE15AE9DC500E52C8F /* Simon-core.xcodeproj */;
				},
			);
			projectRoot = "";
			targets = (
				653D0E8913A782AD00A5AB82 /* Simon */,
				653D0E9A13A783A500A5AB82 /* Unit tests */,
				3298250C15039FE300631203 /* ARC App with tests */,
				322DA95015A18A4B005CFC83 /* PieMan */,
			);
		};
/* End PBXProject section */

/* Begin PBXReferenceProxy section */
		327FBE7115AECEC500F271BA /* Core Unit Tests.app */ = {
			isa = PBXReferenceProxy;
			fileType = wrapper.application;
			path = "Core Unit Tests.app";
			remoteRef = 327FBE7015AECEC500F271BA /* PBXContainerItemProxy */;
			sourceTree = BUILT_PRODUCTS_DIR;
		};
		3283D4E615AE9DC600E52C8F /* libSimon-core.a */ = {
			isa = PBXReferenceProxy;
			fileType = archive.ar;
			path = "libSimon-core.a";
			remoteRef = 3283D4E515AE9DC600E52C8F /* PBXContainerItemProxy */;
			sourceTree = BUILT_PRODUCTS_DIR;
		};
		32A7E8A815AEC069004AF2C6 /* libCocoaHTTPServer.a */ = {
			isa = PBXReferenceProxy;
			fileType = archive.ar;
			path = libCocoaHTTPServer.a;
			remoteRef = 32A7E8A715AEC069004AF2C6 /* PBXContainerItemProxy */;
			sourceTree = BUILT_PRODUCTS_DIR;
		};
		32A7E8DD15AEC19A004AF2C6 /* libSimonHttpServer.a */ = {
			isa = PBXReferenceProxy;
			fileType = archive.ar;
			path = libSimonHttpServer.a;
			remoteRef = 32A7E8DC15AEC19A004AF2C6 /* PBXContainerItemProxy */;
			sourceTree = BUILT_PRODUCTS_DIR;
		};
/* End PBXReferenceProxy section */

/* Begin PBXResourcesBuildPhase section */
		3298250B15039FE300631203 /* Resources */ = {
			isa = PBXResourcesBuildPhase;
			buildActionMask = 2147483647;
			files = (
				3298251715039FE300631203 /* InfoPlist.strings in Resources */,
				3298252015039FE300631203 /* MainStoryboard.storyboard in Resources */,
				3298252515039FE300631203 /* first.png in Resources */,
				3298252715039FE300631203 /* first@2x.png in Resources */,
				3298252C15039FE300631203 /* second.png in Resources */,
				3298252E15039FE300631203 /* second@2x.png in Resources */,
				329825391503A0FF00631203 /* BDD.stories in Resources */,
				3265B0231514487100BE0930 /* Macro.stories in Resources */,
			);
			runOnlyForDeploymentPostprocessing = 0;
		};
		653D0E9913A783A500A5AB82 /* Resources */ = {
			isa = PBXResourcesBuildPhase;
			buildActionMask = 2147483647;
			files = (
				653D0EEE13A783DC00A5AB82 /* Non keyword steps.stories in Resources */,
				653D0EEF13A783DC00A5AB82 /* Story files.stories in Resources */,
				65FCD12E13B2291400A90FCA /* Unformatted.stories in Resources */,
				65D03BDE13BB3DE300A3F0FA /* Out of order steps1.stories in Resources */,
				65D03BE013BB3E1200A3F0FA /* Out of order steps2.stories in Resources */,
				65D03BE213BB3EFE00A3F0FA /* Out of order steps3.stories in Resources */,
				65D03BE413BB4BFE00A3F0FA /* Non word steps.stories in Resources */,
				65D03BE613BCB8CE00A3F0FA /* Communication.stories in Resources */,
				32D5D98A14E1357900D29DD5 /* TestView.xib in Resources */,
			);
			runOnlyForDeploymentPostprocessing = 0;
		};
/* End PBXResourcesBuildPhase section */

/* Begin PBXSourcesBuildPhase section */
		322DA94D15A18A4B005CFC83 /* Sources */ = {
			isa = PBXSourcesBuildPhase;
			buildActionMask = 2147483647;
			files = (
				322DA95615A18A4B005CFC83 /* main.m in Sources */,
			);
			runOnlyForDeploymentPostprocessing = 0;
		};
		3298250915039FE300631203 /* Sources */ = {
			isa = PBXSourcesBuildPhase;
			buildActionMask = 2147483647;
			files = (
				3298251915039FE300631203 /* main.m in Sources */,
				3298251D15039FE300631203 /* AppDelegate.m in Sources */,
				3298252315039FE300631203 /* FirstViewController.m in Sources */,
				3298252A15039FE300631203 /* SecondViewController.m in Sources */,
				3298253C1504C87700631203 /* BDDImplementations.m in Sources */,
				3265B0241514487100BE0930 /* MacroStoryImplementations.m in Sources */,
			);
			runOnlyForDeploymentPostprocessing = 0;
		};
		653D0E8613A782AD00A5AB82 /* Sources */ = {
			isa = PBXSourcesBuildPhase;
			buildActionMask = 2147483647;
			files = (
				653D0ECF13A783C000A5AB82 /* SIStoryFileReader.m in Sources */,
				6551A98213AB904A00679B94 /* SIStoryRunner.m in Sources */,
				65FCD12713AF622400A90FCA /* SIRuntime.m in Sources */,
				65D03BDB13BA099700A3F0FA /* SIStoryLogReporter.m in Sources */,
				652D4E4E13CDD44400633E51 /* SIAppBackpack.m in Sources */,
				659E629213D9C3E200ACD34C /* UIView+Simon.m in Sources */,
				659E629E13DAFC4000ACD34C /* SIUIApplication.m in Sources */,
				9499DB6E13F017190053BEEA /* SIUIViewHandlerFactory.m in Sources */,
				942F7F67141F9197009F3550 /* SIUIViewHandler.m in Sources */,
				9490248D144089A3006132A5 /* SIUIReportManager.m in Sources */,
				9490249514408DC4006132A5 /* SIStoryReportTableViewController.m in Sources */,
				94E3753A14544A5100FB86AA /* SIStoryDetailsTableViewController.m in Sources */,
				32B0ABFA14E8DF780020500E /* SISyntaxException.m in Sources */,
				32B0ABFE14E8DFEC0020500E /* SIUINotFoundException.m in Sources */,
				32B0AC0814E8E2660020500E /* SIUITooManyFoundException.m in Sources */,
				32B0AC0C14E8E8210020500E /* SIAbstractException.m in Sources */,
				32B0AC1014E8EB170020500E /* SIUIException.m in Sources */,
				32741D7914EB581E00093E0F /* UITouch+Simon.m in Sources */,
				32741D7D14EB5BAE00093E0F /* UIEvent+Simon.m in Sources */,
				32F7F3E714EE1E5800F94F65 /* GSEventProxy.m in Sources */,
				3296322714F751D300D9310A /* SIUITapGenerator.m in Sources */,
				32F742D914F75F58005E5E97 /* SIUISwipeGenerator.m in Sources */,
				324108B71509C19400AFBF66 /* SIUIViewDescriptionVisitor.m in Sources */,
				3221C7A2150C956A003CA286 /* SIUIButtonHandler.m in Sources */,
				3221C7A8150CD1DE003CA286 /* SIUILabelHandler.m in Sources */,
				3265B02815144DB400BE0930 /* SIUIAbstractEventGenerator.m in Sources */,
				3260B811151CB81C005A5AAA /* SIUINotAnInputViewException.m in Sources */,
			);
			runOnlyForDeploymentPostprocessing = 0;
		};
		653D0E9713A783A500A5AB82 /* Sources */ = {
			isa = PBXSourcesBuildPhase;
			buildActionMask = 2147483647;
			files = (
				653D0EE813A783DC00A5AB82 /* SIStoryFileReaderTests.m in Sources */,
				65A85A6413A86C6600599E31 /* GHUnitIOSTestMain.m in Sources */,
				6551A98713AB931F00679B94 /* SIStoryRunnerTests.m in Sources */,
				65FCD11913ADE3F700A90FCA /* SIRuntimeTests.m in Sources */,
				65D03BE913BCB95000A3F0FA /* CommsASteps.m in Sources */,
				65D03BEC13BCBA3100A3F0FA /* CommsBSteps.m in Sources */,
				659E62A513DB028900ACD34C /* SIUIApplicationTests.m in Sources */,
				9465773F141B97B90026F1FB /* SIUIViewHandlerTests.m in Sources */,
				94657743141C95160026F1FB /* AbstractTestWithControlsOnView.m in Sources */,
				94AED1541420DB660070D3BB /* SIUIHandlerFactoryTests.m in Sources */,
				32A9D11014C907BC00B0CFBD /* NSInvocations.m in Sources */,
				32A9D11314C914B500B0CFBD /* SIMacroTests.m in Sources */,
				32D5D98D14E135A300D29DD5 /* TestViewController.m in Sources */,
				32BF7CFE14F9152D00A0B197 /* SIUITapGeneratorTests.m in Sources */,
				32BF7D0014F9CB2900A0B197 /* SIUISwipeGeneratorTests.m in Sources */,
				324108BC1509C61E00AFBF66 /* SIUIViewDescriptionVisitorTests.m in Sources */,
				3221C7A4150CBD75003CA286 /* SIUIButtonHandlerTests.m in Sources */,
				3221C7AA150CD24C003CA286 /* SIUILabelHandlerTests.m in Sources */,
				3265B02A1514887600BE0930 /* UIViewSimonTests.m in Sources */,
			);
			runOnlyForDeploymentPostprocessing = 0;
		};
/* End PBXSourcesBuildPhase section */

/* Begin PBXTargetDependency section */
		32A7E8DA15AEC199004AF2C6 /* PBXTargetDependency */ = {
			isa = PBXTargetDependency;
			name = SimonHttpServer;
			targetProxy = 32A7E8D915AEC199004AF2C6 /* PBXContainerItemProxy */;
		};
		32A8F6831574A80D006C5A91 /* PBXTargetDependency */ = {
			isa = PBXTargetDependency;
			target = 653D0E8913A782AD00A5AB82 /* Simon */;
			targetProxy = 32A8F6821574A80D006C5A91 /* PBXContainerItemProxy */;
		};
		32B13BD715AEB34900A0E445 /* PBXTargetDependency */ = {
			isa = PBXTargetDependency;
			name = "Simon-core";
			targetProxy = 32B13BD615AEB34900A0E445 /* PBXContainerItemProxy */;
		};
		32D9353715AB08C000E51C8C /* PBXTargetDependency */ = {
			isa = PBXTargetDependency;
			target = 653D0E8913A782AD00A5AB82 /* Simon */;
			targetProxy = 32D9353615AB08C000E51C8C /* PBXContainerItemProxy */;
		};
		65D09AAD13D9AEC300D1A74B /* PBXTargetDependency */ = {
			isa = PBXTargetDependency;
			target = 653D0E8913A782AD00A5AB82 /* Simon */;
			targetProxy = 65D09AAC13D9AEC300D1A74B /* PBXContainerItemProxy */;
		};
/* End PBXTargetDependency section */

/* Begin PBXVariantGroup section */
		3298251515039FE300631203 /* InfoPlist.strings */ = {
			isa = PBXVariantGroup;
			children = (
				3298251615039FE300631203 /* en */,
			);
			name = InfoPlist.strings;
			sourceTree = "<group>";
		};
		3298251E15039FE300631203 /* MainStoryboard.storyboard */ = {
			isa = PBXVariantGroup;
			children = (
				3298251F15039FE300631203 /* en */,
			);
			name = MainStoryboard.storyboard;
			sourceTree = "<group>";
		};
/* End PBXVariantGroup section */

/* Begin XCBuildConfiguration section */
		322DA95B15A18A4B005CFC83 /* Debug */ = {
			isa = XCBuildConfiguration;
			buildSettings = {
				ARCHS = "$(ARCHS_STANDARD_64_BIT)";
				CLANG_ENABLE_OBJC_ARC = YES;
				FRAMEWORK_SEARCH_PATHS = (
					"$(inherited)",
					"\"$(SRCROOT)/../Releases/dUsefulStuff/v0.0.15\"",
				);
				GCC_ENABLE_OBJC_EXCEPTIONS = YES;
				GCC_PRECOMPILE_PREFIX_HEADER = YES;
				GCC_PREFIX_HEADER = "PieMan/PieMan-Prefix.pch";
				GCC_PREPROCESSOR_DEFINITIONS = (
					"DEBUG=1",
					"$(inherited)",
				);
				GCC_VERSION = com.apple.compilers.llvm.clang.1_0;
				GCC_WARN_64_TO_32_BIT_CONVERSION = YES;
				GCC_WARN_UNINITIALIZED_AUTOS = YES;
				MACOSX_DEPLOYMENT_TARGET = 10.7;
				ONLY_ACTIVE_ARCH = YES;
				PRODUCT_NAME = "$(TARGET_NAME)";
				SDKROOT = macosx;
			};
			name = Debug;
		};
		322DA95C15A18A4B005CFC83 /* Release */ = {
			isa = XCBuildConfiguration;
			buildSettings = {
				ARCHS = "$(ARCHS_STANDARD_64_BIT)";
				CLANG_ENABLE_OBJC_ARC = YES;
				DEBUG_INFORMATION_FORMAT = "dwarf-with-dsym";
				FRAMEWORK_SEARCH_PATHS = (
					"$(inherited)",
					"\"$(SRCROOT)/../Releases/dUsefulStuff/v0.0.15\"",
				);
				GCC_ENABLE_OBJC_EXCEPTIONS = YES;
				GCC_PRECOMPILE_PREFIX_HEADER = YES;
				GCC_PREFIX_HEADER = "PieMan/PieMan-Prefix.pch";
				GCC_VERSION = com.apple.compilers.llvm.clang.1_0;
				GCC_WARN_64_TO_32_BIT_CONVERSION = YES;
				GCC_WARN_UNINITIALIZED_AUTOS = YES;
				MACOSX_DEPLOYMENT_TARGET = 10.7;
				PRODUCT_NAME = "$(TARGET_NAME)";
				SDKROOT = macosx;
			};
			name = Release;
		};
		3298253015039FE300631203 /* Debug */ = {
			isa = XCBuildConfiguration;
			buildSettings = {
				CLANG_ENABLE_OBJC_ARC = YES;
				CLANG_WARN_OBJCPP_ARC_ABI = YES;
				"CODE_SIGN_IDENTITY[sdk=iphoneos*]" = "iPhone Developer";
				GCC_PREFIX_HEADER = "ARC App with tests/ARC App with tests-Prefix.pch";
				GCC_PREPROCESSOR_DEFINITIONS = (
					DEBUG,
					DC_DEBUG,
				);
				GCC_WARN_UNINITIALIZED_AUTOS = YES;
				INFOPLIST_FILE = "ARC App with tests/ARC App with tests-Info.plist";
				IPHONEOS_DEPLOYMENT_TARGET = 5.0;
				PRODUCT_NAME = "$(TARGET_NAME)";
				TARGETED_DEVICE_FAMILY = "1,2";
				WRAPPER_EXTENSION = app;
			};
			name = Debug;
		};
		3298253115039FE300631203 /* Release */ = {
			isa = XCBuildConfiguration;
			buildSettings = {
				CLANG_ENABLE_OBJC_ARC = YES;
				CLANG_WARN_OBJCPP_ARC_ABI = YES;
				"CODE_SIGN_IDENTITY[sdk=iphoneos*]" = "iPhone Developer";
				GCC_PREFIX_HEADER = "ARC App with tests/ARC App with tests-Prefix.pch";
				GCC_WARN_UNINITIALIZED_AUTOS = YES;
				INFOPLIST_FILE = "ARC App with tests/ARC App with tests-Info.plist";
				IPHONEOS_DEPLOYMENT_TARGET = 5.0;
				OTHER_CFLAGS = "-DNS_BLOCK_ASSERTIONS=1";
				PRODUCT_NAME = "$(TARGET_NAME)";
				TARGETED_DEVICE_FAMILY = "1,2";
				WRAPPER_EXTENSION = app;
			};
			name = Release;
		};
		653D0E9213A782AD00A5AB82 /* Debug */ = {
			isa = XCBuildConfiguration;
			buildSettings = {
				ARCHS = "$(ARCHS_STANDARD_32_BIT)";
				CLANG_ENABLE_OBJC_ARC = NO;
				COPY_PHASE_STRIP = NO;
				FRAMEWORK_SEARCH_PATHS = (
					"$(inherited)",
					"\"$(SRCROOT)/../Releases/dUsefulStuff/v0.0.15\"",
					"\"$(SRCROOT)/../Releases/dNodi/v0.3.4\"",
				);
				GCC_C_LANGUAGE_STANDARD = gnu99;
				GCC_DYNAMIC_NO_PIC = NO;
				GCC_OPTIMIZATION_LEVEL = 0;
				GCC_PRECOMPILE_PREFIX_HEADER = NO;
				GCC_PREPROCESSOR_DEFINITIONS = "";
				GCC_SYMBOLS_PRIVATE_EXTERN = NO;
				GCC_THUMB_SUPPORT = NO;
				GCC_WARN_ABOUT_MISSING_PROTOTYPES = NO;
				GCC_WARN_ABOUT_RETURN_TYPE = YES;
				GCC_WARN_UNUSED_VARIABLE = YES;
				IPHONEOS_DEPLOYMENT_TARGET = 5.0;
				MACOSX_DEPLOYMENT_TARGET = 10.7;
				OTHER_LDFLAGS = "-ObjC";
				RUN_CLANG_STATIC_ANALYZER = YES;
				SDKROOT = iphoneos;
				TARGETED_DEVICE_FAMILY = "1,2";
			};
			name = Debug;
		};
		653D0E9313A782AD00A5AB82 /* Release */ = {
			isa = XCBuildConfiguration;
			buildSettings = {
				ARCHS = "$(ARCHS_STANDARD_32_BIT)";
				CLANG_ENABLE_OBJC_ARC = NO;
				COPY_PHASE_STRIP = YES;
				FRAMEWORK_SEARCH_PATHS = (
					"$(inherited)",
					"\"$(SRCROOT)/../Releases/dUsefulStuff/v0.0.15\"",
					"\"$(SRCROOT)/../Releases/dNodi/v0.3.4\"",
				);
				GCC_C_LANGUAGE_STANDARD = gnu99;
				GCC_PRECOMPILE_PREFIX_HEADER = NO;
				GCC_PREPROCESSOR_DEFINITIONS = "";
				GCC_THUMB_SUPPORT = NO;
				GCC_WARN_ABOUT_MISSING_PROTOTYPES = NO;
				GCC_WARN_ABOUT_RETURN_TYPE = YES;
				GCC_WARN_UNUSED_VARIABLE = YES;
				IPHONEOS_DEPLOYMENT_TARGET = 5.0;
				MACOSX_DEPLOYMENT_TARGET = 10.7;
				OTHER_LDFLAGS = "-ObjC";
				RUN_CLANG_STATIC_ANALYZER = YES;
				SDKROOT = iphoneos;
				TARGETED_DEVICE_FAMILY = "1,2";
				VALIDATE_PRODUCT = YES;
			};
			name = Release;
		};
		653D0E9513A782AD00A5AB82 /* Debug */ = {
			isa = XCBuildConfiguration;
			buildSettings = {
				DSTROOT = /tmp/Simon.dst;
				GCC_PREFIX_HEADER = "Simon-Prefix.pch";
				GCC_PREPROCESSOR_DEFINITIONS = (
					DEBUG,
					DC_DEBUG,
				);
				GCC_THUMB_SUPPORT = NO;
				GCC_TREAT_IMPLICIT_FUNCTION_DECLARATIONS_AS_ERRORS = YES;
				GCC_TREAT_INCOMPATIBLE_POINTER_TYPE_WARNINGS_AS_ERRORS = YES;
				GCC_TREAT_WARNINGS_AS_ERRORS = YES;
				GCC_WARN_SHADOW = YES;
				GCC_WARN_STRICT_SELECTOR_MATCH = YES;
				GCC_WARN_UNDECLARED_SELECTOR = YES;
				GCC_WARN_UNKNOWN_PRAGMAS = YES;
				GCC_WARN_UNUSED_FUNCTION = YES;
				GCC_WARN_UNUSED_LABEL = YES;
				PRODUCT_NAME = "$(TARGET_NAME)";
				SKIP_INSTALL = YES;
			};
			name = Debug;
		};
		653D0E9613A782AD00A5AB82 /* Release */ = {
			isa = XCBuildConfiguration;
			buildSettings = {
				DSTROOT = /tmp/Simon.dst;
				GCC_PREFIX_HEADER = "Simon-Prefix.pch";
				GCC_THUMB_SUPPORT = NO;
				GCC_TREAT_IMPLICIT_FUNCTION_DECLARATIONS_AS_ERRORS = YES;
				GCC_TREAT_INCOMPATIBLE_POINTER_TYPE_WARNINGS_AS_ERRORS = YES;
				GCC_TREAT_WARNINGS_AS_ERRORS = YES;
				GCC_WARN_SHADOW = YES;
				GCC_WARN_STRICT_SELECTOR_MATCH = YES;
				GCC_WARN_UNDECLARED_SELECTOR = YES;
				GCC_WARN_UNKNOWN_PRAGMAS = YES;
				GCC_WARN_UNUSED_FUNCTION = YES;
				GCC_WARN_UNUSED_LABEL = YES;
				PRODUCT_NAME = "$(TARGET_NAME)";
				SKIP_INSTALL = YES;
			};
			name = Release;
		};
		653D0EAF13A783A500A5AB82 /* Debug */ = {
			isa = XCBuildConfiguration;
			buildSettings = {
				FRAMEWORK_SEARCH_PATHS = (
					"$(inherited)",
					"\"$(SRCROOT)/../Releases/OCMock/v0.2.0\"",
					"\"$(SRCROOT)/../tools/GHUnit 0.5.1\"",
				);
				GCC_PREFIX_HEADER = "Simon-Prefix.pch";
				GCC_PREPROCESSOR_DEFINITIONS = (
					DEBUG,
					DC_DEBUG,
				);
				GCC_THUMB_SUPPORT = NO;
				INFOPLIST_FILE = "tests/GHUnit-Tests-Info.plist";
				PRODUCT_NAME = "$(TARGET_NAME)";
				WRAPPER_EXTENSION = app;
			};
			name = Debug;
		};
		653D0EB013A783A500A5AB82 /* Release */ = {
			isa = XCBuildConfiguration;
			buildSettings = {
				FRAMEWORK_SEARCH_PATHS = (
					"$(inherited)",
					"\"$(SRCROOT)/../Releases/OCMock/v0.2.0\"",
					"\"$(SRCROOT)/../tools/GHUnit 0.5.1\"",
				);
				GCC_PREFIX_HEADER = "Simon-Prefix.pch";
				GCC_PREPROCESSOR_DEFINITIONS = (
					DEBUG,
					DC_DEBUG,
				);
				GCC_THUMB_SUPPORT = NO;
				INFOPLIST_FILE = "tests/GHUnit-Tests-Info.plist";
				OTHER_CFLAGS = "-DNS_BLOCK_ASSERTIONS=1";
				PRODUCT_NAME = "$(TARGET_NAME)";
				WRAPPER_EXTENSION = app;
			};
			name = Release;
		};
/* End XCBuildConfiguration section */

/* Begin XCConfigurationList section */
		322DA95D15A18A4B005CFC83 /* Build configuration list for PBXNativeTarget "PieMan" */ = {
			isa = XCConfigurationList;
			buildConfigurations = (
				322DA95B15A18A4B005CFC83 /* Debug */,
				322DA95C15A18A4B005CFC83 /* Release */,
			);
			defaultConfigurationIsVisible = 0;
			defaultConfigurationName = Release;
		};
		3298252F15039FE300631203 /* Build configuration list for PBXNativeTarget "ARC App with tests" */ = {
			isa = XCConfigurationList;
			buildConfigurations = (
				3298253015039FE300631203 /* Debug */,
				3298253115039FE300631203 /* Release */,
			);
			defaultConfigurationIsVisible = 0;
			defaultConfigurationName = Release;
		};
		653D0E8413A782AC00A5AB82 /* Build configuration list for PBXProject "Simon" */ = {
			isa = XCConfigurationList;
			buildConfigurations = (
				653D0E9213A782AD00A5AB82 /* Debug */,
				653D0E9313A782AD00A5AB82 /* Release */,
			);
			defaultConfigurationIsVisible = 0;
			defaultConfigurationName = Release;
		};
		653D0E9413A782AD00A5AB82 /* Build configuration list for PBXNativeTarget "Simon" */ = {
			isa = XCConfigurationList;
			buildConfigurations = (
				653D0E9513A782AD00A5AB82 /* Debug */,
				653D0E9613A782AD00A5AB82 /* Release */,
			);
			defaultConfigurationIsVisible = 0;
			defaultConfigurationName = Release;
		};
		653D0EAE13A783A500A5AB82 /* Build configuration list for PBXNativeTarget "Unit tests" */ = {
			isa = XCConfigurationList;
			buildConfigurations = (
				653D0EAF13A783A500A5AB82 /* Debug */,
				653D0EB013A783A500A5AB82 /* Release */,
			);
			defaultConfigurationIsVisible = 0;
			defaultConfigurationName = Release;
		};
/* End XCConfigurationList section */
	};
	rootObject = 653D0E8113A782AC00A5AB82 /* Project object */;
}
