<?xml version="1.0" encoding="UTF-8"?>
<Scheme
   LastUpgradeVersion = "0450"
   version = "1.3">
   <BuildAction
      parallelizeBuildables = "YES"
      buildImplicitDependencies = "YES">
      <BuildActionEntries>
         <BuildActionEntry
            buildForTesting = "YES"
            buildForRunning = "YES"
            buildForProfiling = "YES"
            buildForArchiving = "YES"
            buildForAnalyzing = "YES">
            <BuildableReference
               BuildableIdentifier = "primary"
               BlueprintIdentifier = "322DA95015A18A4B005CFC83"
               BuildableName = "pieman"
               BlueprintName = "PieMan"
               ReferencedContainer = "container:Simon.xcodeproj">
            </BuildableReference>
         </BuildActionEntry>
      </BuildActionEntries>
   </BuildAction>
   <TestAction
      selectedDebuggerIdentifier = "Xcode.DebuggerFoundation.Debugger.LLDB"
      selectedLauncherIdentifier = "Xcode.DebuggerFoundation.Launcher.LLDB"
      shouldUseLaunchSchemeArgsEnv = "YES"
      buildConfiguration = "Debug">
      <Testables>
      </Testables>
      <MacroExpansion>
         <BuildableReference
            BuildableIdentifier = "primary"
            BlueprintIdentifier = "322DA95015A18A4B005CFC83"
            BuildableName = "pieman"
            BlueprintName = "PieMan"
            ReferencedContainer = "container:Simon.xcodeproj">
         </BuildableReference>
      </MacroExpansion>
   </TestAction>
   <LaunchAction
      selectedDebuggerIdentifier = "Xcode.DebuggerFoundation.Debugger.LLDB"
      selectedLauncherIdentifier = "Xcode.DebuggerFoundation.Launcher.LLDB"
      launchStyle = "0"
      useCustomWorkingDirectory = "NO"
      buildConfiguration = "Release"
      ignoresPersistentStateOnLaunch = "NO"
      debugDocumentVersioning = "YES"
      allowLocationSimulation = "YES">
      <BuildableProductRunnable>
         <BuildableReference
            BuildableIdentifier = "primary"
            BlueprintIdentifier = "322DA95015A18A4B005CFC83"
            BuildableName = "pieman"
            BlueprintName = "PieMan"
            ReferencedContainer = "container:Simon.xcodeproj">
         </BuildableReference>
      </BuildableProductRunnable>
      <CommandLineArguments>
         <CommandLineArgument
            argument = "-?"
            isEnabled = "NO">
         </CommandLineArgument>
         <CommandLineArgument
            argument = "-list-sdks"
            isEnabled = "NO">
         </CommandLineArgument>
         <CommandLineArgument
            argument = "-sdk 5.0"
            isEnabled = "YES">
         </CommandLineArgument>
         <CommandLineArgument
            argument = "-device ipad"
            isEnabled = "YES">
         </CommandLineArgument>
         <CommandLineArgument
            argument = "-device iphone"
            isEnabled = "NO">
         </CommandLineArgument>
         <CommandLineArgument
            argument = "-pieman-port 33333"
            isEnabled = "NO">
         </CommandLineArgument>
         <CommandLineArgument
            argument = "-simon-port 22222"
            isEnabled = "NO">
         </CommandLineArgument>
         <CommandLineArgument
            argument = "&quot;~/projects/Simon/build/Debug-iphonesimulator/ARC App with tests.app&quot;"
            isEnabled = "NO">
         </CommandLineArgument>
         <CommandLineArgument
            argument = "&quot;~/projects/Simon/build/Release-iphonesimulator/ARC App with tests.app&quot;"
            isEnabled = "YES">
         </CommandLineArgument>
         <CommandLineArgument
            argument = "&quot;~/projects/Simon/build/Debug-iphonesimulator/Unit tests.app&quot;"
            isEnabled = "NO">
         </CommandLineArgument>
      </CommandLineArguments>
      <AdditionalOptions>
      </AdditionalOptions>
   </LaunchAction>
   <ProfileAction
      shouldUseLaunchSchemeArgsEnv = "YES"
      savedToolIdentifier = ""
      useCustomWorkingDirectory = "NO"
      buildConfiguration = "Release"
      debugDocumentVersioning = "YES">
      <BuildableProductRunnable>
         <BuildableReference
            BuildableIdentifier = "primary"
            BlueprintIdentifier = "322DA95015A18A4B005CFC83"
            BuildableName = "pieman"
            BlueprintName = "PieMan"
            ReferencedContainer = "container:Simon.xcodeproj">
         </BuildableReference>
      </BuildableProductRunnable>
   </ProfileAction>
   <AnalyzeAction
      buildConfiguration = "Debug">
   </AnalyzeAction>
   <ArchiveAction
      buildConfiguration = "Release"
      revealArchiveInOrganizer = "YES">
   </ArchiveAction>
</Scheme>
